
Microsoft Visual Studio Solution File, Format Version 11.00
# Visual Studio 2010
Project("{8BC9CEB8-8B4A-11D0-8D11-00A0C91BC942}") = "xService", "..\..\pro\xService\xService.vcxproj", "{221AA52F-A32B-4499-9705-0541ECC13C3C}"
EndProject
Project("{8BC9CEB8-8B4A-11D0-8D11-00A0C91BC942}") = "xTest", "..\..\pro\xTest\xTest.vcxproj", "{418E30F8-CF94-4C30-A2C1-83C7020BED6F}"
	ProjectSection(ProjectDependencies) = postProject
		{50AA0F02-3FCB-4632-9FC1-E537BC41F360} = {50AA0F02-3FCB-4632-9FC1-E537BC41F360}
		{349E720B-7D14-4809-8498-0F8265037F93} = {349E720B-7D14-4809-8498-0F8265037F93}
		{221AA52F-A32B-4499-9705-0541ECC13C3C} = {221AA52F-A32B-4499-9705-0541ECC13C3C}
		{6D5C6D52-1A53-4E84-8BC5-251E53CB202C} = {6D5C6D52-1A53-4E84-8BC5-251E53CB202C}
		{800410C2-644D-4689-BE62-EDB442364E02} = {800410C2-644D-4689-BE62-EDB442364E02}
		{254B63F3-D09E-46F2-8AB0-7EE6387DE561} = {254B63F3-D09E-46F2-8AB0-7EE6387DE561}
	EndProjectSection
EndProject
Project("{8BC9CEB8-8B4A-11D0-8D11-00A0C91BC942}") = "xDemo", "..\..\pro\xDemo\xDemo.vcxproj", "{6D5C6D52-1A53-4E84-8BC5-251E53CB202C}"
	ProjectSection(ProjectDependencies) = postProject
		{221AA52F-A32B-4499-9705-0541ECC13C3C} = {221AA52F-A32B-4499-9705-0541ECC13C3C}
		{800410C2-644D-4689-BE62-EDB442364E02} = {800410C2-644D-4689-BE62-EDB442364E02}
	EndProjectSection
EndProject
Project("{8BC9CEB8-8B4A-11D0-8D11-00A0C91BC942}") = "xServer", "..\..\pro\xServer\xServer.vcxproj", "{800410C2-644D-4689-BE62-EDB442364E02}"
	ProjectSection(ProjectDependencies) = postProject
		{50AA0F02-3FCB-4632-9FC1-E537BC41F360} = {50AA0F02-3FCB-4632-9FC1-E537BC41F360}
		{221AA52F-A32B-4499-9705-0541ECC13C3C} = {221AA52F-A32B-4499-9705-0541ECC13C3C}
		{254B63F3-D09E-46F2-8AB0-7EE6387DE561} = {254B63F3-D09E-46F2-8AB0-7EE6387DE561}
	EndProjectSection
EndProject
Project("{8BC9CEB8-8B4A-11D0-8D11-00A0C91BC942}") = "xNode", "..\..\pro\xNode\xNode.vcxproj", "{349E720B-7D14-4809-8498-0F8265037F93}"
	ProjectSection(ProjectDependencies) = postProject
		{800410C2-644D-4689-BE62-EDB442364E02} = {800410C2-644D-4689-BE62-EDB442364E02}
	EndProjectSection
EndProject
Project("{8BC9CEB8-8B4A-11D0-8D11-00A0C91BC942}") = "xModuleA", "..\..\pro\xModuleA\xModuleA.vcxproj", "{50AA0F02-3FCB-4632-9FC1-E537BC41F360}"
	ProjectSection(ProjectDependencies) = postProject
		{221AA52F-A32B-4499-9705-0541ECC13C3C} = {221AA52F-A32B-4499-9705-0541ECC13C3C}
	EndProjectSection
EndProject
Project("{8BC9CEB8-8B4A-11D0-8D11-00A0C91BC942}") = "xModuleB", "..\..\pro\xModuleB\xModuleB.vcxproj", "{254B63F3-D09E-46F2-8AB0-7EE6387DE561}"
	ProjectSection(ProjectDependencies) = postProject
		{221AA52F-A32B-4499-9705-0541ECC13C3C} = {221AA52F-A32B-4499-9705-0541ECC13C3C}
	EndProjectSection
EndProject
Global
	GlobalSection(SolutionConfigurationPlatforms) = preSolution
		Debug|Win32 = Debug|Win32
		Release|Win32 = Release|Win32
	EndGlobalSection
	GlobalSection(ProjectConfigurationPlatforms) = postSolution
		{221AA52F-A32B-4499-9705-0541ECC13C3C}.Debug|Win32.ActiveCfg = Debug|Win32
		{221AA52F-A32B-4499-9705-0541ECC13C3C}.Debug|Win32.Build.0 = Debug|Win32
		{221AA52F-A32B-4499-9705-0541ECC13C3C}.Release|Win32.ActiveCfg = Release|Win32
		{221AA52F-A32B-4499-9705-0541ECC13C3C}.Release|Win32.Build.0 = Release|Win32
		{418E30F8-CF94-4C30-A2C1-83C7020BED6F}.Debug|Win32.ActiveCfg = Debug|Win32
		{418E30F8-CF94-4C30-A2C1-83C7020BED6F}.Debug|Win32.Build.0 = Debug|Win32
		{418E30F8-CF94-4C30-A2C1-83C7020BED6F}.Release|Win32.ActiveCfg = Release|Win32
		{418E30F8-CF94-4C30-A2C1-83C7020BED6F}.Release|Win32.Build.0 = Release|Win32
		{6D5C6D52-1A53-4E84-8BC5-251E53CB202C}.Debug|Win32.ActiveCfg = Debug|Win32
		{6D5C6D52-1A53-4E84-8BC5-251E53CB202C}.Debug|Win32.Build.0 = Debug|Win32
		{6D5C6D52-1A53-4E84-8BC5-251E53CB202C}.Release|Win32.ActiveCfg = Release|Win32
		{6D5C6D52-1A53-4E84-8BC5-251E53CB202C}.Release|Win32.Build.0 = Release|Win32
		{800410C2-644D-4689-BE62-EDB442364E02}.Debug|Win32.ActiveCfg = Debug|Win32
		{800410C2-644D-4689-BE62-EDB442364E02}.Debug|Win32.Build.0 = Debug|Win32
		{800410C2-644D-4689-BE62-EDB442364E02}.Release|Win32.ActiveCfg = Release|Win32
		{800410C2-644D-4689-BE62-EDB442364E02}.Release|Win32.Build.0 = Release|Win32
		{349E720B-7D14-4809-8498-0F8265037F93}.Debug|Win32.ActiveCfg = Debug|Win32
		{349E720B-7D14-4809-8498-0F8265037F93}.Debug|Win32.Build.0 = Debug|Win32
		{349E720B-7D14-4809-8498-0F8265037F93}.Release|Win32.ActiveCfg = Release|Win32
		{349E720B-7D14-4809-8498-0F8265037F93}.Release|Win32.Build.0 = Release|Win32
		{50AA0F02-3FCB-4632-9FC1-E537BC41F360}.Debug|Win32.ActiveCfg = Debug|Win32
		{50AA0F02-3FCB-4632-9FC1-E537BC41F360}.Debug|Win32.Build.0 = Debug|Win32
		{50AA0F02-3FCB-4632-9FC1-E537BC41F360}.Release|Win32.ActiveCfg = Release|Win32
		{50AA0F02-3FCB-4632-9FC1-E537BC41F360}.Release|Win32.Build.0 = Release|Win32
		{254B63F3-D09E-46F2-8AB0-7EE6387DE561}.Debug|Win32.ActiveCfg = Debug|Win32
		{254B63F3-D09E-46F2-8AB0-7EE6387DE561}.Debug|Win32.Build.0 = Debug|Win32
		{254B63F3-D09E-46F2-8AB0-7EE6387DE561}.Release|Win32.ActiveCfg = Release|Win32
		{254B63F3-D09E-46F2-8AB0-7EE6387DE561}.Release|Win32.Build.0 = Release|Win32
	EndGlobalSection
	GlobalSection(SolutionProperties) = preSolution
		HideSolutionNode = FALSE
	EndGlobalSection
EndGlobal
