
Microsoft Visual Studio Solution File, Format Version 11.00
# Visual Studio 2010
Project("{8BC9CEB8-8B4A-11D0-8D11-00A0C91BC942}") = "xService", "..\..\pro\xService\xService.vcxproj", "{221AA52F-A32B-4499-9705-0541ECC13C3C}"
EndProject
Project("{8BC9CEB8-8B4A-11D0-8D11-00A0C91BC942}") = "xTest", "..\..\pro\xTest\xTest.vcxproj", "{418E30F8-CF94-4C30-A2C1-83C7020BED6F}"
	ProjectSection(ProjectDependencies) = postProject
		{50AA0F02-3FCB-4632-9FC1-E537BC41F360} = {50AA0F02-3FCB-4632-9FC1-E537BC41F360}
		{349E720B-7D14-4809-8498-0F8265037F93} = {349E720B-7D14-4809-8498-0F8265037F93}
		{221AA52F-A32B-4499-9705-0541ECC13C3C} = {221AA52F-A32B-4499-9705-0541ECC13C3C}
		{6D5C6D52-1A53-4E84-8BC5-251E53CB202C} = {6D5C6D52-1A53-4E84-8BC5-251E53CB202C}
		{800410C2-644D-4689-BE62-EDB442364E02} = {800410C2-644D-4689-BE62-EDB442364E02}
		{254B63F3-D09E-46F2-8AB0-7EE6387DE561} = {254B63F3-D09E-46F2-8AB0-7EE6387DE561}
	EndProjectSection
EndProject
Project("{8BC9CEB8-8B4A-11D0-8D11-00A0C91BC942}") = "xDemo", "..\..\pro\xDemo\xDemo.vcxproj", "{6D5C6D52-1A53-4E84-8BC5-251E53CB202C}"
	ProjectSection(ProjectDependencies) = postProject
		{221AA52F-A32B-4499-9705-0541ECC13C3C} = {221AA52F-A32B-4499-9705-0541ECC13C3C}
		{800410C2-644D-4689-BE62-EDB442364E02} = {800410C2-644D-4689-BE62-EDB442364E02}
	EndProjectSection
EndProject
Project("{8BC9CEB8-8B4A-11D0-8D11-00A0C91BC942}") = "xServer", "..\..\pro\xServer\xServer.vcxproj", "{800410C2-644D-4689-BE62-EDB442364E02}"
	ProjectSection(ProjectDependencies) = postProject
		{50AA0F02-3FCB-4632-9FC1-E537BC41F360} = {50AA0F02-3FCB-4632-9FC1-E537BC41F360}
		{221AA52F-A32B-4499-9705-0541ECC13C3C} = {221AA52F-A32B-4499-9705-0541ECC13C3C}
		{254B63F3-D09E-46F2-8AB0-7EE6387DE561} = {254B63F3-D09E-46F2-8AB0-7EE6387DE561}
	EndProjectSection
EndProject
Project("{8BC9CEB8-8B4A-11D0-8D11-00A0C91BC942}") = "xNode", "..\..\pro\xNode\xNode.vcxproj", "{349E720B-7D14-4809-8498-0F8265037F93}"
	ProjectSection(ProjectDependencies) = postProject
		{800410C2-644D-4689-BE62-EDB442364E02} = {800410C2-644D-4689-BE62-EDB442364E02}
	EndProjectSection
EndProject
Project("{8BC9CEB8-8B4A-11D0-8D11-00A0C91BC942}") = "xModuleA", "..\..\pro\xModuleA\xModuleA.vcxproj", "{50AA0F02-3FCB-4632-9FC1-E537BC41F360}"
	ProjectSection(ProjectDependencies) = postProject
		{221AA52F-A32B-4499-9705-0541ECC13C3C} = {221AA52F-A32B-4499-9705-0541ECC13C3C}
	EndProjectSection
EndProject
Project("{8BC9CEB8-8B4A-11D0-8D11-00A0C91BC942}") = "xModuleB", "..\..\pro\xModuleB\xModuleB.vcxproj", "{254B63F3-D09E-46F2-8AB0-7EE6387DE561}"
	ProjectSection(ProjectDependencies) = postProject
		{221AA52F-A32B-4499-9705-0541ECC13C3C} = {221AA52F-A32B-4499-9705-0541ECC13C3C}
	EndProjectSection
EndProject
Project("{2150E333-8FDC-42A3-9474-1A3956D46DE8}") = "deps", "deps", "{7B8CD32C-6C81-4A6C-8C18-45A87030B14E}"
EndProject
Project("{2150E333-8FDC-42A3-9474-1A3956D46DE8}") = "3party", "3party", "{1DC1ECC0-B839-434B-8EFB-E60F35DC51B5}"
EndProject
Project("{2150E333-8FDC-42A3-9474-1A3956D46DE8}") = "libs", "libs", "{482AB74D-E036-4C73-BCE7-7A15EFFC2463}"
EndProject
Project("{8BC9CEB8-8B4A-11D0-8D11-00A0C91BC942}") = "apr", "..\..\dep\lib\dependencies\apr\apr.vcxproj", "{C6C836E6-2899-458A-90BA-184192342D30}"
EndProject
Project("{2150E333-8FDC-42A3-9474-1A3956D46DE8}") = "lg4cxx", "lg4cxx", "{14D325F0-8F62-43C2-A244-F282C21A3DCE}"
EndProject
Project("{8BC9CEB8-8B4A-11D0-8D11-00A0C91BC942}") = "aprutil", "..\..\dep\lib\dependencies\apr-util\aprutil.vcxproj", "{7CDBBFFF-3B84-413E-BA1A-47CB8D454A46}"
EndProject
Project("{8BC9CEB8-8B4A-11D0-8D11-00A0C91BC942}") = "expat", "..\..\dep\lib\dependencies\expat\lib\expat_static.vcxproj", "{105F6078-2A3B-C649-BB3D-4C45976FEB8F}"
EndProject
Project("{8BC9CEB8-8B4A-11D0-8D11-00A0C91BC942}") = "log4cxx", "..\..\dep\lib\dependencies\log4cxx\projects\log4cxx.vcxproj", "{561FA9F7-14D0-4D94-822C-AAE9B08AACEF}"
EndProject
Project("{2150E333-8FDC-42A3-9474-1A3956D46DE8}") = "lab", "lab", "{E72B5A95-1A9B-4A9C-AC03-1FCC045A22DE}"
EndProject
Project("{2150E333-8FDC-42A3-9474-1A3956D46DE8}") = "openssl", "openssl", "{1755D86E-98B2-4718-9BAC-E1D1240E3BD8}"
EndProject
Project("{8BC9CEB8-8B4A-11D0-8D11-00A0C91BC942}") = "libeay32", "..\..\dep\lib\dependencies\openssl\vcbuild\libeay32\libeay32.vcxproj", "{26195A87-700C-42D6-A271-20B6CACC6249}"
EndProject
Project("{8BC9CEB8-8B4A-11D0-8D11-00A0C91BC942}") = "ssleay32", "..\..\dep\lib\dependencies\openssl\vcbuild\ssleay32\ssleay32.vcxproj", "{678E55F0-E0F7-4E52-82E4-9AD50F0753B8}"
EndProject
Project("{8BC9CEB8-8B4A-11D0-8D11-00A0C91BC942}") = "jwsmtp", "..\..\dep\lib\dependencies\jwsmtp\jwsmtp.vcxproj", "{45A08C1B-D249-42C4-932C-615ED3924CBB}"
EndProject
Project("{8BC9CEB8-8B4A-11D0-8D11-00A0C91BC942}") = "tmxparser", "..\..\dep\lib\dependencies\tmxparser\tmxparser\tmxparser.vcxproj", "{42FC1F89-7136-45E8-94E3-594C173C2937}"
EndProject
Project("{8BC9CEB8-8B4A-11D0-8D11-00A0C91BC942}") = "zip", "..\..\dep\lib\dependencies\zip\zip2008.vcxproj", "{1ABB1158-909C-4AD4-9F81-CB38BBA5D950}"
EndProject
Project("{8BC9CEB8-8B4A-11D0-8D11-00A0C91BC942}") = "common", "..\..\dep\lib\common\common.vcxproj", "{A04109A7-46C9-42F9-AB29-8E3D84450172}"
EndProject
Project("{8BC9CEB8-8B4A-11D0-8D11-00A0C91BC942}") = "db_interface", "..\..\dep\lib\db_interface\db_interface.vcxproj", "{6C92BA78-CFAA-4524-A636-F044B0280AB0}"
EndProject
Project("{8BC9CEB8-8B4A-11D0-8D11-00A0C91BC942}") = "db_mysql", "..\..\dep\lib\db_mysql\db_mysql.vcxproj", "{24CB1A43-C6E1-442E-AF99-A91D26BA8FA0}"
EndProject
Project("{8BC9CEB8-8B4A-11D0-8D11-00A0C91BC942}") = "math", "..\..\dep\lib\math\math.vcxproj", "{F67B2C56-D1B1-4EA7-B16E-EF8E7F1B6C5F}"
EndProject
Project("{8BC9CEB8-8B4A-11D0-8D11-00A0C91BC942}") = "navigation", "..\..\dep\lib\navigation\navigation.vcxproj", "{9085A36E-CAF8-4E86-93AF-373D2554026B}"
EndProject
Project("{8BC9CEB8-8B4A-11D0-8D11-00A0C91BC942}") = "network", "..\..\dep\lib\network\network.vcxproj", "{5EF24499-4F74-4AF6-8048-650BE7BD7808}"
EndProject
Project("{8BC9CEB8-8B4A-11D0-8D11-00A0C91BC942}") = "resmgr", "..\..\dep\lib\resmgr\resmgr.vcxproj", "{3F8B2057-492F-4332-99DE-3E12F20ED489}"
EndProject
Project("{8BC9CEB8-8B4A-11D0-8D11-00A0C91BC942}") = "thread", "..\..\dep\lib\thread\thread.vcxproj", "{863B8043-533C-499D-B48E-F5EC91A6CB9B}"
EndProject
Project("{8BC9CEB8-8B4A-11D0-8D11-00A0C91BC942}") = "xml", "..\..\dep\lib\xml\xml.vcxproj", "{2992ABDB-0853-4C43-B9E2-98D4211192EE}"
EndProject
Global
	GlobalSection(SolutionConfigurationPlatforms) = preSolution
		Consumer_Release_Indie|Win32 = Consumer_Release_Indie|Win32
		Consumer_Release|Win32 = Consumer_Release|Win32
		Debug|Win32 = Debug|Win32
		Debug9x|Win32 = Debug9x|Win32
		Editor_Debug|Win32 = Editor_Debug|Win32
		Editor_Hybrid_Indie|Win32 = Editor_Hybrid_Indie|Win32
		Editor_Hybrid|Win32 = Editor_Hybrid|Win32
		Evaluation|Win32 = Evaluation|Win32
		Exporter_Debug|Win32 = Exporter_Debug|Win32
		Exporter_Release|Win32 = Exporter_Release|Win32
		Hybrid|Win32 = Hybrid|Win32
		PyModule_Hybrid|Win32 = PyModule_Hybrid|Win32
		Release_Indie|Win32 = Release_Indie|Win32
		Release|Win32 = Release|Win32
		Release9x|Win32 = Release9x|Win32
		Static_Release|Win32 = Static_Release|Win32
		Template|Win32 = Template|Win32
	EndGlobalSection
	GlobalSection(ProjectConfigurationPlatforms) = postSolution
		{221AA52F-A32B-4499-9705-0541ECC13C3C}.Consumer_Release_Indie|Win32.ActiveCfg = Release|Win32
		{221AA52F-A32B-4499-9705-0541ECC13C3C}.Consumer_Release_Indie|Win32.Build.0 = Release|Win32
		{221AA52F-A32B-4499-9705-0541ECC13C3C}.Consumer_Release|Win32.ActiveCfg = Release|Win32
		{221AA52F-A32B-4499-9705-0541ECC13C3C}.Consumer_Release|Win32.Build.0 = Release|Win32
		{221AA52F-A32B-4499-9705-0541ECC13C3C}.Debug|Win32.ActiveCfg = Debug|Win32
		{221AA52F-A32B-4499-9705-0541ECC13C3C}.Debug|Win32.Build.0 = Debug|Win32
		{221AA52F-A32B-4499-9705-0541ECC13C3C}.Debug9x|Win32.ActiveCfg = Debug|Win32
		{221AA52F-A32B-4499-9705-0541ECC13C3C}.Debug9x|Win32.Build.0 = Debug|Win32
		{221AA52F-A32B-4499-9705-0541ECC13C3C}.Editor_Debug|Win32.ActiveCfg = Debug|Win32
		{221AA52F-A32B-4499-9705-0541ECC13C3C}.Editor_Debug|Win32.Build.0 = Debug|Win32
		{221AA52F-A32B-4499-9705-0541ECC13C3C}.Editor_Hybrid_Indie|Win32.ActiveCfg = Release|Win32
		{221AA52F-A32B-4499-9705-0541ECC13C3C}.Editor_Hybrid_Indie|Win32.Build.0 = Release|Win32
		{221AA52F-A32B-4499-9705-0541ECC13C3C}.Editor_Hybrid|Win32.ActiveCfg = Release|Win32
		{221AA52F-A32B-4499-9705-0541ECC13C3C}.Editor_Hybrid|Win32.Build.0 = Release|Win32
		{221AA52F-A32B-4499-9705-0541ECC13C3C}.Evaluation|Win32.ActiveCfg = Release|Win32
		{221AA52F-A32B-4499-9705-0541ECC13C3C}.Evaluation|Win32.Build.0 = Release|Win32
		{221AA52F-A32B-4499-9705-0541ECC13C3C}.Exporter_Debug|Win32.ActiveCfg = Debug|Win32
		{221AA52F-A32B-4499-9705-0541ECC13C3C}.Exporter_Debug|Win32.Build.0 = Debug|Win32
		{221AA52F-A32B-4499-9705-0541ECC13C3C}.Exporter_Release|Win32.ActiveCfg = Release|Win32
		{221AA52F-A32B-4499-9705-0541ECC13C3C}.Exporter_Release|Win32.Build.0 = Release|Win32
		{221AA52F-A32B-4499-9705-0541ECC13C3C}.Hybrid|Win32.ActiveCfg = Release|Win32
		{221AA52F-A32B-4499-9705-0541ECC13C3C}.Hybrid|Win32.Build.0 = Release|Win32
		{221AA52F-A32B-4499-9705-0541ECC13C3C}.PyModule_Hybrid|Win32.ActiveCfg = Release|Win32
		{221AA52F-A32B-4499-9705-0541ECC13C3C}.PyModule_Hybrid|Win32.Build.0 = Release|Win32
		{221AA52F-A32B-4499-9705-0541ECC13C3C}.Release_Indie|Win32.ActiveCfg = Release|Win32
		{221AA52F-A32B-4499-9705-0541ECC13C3C}.Release_Indie|Win32.Build.0 = Release|Win32
		{221AA52F-A32B-4499-9705-0541ECC13C3C}.Release|Win32.ActiveCfg = Release|Win32
		{221AA52F-A32B-4499-9705-0541ECC13C3C}.Release|Win32.Build.0 = Release|Win32
		{221AA52F-A32B-4499-9705-0541ECC13C3C}.Release9x|Win32.ActiveCfg = Release|Win32
		{221AA52F-A32B-4499-9705-0541ECC13C3C}.Release9x|Win32.Build.0 = Release|Win32
		{221AA52F-A32B-4499-9705-0541ECC13C3C}.Static_Release|Win32.ActiveCfg = Release|Win32
		{221AA52F-A32B-4499-9705-0541ECC13C3C}.Static_Release|Win32.Build.0 = Release|Win32
		{221AA52F-A32B-4499-9705-0541ECC13C3C}.Template|Win32.ActiveCfg = Release|Win32
		{221AA52F-A32B-4499-9705-0541ECC13C3C}.Template|Win32.Build.0 = Release|Win32
		{418E30F8-CF94-4C30-A2C1-83C7020BED6F}.Consumer_Release_Indie|Win32.ActiveCfg = Release|Win32
		{418E30F8-CF94-4C30-A2C1-83C7020BED6F}.Consumer_Release_Indie|Win32.Build.0 = Release|Win32
		{418E30F8-CF94-4C30-A2C1-83C7020BED6F}.Consumer_Release|Win32.ActiveCfg = Release|Win32
		{418E30F8-CF94-4C30-A2C1-83C7020BED6F}.Consumer_Release|Win32.Build.0 = Release|Win32
		{418E30F8-CF94-4C30-A2C1-83C7020BED6F}.Debug|Win32.ActiveCfg = Debug|Win32
		{418E30F8-CF94-4C30-A2C1-83C7020BED6F}.Debug|Win32.Build.0 = Debug|Win32
		{418E30F8-CF94-4C30-A2C1-83C7020BED6F}.Debug9x|Win32.ActiveCfg = Debug|Win32
		{418E30F8-CF94-4C30-A2C1-83C7020BED6F}.Debug9x|Win32.Build.0 = Debug|Win32
		{418E30F8-CF94-4C30-A2C1-83C7020BED6F}.Editor_Debug|Win32.ActiveCfg = Debug|Win32
		{418E30F8-CF94-4C30-A2C1-83C7020BED6F}.Editor_Debug|Win32.Build.0 = Debug|Win32
		{418E30F8-CF94-4C30-A2C1-83C7020BED6F}.Editor_Hybrid_Indie|Win32.ActiveCfg = Release|Win32
		{418E30F8-CF94-4C30-A2C1-83C7020BED6F}.Editor_Hybrid_Indie|Win32.Build.0 = Release|Win32
		{418E30F8-CF94-4C30-A2C1-83C7020BED6F}.Editor_Hybrid|Win32.ActiveCfg = Release|Win32
		{418E30F8-CF94-4C30-A2C1-83C7020BED6F}.Editor_Hybrid|Win32.Build.0 = Release|Win32
		{418E30F8-CF94-4C30-A2C1-83C7020BED6F}.Evaluation|Win32.ActiveCfg = Release|Win32
		{418E30F8-CF94-4C30-A2C1-83C7020BED6F}.Evaluation|Win32.Build.0 = Release|Win32
		{418E30F8-CF94-4C30-A2C1-83C7020BED6F}.Exporter_Debug|Win32.ActiveCfg = Debug|Win32
		{418E30F8-CF94-4C30-A2C1-83C7020BED6F}.Exporter_Debug|Win32.Build.0 = Debug|Win32
		{418E30F8-CF94-4C30-A2C1-83C7020BED6F}.Exporter_Release|Win32.ActiveCfg = Release|Win32
		{418E30F8-CF94-4C30-A2C1-83C7020BED6F}.Exporter_Release|Win32.Build.0 = Release|Win32
		{418E30F8-CF94-4C30-A2C1-83C7020BED6F}.Hybrid|Win32.ActiveCfg = Release|Win32
		{418E30F8-CF94-4C30-A2C1-83C7020BED6F}.Hybrid|Win32.Build.0 = Release|Win32
		{418E30F8-CF94-4C30-A2C1-83C7020BED6F}.PyModule_Hybrid|Win32.ActiveCfg = Release|Win32
		{418E30F8-CF94-4C30-A2C1-83C7020BED6F}.PyModule_Hybrid|Win32.Build.0 = Release|Win32
		{418E30F8-CF94-4C30-A2C1-83C7020BED6F}.Release_Indie|Win32.ActiveCfg = Release|Win32
		{418E30F8-CF94-4C30-A2C1-83C7020BED6F}.Release_Indie|Win32.Build.0 = Release|Win32
		{418E30F8-CF94-4C30-A2C1-83C7020BED6F}.Release|Win32.ActiveCfg = Release|Win32
		{418E30F8-CF94-4C30-A2C1-83C7020BED6F}.Release|Win32.Build.0 = Release|Win32
		{418E30F8-CF94-4C30-A2C1-83C7020BED6F}.Release9x|Win32.ActiveCfg = Release|Win32
		{418E30F8-CF94-4C30-A2C1-83C7020BED6F}.Release9x|Win32.Build.0 = Release|Win32
		{418E30F8-CF94-4C30-A2C1-83C7020BED6F}.Static_Release|Win32.ActiveCfg = Release|Win32
		{418E30F8-CF94-4C30-A2C1-83C7020BED6F}.Static_Release|Win32.Build.0 = Release|Win32
		{418E30F8-CF94-4C30-A2C1-83C7020BED6F}.Template|Win32.ActiveCfg = Release|Win32
		{418E30F8-CF94-4C30-A2C1-83C7020BED6F}.Template|Win32.Build.0 = Release|Win32
		{6D5C6D52-1A53-4E84-8BC5-251E53CB202C}.Consumer_Release_Indie|Win32.ActiveCfg = Release|Win32
		{6D5C6D52-1A53-4E84-8BC5-251E53CB202C}.Consumer_Release_Indie|Win32.Build.0 = Release|Win32
		{6D5C6D52-1A53-4E84-8BC5-251E53CB202C}.Consumer_Release|Win32.ActiveCfg = Release|Win32
		{6D5C6D52-1A53-4E84-8BC5-251E53CB202C}.Consumer_Release|Win32.Build.0 = Release|Win32
		{6D5C6D52-1A53-4E84-8BC5-251E53CB202C}.Debug|Win32.ActiveCfg = Debug|Win32
		{6D5C6D52-1A53-4E84-8BC5-251E53CB202C}.Debug|Win32.Build.0 = Debug|Win32
		{6D5C6D52-1A53-4E84-8BC5-251E53CB202C}.Debug9x|Win32.ActiveCfg = Debug|Win32
		{6D5C6D52-1A53-4E84-8BC5-251E53CB202C}.Debug9x|Win32.Build.0 = Debug|Win32
		{6D5C6D52-1A53-4E84-8BC5-251E53CB202C}.Editor_Debug|Win32.ActiveCfg = Debug|Win32
		{6D5C6D52-1A53-4E84-8BC5-251E53CB202C}.Editor_Debug|Win32.Build.0 = Debug|Win32
		{6D5C6D52-1A53-4E84-8BC5-251E53CB202C}.Editor_Hybrid_Indie|Win32.ActiveCfg = Release|Win32
		{6D5C6D52-1A53-4E84-8BC5-251E53CB202C}.Editor_Hybrid_Indie|Win32.Build.0 = Release|Win32
		{6D5C6D52-1A53-4E84-8BC5-251E53CB202C}.Editor_Hybrid|Win32.ActiveCfg = Release|Win32
		{6D5C6D52-1A53-4E84-8BC5-251E53CB202C}.Editor_Hybrid|Win32.Build.0 = Release|Win32
		{6D5C6D52-1A53-4E84-8BC5-251E53CB202C}.Evaluation|Win32.ActiveCfg = Release|Win32
		{6D5C6D52-1A53-4E84-8BC5-251E53CB202C}.Evaluation|Win32.Build.0 = Release|Win32
		{6D5C6D52-1A53-4E84-8BC5-251E53CB202C}.Exporter_Debug|Win32.ActiveCfg = Debug|Win32
		{6D5C6D52-1A53-4E84-8BC5-251E53CB202C}.Exporter_Debug|Win32.Build.0 = Debug|Win32
		{6D5C6D52-1A53-4E84-8BC5-251E53CB202C}.Exporter_Release|Win32.ActiveCfg = Release|Win32
		{6D5C6D52-1A53-4E84-8BC5-251E53CB202C}.Exporter_Release|Win32.Build.0 = Release|Win32
		{6D5C6D52-1A53-4E84-8BC5-251E53CB202C}.Hybrid|Win32.ActiveCfg = Release|Win32
		{6D5C6D52-1A53-4E84-8BC5-251E53CB202C}.Hybrid|Win32.Build.0 = Release|Win32
		{6D5C6D52-1A53-4E84-8BC5-251E53CB202C}.PyModule_Hybrid|Win32.ActiveCfg = Release|Win32
		{6D5C6D52-1A53-4E84-8BC5-251E53CB202C}.PyModule_Hybrid|Win32.Build.0 = Release|Win32
		{6D5C6D52-1A53-4E84-8BC5-251E53CB202C}.Release_Indie|Win32.ActiveCfg = Release|Win32
		{6D5C6D52-1A53-4E84-8BC5-251E53CB202C}.Release_Indie|Win32.Build.0 = Release|Win32
		{6D5C6D52-1A53-4E84-8BC5-251E53CB202C}.Release|Win32.ActiveCfg = Release|Win32
		{6D5C6D52-1A53-4E84-8BC5-251E53CB202C}.Release|Win32.Build.0 = Release|Win32
		{6D5C6D52-1A53-4E84-8BC5-251E53CB202C}.Release9x|Win32.ActiveCfg = Release|Win32
		{6D5C6D52-1A53-4E84-8BC5-251E53CB202C}.Release9x|Win32.Build.0 = Release|Win32
		{6D5C6D52-1A53-4E84-8BC5-251E53CB202C}.Static_Release|Win32.ActiveCfg = Release|Win32
		{6D5C6D52-1A53-4E84-8BC5-251E53CB202C}.Static_Release|Win32.Build.0 = Release|Win32
		{6D5C6D52-1A53-4E84-8BC5-251E53CB202C}.Template|Win32.ActiveCfg = Release|Win32
		{6D5C6D52-1A53-4E84-8BC5-251E53CB202C}.Template|Win32.Build.0 = Release|Win32
		{800410C2-644D-4689-BE62-EDB442364E02}.Consumer_Release_Indie|Win32.ActiveCfg = Release|Win32
		{800410C2-644D-4689-BE62-EDB442364E02}.Consumer_Release_Indie|Win32.Build.0 = Release|Win32
		{800410C2-644D-4689-BE62-EDB442364E02}.Consumer_Release|Win32.ActiveCfg = Release|Win32
		{800410C2-644D-4689-BE62-EDB442364E02}.Consumer_Release|Win32.Build.0 = Release|Win32
		{800410C2-644D-4689-BE62-EDB442364E02}.Debug|Win32.ActiveCfg = Debug|Win32
		{800410C2-644D-4689-BE62-EDB442364E02}.Debug|Win32.Build.0 = Debug|Win32
		{800410C2-644D-4689-BE62-EDB442364E02}.Debug9x|Win32.ActiveCfg = Debug|Win32
		{800410C2-644D-4689-BE62-EDB442364E02}.Debug9x|Win32.Build.0 = Debug|Win32
		{800410C2-644D-4689-BE62-EDB442364E02}.Editor_Debug|Win32.ActiveCfg = Debug|Win32
		{800410C2-644D-4689-BE62-EDB442364E02}.Editor_Debug|Win32.Build.0 = Debug|Win32
		{800410C2-644D-4689-BE62-EDB442364E02}.Editor_Hybrid_Indie|Win32.ActiveCfg = Release|Win32
		{800410C2-644D-4689-BE62-EDB442364E02}.Editor_Hybrid_Indie|Win32.Build.0 = Release|Win32
		{800410C2-644D-4689-BE62-EDB442364E02}.Editor_Hybrid|Win32.ActiveCfg = Release|Win32
		{800410C2-644D-4689-BE62-EDB442364E02}.Editor_Hybrid|Win32.Build.0 = Release|Win32
		{800410C2-644D-4689-BE62-EDB442364E02}.Evaluation|Win32.ActiveCfg = Release|Win32
		{800410C2-644D-4689-BE62-EDB442364E02}.Evaluation|Win32.Build.0 = Release|Win32
		{800410C2-644D-4689-BE62-EDB442364E02}.Exporter_Debug|Win32.ActiveCfg = Debug|Win32
		{800410C2-644D-4689-BE62-EDB442364E02}.Exporter_Debug|Win32.Build.0 = Debug|Win32
		{800410C2-644D-4689-BE62-EDB442364E02}.Exporter_Release|Win32.ActiveCfg = Release|Win32
		{800410C2-644D-4689-BE62-EDB442364E02}.Exporter_Release|Win32.Build.0 = Release|Win32
		{800410C2-644D-4689-BE62-EDB442364E02}.Hybrid|Win32.ActiveCfg = Release|Win32
		{800410C2-644D-4689-BE62-EDB442364E02}.Hybrid|Win32.Build.0 = Release|Win32
		{800410C2-644D-4689-BE62-EDB442364E02}.PyModule_Hybrid|Win32.ActiveCfg = Release|Win32
		{800410C2-644D-4689-BE62-EDB442364E02}.PyModule_Hybrid|Win32.Build.0 = Release|Win32
		{800410C2-644D-4689-BE62-EDB442364E02}.Release_Indie|Win32.ActiveCfg = Release|Win32
		{800410C2-644D-4689-BE62-EDB442364E02}.Release_Indie|Win32.Build.0 = Release|Win32
		{800410C2-644D-4689-BE62-EDB442364E02}.Release|Win32.ActiveCfg = Release|Win32
		{800410C2-644D-4689-BE62-EDB442364E02}.Release|Win32.Build.0 = Release|Win32
		{800410C2-644D-4689-BE62-EDB442364E02}.Release9x|Win32.ActiveCfg = Release|Win32
		{800410C2-644D-4689-BE62-EDB442364E02}.Release9x|Win32.Build.0 = Release|Win32
		{800410C2-644D-4689-BE62-EDB442364E02}.Static_Release|Win32.ActiveCfg = Release|Win32
		{800410C2-644D-4689-BE62-EDB442364E02}.Static_Release|Win32.Build.0 = Release|Win32
		{800410C2-644D-4689-BE62-EDB442364E02}.Template|Win32.ActiveCfg = Release|Win32
		{800410C2-644D-4689-BE62-EDB442364E02}.Template|Win32.Build.0 = Release|Win32
		{349E720B-7D14-4809-8498-0F8265037F93}.Consumer_Release_Indie|Win32.ActiveCfg = Release|Win32
		{349E720B-7D14-4809-8498-0F8265037F93}.Consumer_Release_Indie|Win32.Build.0 = Release|Win32
		{349E720B-7D14-4809-8498-0F8265037F93}.Consumer_Release|Win32.ActiveCfg = Release|Win32
		{349E720B-7D14-4809-8498-0F8265037F93}.Consumer_Release|Win32.Build.0 = Release|Win32
		{349E720B-7D14-4809-8498-0F8265037F93}.Debug|Win32.ActiveCfg = Debug|Win32
		{349E720B-7D14-4809-8498-0F8265037F93}.Debug|Win32.Build.0 = Debug|Win32
		{349E720B-7D14-4809-8498-0F8265037F93}.Debug9x|Win32.ActiveCfg = Debug|Win32
		{349E720B-7D14-4809-8498-0F8265037F93}.Debug9x|Win32.Build.0 = Debug|Win32
		{349E720B-7D14-4809-8498-0F8265037F93}.Editor_Debug|Win32.ActiveCfg = Debug|Win32
		{349E720B-7D14-4809-8498-0F8265037F93}.Editor_Debug|Win32.Build.0 = Debug|Win32
		{349E720B-7D14-4809-8498-0F8265037F93}.Editor_Hybrid_Indie|Win32.ActiveCfg = Release|Win32
		{349E720B-7D14-4809-8498-0F8265037F93}.Editor_Hybrid_Indie|Win32.Build.0 = Release|Win32
		{349E720B-7D14-4809-8498-0F8265037F93}.Editor_Hybrid|Win32.ActiveCfg = Release|Win32
		{349E720B-7D14-4809-8498-0F8265037F93}.Editor_Hybrid|Win32.Build.0 = Release|Win32
		{349E720B-7D14-4809-8498-0F8265037F93}.Evaluation|Win32.ActiveCfg = Release|Win32
		{349E720B-7D14-4809-8498-0F8265037F93}.Evaluation|Win32.Build.0 = Release|Win32
		{349E720B-7D14-4809-8498-0F8265037F93}.Exporter_Debug|Win32.ActiveCfg = Debug|Win32
		{349E720B-7D14-4809-8498-0F8265037F93}.Exporter_Debug|Win32.Build.0 = Debug|Win32
		{349E720B-7D14-4809-8498-0F8265037F93}.Exporter_Release|Win32.ActiveCfg = Release|Win32
		{349E720B-7D14-4809-8498-0F8265037F93}.Exporter_Release|Win32.Build.0 = Release|Win32
		{349E720B-7D14-4809-8498-0F8265037F93}.Hybrid|Win32.ActiveCfg = Release|Win32
		{349E720B-7D14-4809-8498-0F8265037F93}.Hybrid|Win32.Build.0 = Release|Win32
		{349E720B-7D14-4809-8498-0F8265037F93}.PyModule_Hybrid|Win32.ActiveCfg = Release|Win32
		{349E720B-7D14-4809-8498-0F8265037F93}.PyModule_Hybrid|Win32.Build.0 = Release|Win32
		{349E720B-7D14-4809-8498-0F8265037F93}.Release_Indie|Win32.ActiveCfg = Release|Win32
		{349E720B-7D14-4809-8498-0F8265037F93}.Release_Indie|Win32.Build.0 = Release|Win32
		{349E720B-7D14-4809-8498-0F8265037F93}.Release|Win32.ActiveCfg = Release|Win32
		{349E720B-7D14-4809-8498-0F8265037F93}.Release|Win32.Build.0 = Release|Win32
		{349E720B-7D14-4809-8498-0F8265037F93}.Release9x|Win32.ActiveCfg = Release|Win32
		{349E720B-7D14-4809-8498-0F8265037F93}.Release9x|Win32.Build.0 = Release|Win32
		{349E720B-7D14-4809-8498-0F8265037F93}.Static_Release|Win32.ActiveCfg = Release|Win32
		{349E720B-7D14-4809-8498-0F8265037F93}.Static_Release|Win32.Build.0 = Release|Win32
		{349E720B-7D14-4809-8498-0F8265037F93}.Template|Win32.ActiveCfg = Release|Win32
		{349E720B-7D14-4809-8498-0F8265037F93}.Template|Win32.Build.0 = Release|Win32
		{50AA0F02-3FCB-4632-9FC1-E537BC41F360}.Consumer_Release_Indie|Win32.ActiveCfg = Release|Win32
		{50AA0F02-3FCB-4632-9FC1-E537BC41F360}.Consumer_Release_Indie|Win32.Build.0 = Release|Win32
		{50AA0F02-3FCB-4632-9FC1-E537BC41F360}.Consumer_Release|Win32.ActiveCfg = Release|Win32
		{50AA0F02-3FCB-4632-9FC1-E537BC41F360}.Consumer_Release|Win32.Build.0 = Release|Win32
		{50AA0F02-3FCB-4632-9FC1-E537BC41F360}.Debug|Win32.ActiveCfg = Debug|Win32
		{50AA0F02-3FCB-4632-9FC1-E537BC41F360}.Debug|Win32.Build.0 = Debug|Win32
		{50AA0F02-3FCB-4632-9FC1-E537BC41F360}.Debug9x|Win32.ActiveCfg = Debug|Win32
		{50AA0F02-3FCB-4632-9FC1-E537BC41F360}.Debug9x|Win32.Build.0 = Debug|Win32
		{50AA0F02-3FCB-4632-9FC1-E537BC41F360}.Editor_Debug|Win32.ActiveCfg = Debug|Win32
		{50AA0F02-3FCB-4632-9FC1-E537BC41F360}.Editor_Debug|Win32.Build.0 = Debug|Win32
		{50AA0F02-3FCB-4632-9FC1-E537BC41F360}.Editor_Hybrid_Indie|Win32.ActiveCfg = Release|Win32
		{50AA0F02-3FCB-4632-9FC1-E537BC41F360}.Editor_Hybrid_Indie|Win32.Build.0 = Release|Win32
		{50AA0F02-3FCB-4632-9FC1-E537BC41F360}.Editor_Hybrid|Win32.ActiveCfg = Release|Win32
		{50AA0F02-3FCB-4632-9FC1-E537BC41F360}.Editor_Hybrid|Win32.Build.0 = Release|Win32
		{50AA0F02-3FCB-4632-9FC1-E537BC41F360}.Evaluation|Win32.ActiveCfg = Release|Win32
		{50AA0F02-3FCB-4632-9FC1-E537BC41F360}.Evaluation|Win32.Build.0 = Release|Win32
		{50AA0F02-3FCB-4632-9FC1-E537BC41F360}.Exporter_Debug|Win32.ActiveCfg = Debug|Win32
		{50AA0F02-3FCB-4632-9FC1-E537BC41F360}.Exporter_Debug|Win32.Build.0 = Debug|Win32
		{50AA0F02-3FCB-4632-9FC1-E537BC41F360}.Exporter_Release|Win32.ActiveCfg = Release|Win32
		{50AA0F02-3FCB-4632-9FC1-E537BC41F360}.Exporter_Release|Win32.Build.0 = Release|Win32
		{50AA0F02-3FCB-4632-9FC1-E537BC41F360}.Hybrid|Win32.ActiveCfg = Release|Win32
		{50AA0F02-3FCB-4632-9FC1-E537BC41F360}.Hybrid|Win32.Build.0 = Release|Win32
		{50AA0F02-3FCB-4632-9FC1-E537BC41F360}.PyModule_Hybrid|Win32.ActiveCfg = Release|Win32
		{50AA0F02-3FCB-4632-9FC1-E537BC41F360}.PyModule_Hybrid|Win32.Build.0 = Release|Win32
		{50AA0F02-3FCB-4632-9FC1-E537BC41F360}.Release_Indie|Win32.ActiveCfg = Release|Win32
		{50AA0F02-3FCB-4632-9FC1-E537BC41F360}.Release_Indie|Win32.Build.0 = Release|Win32
		{50AA0F02-3FCB-4632-9FC1-E537BC41F360}.Release|Win32.ActiveCfg = Release|Win32
		{50AA0F02-3FCB-4632-9FC1-E537BC41F360}.Release|Win32.Build.0 = Release|Win32
		{50AA0F02-3FCB-4632-9FC1-E537BC41F360}.Release9x|Win32.ActiveCfg = Release|Win32
		{50AA0F02-3FCB-4632-9FC1-E537BC41F360}.Release9x|Win32.Build.0 = Release|Win32
		{50AA0F02-3FCB-4632-9FC1-E537BC41F360}.Static_Release|Win32.ActiveCfg = Release|Win32
		{50AA0F02-3FCB-4632-9FC1-E537BC41F360}.Static_Release|Win32.Build.0 = Release|Win32
		{50AA0F02-3FCB-4632-9FC1-E537BC41F360}.Template|Win32.ActiveCfg = Release|Win32
		{50AA0F02-3FCB-4632-9FC1-E537BC41F360}.Template|Win32.Build.0 = Release|Win32
		{254B63F3-D09E-46F2-8AB0-7EE6387DE561}.Consumer_Release_Indie|Win32.ActiveCfg = Release|Win32
		{254B63F3-D09E-46F2-8AB0-7EE6387DE561}.Consumer_Release_Indie|Win32.Build.0 = Release|Win32
		{254B63F3-D09E-46F2-8AB0-7EE6387DE561}.Consumer_Release|Win32.ActiveCfg = Release|Win32
		{254B63F3-D09E-46F2-8AB0-7EE6387DE561}.Consumer_Release|Win32.Build.0 = Release|Win32
		{254B63F3-D09E-46F2-8AB0-7EE6387DE561}.Debug|Win32.ActiveCfg = Debug|Win32
		{254B63F3-D09E-46F2-8AB0-7EE6387DE561}.Debug|Win32.Build.0 = Debug|Win32
		{254B63F3-D09E-46F2-8AB0-7EE6387DE561}.Debug9x|Win32.ActiveCfg = Debug|Win32
		{254B63F3-D09E-46F2-8AB0-7EE6387DE561}.Debug9x|Win32.Build.0 = Debug|Win32
		{254B63F3-D09E-46F2-8AB0-7EE6387DE561}.Editor_Debug|Win32.ActiveCfg = Debug|Win32
		{254B63F3-D09E-46F2-8AB0-7EE6387DE561}.Editor_Debug|Win32.Build.0 = Debug|Win32
		{254B63F3-D09E-46F2-8AB0-7EE6387DE561}.Editor_Hybrid_Indie|Win32.ActiveCfg = Release|Win32
		{254B63F3-D09E-46F2-8AB0-7EE6387DE561}.Editor_Hybrid_Indie|Win32.Build.0 = Release|Win32
		{254B63F3-D09E-46F2-8AB0-7EE6387DE561}.Editor_Hybrid|Win32.ActiveCfg = Release|Win32
		{254B63F3-D09E-46F2-8AB0-7EE6387DE561}.Editor_Hybrid|Win32.Build.0 = Release|Win32
		{254B63F3-D09E-46F2-8AB0-7EE6387DE561}.Evaluation|Win32.ActiveCfg = Release|Win32
		{254B63F3-D09E-46F2-8AB0-7EE6387DE561}.Evaluation|Win32.Build.0 = Release|Win32
		{254B63F3-D09E-46F2-8AB0-7EE6387DE561}.Exporter_Debug|Win32.ActiveCfg = Debug|Win32
		{254B63F3-D09E-46F2-8AB0-7EE6387DE561}.Exporter_Debug|Win32.Build.0 = Debug|Win32
		{254B63F3-D09E-46F2-8AB0-7EE6387DE561}.Exporter_Release|Win32.ActiveCfg = Release|Win32
		{254B63F3-D09E-46F2-8AB0-7EE6387DE561}.Exporter_Release|Win32.Build.0 = Release|Win32
		{254B63F3-D09E-46F2-8AB0-7EE6387DE561}.Hybrid|Win32.ActiveCfg = Release|Win32
		{254B63F3-D09E-46F2-8AB0-7EE6387DE561}.Hybrid|Win32.Build.0 = Release|Win32
		{254B63F3-D09E-46F2-8AB0-7EE6387DE561}.PyModule_Hybrid|Win32.ActiveCfg = Release|Win32
		{254B63F3-D09E-46F2-8AB0-7EE6387DE561}.PyModule_Hybrid|Win32.Build.0 = Release|Win32
		{254B63F3-D09E-46F2-8AB0-7EE6387DE561}.Release_Indie|Win32.ActiveCfg = Release|Win32
		{254B63F3-D09E-46F2-8AB0-7EE6387DE561}.Release_Indie|Win32.Build.0 = Release|Win32
		{254B63F3-D09E-46F2-8AB0-7EE6387DE561}.Release|Win32.ActiveCfg = Release|Win32
		{254B63F3-D09E-46F2-8AB0-7EE6387DE561}.Release|Win32.Build.0 = Release|Win32
		{254B63F3-D09E-46F2-8AB0-7EE6387DE561}.Release9x|Win32.ActiveCfg = Release|Win32
		{254B63F3-D09E-46F2-8AB0-7EE6387DE561}.Release9x|Win32.Build.0 = Release|Win32
		{254B63F3-D09E-46F2-8AB0-7EE6387DE561}.Static_Release|Win32.ActiveCfg = Release|Win32
		{254B63F3-D09E-46F2-8AB0-7EE6387DE561}.Static_Release|Win32.Build.0 = Release|Win32
		{254B63F3-D09E-46F2-8AB0-7EE6387DE561}.Template|Win32.ActiveCfg = Release|Win32
		{254B63F3-D09E-46F2-8AB0-7EE6387DE561}.Template|Win32.Build.0 = Release|Win32
		{C6C836E6-2899-458A-90BA-184192342D30}.Consumer_Release_Indie|Win32.ActiveCfg = Release|Win32
		{C6C836E6-2899-458A-90BA-184192342D30}.Consumer_Release_Indie|Win32.Build.0 = Release|Win32
		{C6C836E6-2899-458A-90BA-184192342D30}.Consumer_Release|Win32.ActiveCfg = Release|Win32
		{C6C836E6-2899-458A-90BA-184192342D30}.Consumer_Release|Win32.Build.0 = Release|Win32
		{C6C836E6-2899-458A-90BA-184192342D30}.Debug|Win32.ActiveCfg = Debug|Win32
		{C6C836E6-2899-458A-90BA-184192342D30}.Debug|Win32.Build.0 = Debug|Win32
		{C6C836E6-2899-458A-90BA-184192342D30}.Debug9x|Win32.ActiveCfg = Debug9x|Win32
		{C6C836E6-2899-458A-90BA-184192342D30}.Debug9x|Win32.Build.0 = Debug9x|Win32
		{C6C836E6-2899-458A-90BA-184192342D30}.Editor_Debug|Win32.ActiveCfg = Debug|Win32
		{C6C836E6-2899-458A-90BA-184192342D30}.Editor_Debug|Win32.Build.0 = Debug|Win32
		{C6C836E6-2899-458A-90BA-184192342D30}.Editor_Hybrid_Indie|Win32.ActiveCfg = Release|Win32
		{C6C836E6-2899-458A-90BA-184192342D30}.Editor_Hybrid_Indie|Win32.Build.0 = Release|Win32
		{C6C836E6-2899-458A-90BA-184192342D30}.Editor_Hybrid|Win32.ActiveCfg = Release|Win32
		{C6C836E6-2899-458A-90BA-184192342D30}.Editor_Hybrid|Win32.Build.0 = Release|Win32
		{C6C836E6-2899-458A-90BA-184192342D30}.Evaluation|Win32.ActiveCfg = Release|Win32
		{C6C836E6-2899-458A-90BA-184192342D30}.Evaluation|Win32.Build.0 = Release|Win32
		{C6C836E6-2899-458A-90BA-184192342D30}.Exporter_Debug|Win32.ActiveCfg = Debug|Win32
		{C6C836E6-2899-458A-90BA-184192342D30}.Exporter_Debug|Win32.Build.0 = Debug|Win32
		{C6C836E6-2899-458A-90BA-184192342D30}.Exporter_Release|Win32.ActiveCfg = Release|Win32
		{C6C836E6-2899-458A-90BA-184192342D30}.Exporter_Release|Win32.Build.0 = Release|Win32
		{C6C836E6-2899-458A-90BA-184192342D30}.Hybrid|Win32.ActiveCfg = Release|Win32
		{C6C836E6-2899-458A-90BA-184192342D30}.Hybrid|Win32.Build.0 = Release|Win32
		{C6C836E6-2899-458A-90BA-184192342D30}.PyModule_Hybrid|Win32.ActiveCfg = Release|Win32
		{C6C836E6-2899-458A-90BA-184192342D30}.PyModule_Hybrid|Win32.Build.0 = Release|Win32
		{C6C836E6-2899-458A-90BA-184192342D30}.Release_Indie|Win32.ActiveCfg = Release|Win32
		{C6C836E6-2899-458A-90BA-184192342D30}.Release_Indie|Win32.Build.0 = Release|Win32
		{C6C836E6-2899-458A-90BA-184192342D30}.Release|Win32.ActiveCfg = Release|Win32
		{C6C836E6-2899-458A-90BA-184192342D30}.Release|Win32.Build.0 = Release|Win32
		{C6C836E6-2899-458A-90BA-184192342D30}.Release9x|Win32.ActiveCfg = Release9x|Win32
		{C6C836E6-2899-458A-90BA-184192342D30}.Release9x|Win32.Build.0 = Release9x|Win32
		{C6C836E6-2899-458A-90BA-184192342D30}.Static_Release|Win32.ActiveCfg = Release|Win32
		{C6C836E6-2899-458A-90BA-184192342D30}.Static_Release|Win32.Build.0 = Release|Win32
		{C6C836E6-2899-458A-90BA-184192342D30}.Template|Win32.ActiveCfg = Release|Win32
		{C6C836E6-2899-458A-90BA-184192342D30}.Template|Win32.Build.0 = Release|Win32
		{7CDBBFFF-3B84-413E-BA1A-47CB8D454A46}.Consumer_Release_Indie|Win32.ActiveCfg = Release|Win32
		{7CDBBFFF-3B84-413E-BA1A-47CB8D454A46}.Consumer_Release_Indie|Win32.Build.0 = Release|Win32
		{7CDBBFFF-3B84-413E-BA1A-47CB8D454A46}.Consumer_Release|Win32.ActiveCfg = Release|Win32
		{7CDBBFFF-3B84-413E-BA1A-47CB8D454A46}.Consumer_Release|Win32.Build.0 = Release|Win32
		{7CDBBFFF-3B84-413E-BA1A-47CB8D454A46}.Debug|Win32.ActiveCfg = Debug|Win32
		{7CDBBFFF-3B84-413E-BA1A-47CB8D454A46}.Debug|Win32.Build.0 = Debug|Win32
		{7CDBBFFF-3B84-413E-BA1A-47CB8D454A46}.Debug9x|Win32.ActiveCfg = Debug|Win32
		{7CDBBFFF-3B84-413E-BA1A-47CB8D454A46}.Debug9x|Win32.Build.0 = Debug|Win32
		{7CDBBFFF-3B84-413E-BA1A-47CB8D454A46}.Editor_Debug|Win32.ActiveCfg = Debug|Win32
		{7CDBBFFF-3B84-413E-BA1A-47CB8D454A46}.Editor_Debug|Win32.Build.0 = Debug|Win32
		{7CDBBFFF-3B84-413E-BA1A-47CB8D454A46}.Editor_Hybrid_Indie|Win32.ActiveCfg = Release|Win32
		{7CDBBFFF-3B84-413E-BA1A-47CB8D454A46}.Editor_Hybrid_Indie|Win32.Build.0 = Release|Win32
		{7CDBBFFF-3B84-413E-BA1A-47CB8D454A46}.Editor_Hybrid|Win32.ActiveCfg = Release|Win32
		{7CDBBFFF-3B84-413E-BA1A-47CB8D454A46}.Editor_Hybrid|Win32.Build.0 = Release|Win32
		{7CDBBFFF-3B84-413E-BA1A-47CB8D454A46}.Evaluation|Win32.ActiveCfg = Release|Win32
		{7CDBBFFF-3B84-413E-BA1A-47CB8D454A46}.Evaluation|Win32.Build.0 = Release|Win32
		{7CDBBFFF-3B84-413E-BA1A-47CB8D454A46}.Exporter_Debug|Win32.ActiveCfg = Debug|Win32
		{7CDBBFFF-3B84-413E-BA1A-47CB8D454A46}.Exporter_Debug|Win32.Build.0 = Debug|Win32
		{7CDBBFFF-3B84-413E-BA1A-47CB8D454A46}.Exporter_Release|Win32.ActiveCfg = Release|Win32
		{7CDBBFFF-3B84-413E-BA1A-47CB8D454A46}.Exporter_Release|Win32.Build.0 = Release|Win32
		{7CDBBFFF-3B84-413E-BA1A-47CB8D454A46}.Hybrid|Win32.ActiveCfg = Release|Win32
		{7CDBBFFF-3B84-413E-BA1A-47CB8D454A46}.Hybrid|Win32.Build.0 = Release|Win32
		{7CDBBFFF-3B84-413E-BA1A-47CB8D454A46}.PyModule_Hybrid|Win32.ActiveCfg = Release|Win32
		{7CDBBFFF-3B84-413E-BA1A-47CB8D454A46}.PyModule_Hybrid|Win32.Build.0 = Release|Win32
		{7CDBBFFF-3B84-413E-BA1A-47CB8D454A46}.Release_Indie|Win32.ActiveCfg = Release|Win32
		{7CDBBFFF-3B84-413E-BA1A-47CB8D454A46}.Release_Indie|Win32.Build.0 = Release|Win32
		{7CDBBFFF-3B84-413E-BA1A-47CB8D454A46}.Release|Win32.ActiveCfg = Release|Win32
		{7CDBBFFF-3B84-413E-BA1A-47CB8D454A46}.Release|Win32.Build.0 = Release|Win32
		{7CDBBFFF-3B84-413E-BA1A-47CB8D454A46}.Release9x|Win32.ActiveCfg = Release|Win32
		{7CDBBFFF-3B84-413E-BA1A-47CB8D454A46}.Release9x|Win32.Build.0 = Release|Win32
		{7CDBBFFF-3B84-413E-BA1A-47CB8D454A46}.Static_Release|Win32.ActiveCfg = Release|Win32
		{7CDBBFFF-3B84-413E-BA1A-47CB8D454A46}.Static_Release|Win32.Build.0 = Release|Win32
		{7CDBBFFF-3B84-413E-BA1A-47CB8D454A46}.Template|Win32.ActiveCfg = Release|Win32
		{7CDBBFFF-3B84-413E-BA1A-47CB8D454A46}.Template|Win32.Build.0 = Release|Win32
		{105F6078-2A3B-C649-BB3D-4C45976FEB8F}.Consumer_Release_Indie|Win32.ActiveCfg = Release|Win32
		{105F6078-2A3B-C649-BB3D-4C45976FEB8F}.Consumer_Release_Indie|Win32.Build.0 = Release|Win32
		{105F6078-2A3B-C649-BB3D-4C45976FEB8F}.Consumer_Release|Win32.ActiveCfg = Release|Win32
		{105F6078-2A3B-C649-BB3D-4C45976FEB8F}.Consumer_Release|Win32.Build.0 = Release|Win32
		{105F6078-2A3B-C649-BB3D-4C45976FEB8F}.Debug|Win32.ActiveCfg = Debug|Win32
		{105F6078-2A3B-C649-BB3D-4C45976FEB8F}.Debug|Win32.Build.0 = Debug|Win32
		{105F6078-2A3B-C649-BB3D-4C45976FEB8F}.Debug9x|Win32.ActiveCfg = Debug|Win32
		{105F6078-2A3B-C649-BB3D-4C45976FEB8F}.Debug9x|Win32.Build.0 = Debug|Win32
		{105F6078-2A3B-C649-BB3D-4C45976FEB8F}.Editor_Debug|Win32.ActiveCfg = Debug|Win32
		{105F6078-2A3B-C649-BB3D-4C45976FEB8F}.Editor_Debug|Win32.Build.0 = Debug|Win32
		{105F6078-2A3B-C649-BB3D-4C45976FEB8F}.Editor_Hybrid_Indie|Win32.ActiveCfg = Release|Win32
		{105F6078-2A3B-C649-BB3D-4C45976FEB8F}.Editor_Hybrid_Indie|Win32.Build.0 = Release|Win32
		{105F6078-2A3B-C649-BB3D-4C45976FEB8F}.Editor_Hybrid|Win32.ActiveCfg = Release|Win32
		{105F6078-2A3B-C649-BB3D-4C45976FEB8F}.Editor_Hybrid|Win32.Build.0 = Release|Win32
		{105F6078-2A3B-C649-BB3D-4C45976FEB8F}.Evaluation|Win32.ActiveCfg = Release|Win32
		{105F6078-2A3B-C649-BB3D-4C45976FEB8F}.Evaluation|Win32.Build.0 = Release|Win32
		{105F6078-2A3B-C649-BB3D-4C45976FEB8F}.Exporter_Debug|Win32.ActiveCfg = Debug|Win32
		{105F6078-2A3B-C649-BB3D-4C45976FEB8F}.Exporter_Debug|Win32.Build.0 = Debug|Win32
		{105F6078-2A3B-C649-BB3D-4C45976FEB8F}.Exporter_Release|Win32.ActiveCfg = Release|Win32
		{105F6078-2A3B-C649-BB3D-4C45976FEB8F}.Exporter_Release|Win32.Build.0 = Release|Win32
		{105F6078-2A3B-C649-BB3D-4C45976FEB8F}.Hybrid|Win32.ActiveCfg = Release|Win32
		{105F6078-2A3B-C649-BB3D-4C45976FEB8F}.Hybrid|Win32.Build.0 = Release|Win32
		{105F6078-2A3B-C649-BB3D-4C45976FEB8F}.PyModule_Hybrid|Win32.ActiveCfg = Release|Win32
		{105F6078-2A3B-C649-BB3D-4C45976FEB8F}.PyModule_Hybrid|Win32.Build.0 = Release|Win32
		{105F6078-2A3B-C649-BB3D-4C45976FEB8F}.Release_Indie|Win32.ActiveCfg = Release|Win32
		{105F6078-2A3B-C649-BB3D-4C45976FEB8F}.Release_Indie|Win32.Build.0 = Release|Win32
		{105F6078-2A3B-C649-BB3D-4C45976FEB8F}.Release|Win32.ActiveCfg = Release|Win32
		{105F6078-2A3B-C649-BB3D-4C45976FEB8F}.Release|Win32.Build.0 = Release|Win32
		{105F6078-2A3B-C649-BB3D-4C45976FEB8F}.Release9x|Win32.ActiveCfg = Release|Win32
		{105F6078-2A3B-C649-BB3D-4C45976FEB8F}.Release9x|Win32.Build.0 = Release|Win32
		{105F6078-2A3B-C649-BB3D-4C45976FEB8F}.Static_Release|Win32.ActiveCfg = Release|Win32
		{105F6078-2A3B-C649-BB3D-4C45976FEB8F}.Static_Release|Win32.Build.0 = Release|Win32
		{105F6078-2A3B-C649-BB3D-4C45976FEB8F}.Template|Win32.ActiveCfg = Release|Win32
		{105F6078-2A3B-C649-BB3D-4C45976FEB8F}.Template|Win32.Build.0 = Release|Win32
		{561FA9F7-14D0-4D94-822C-AAE9B08AACEF}.Consumer_Release_Indie|Win32.ActiveCfg = Release|Win32
		{561FA9F7-14D0-4D94-822C-AAE9B08AACEF}.Consumer_Release_Indie|Win32.Build.0 = Release|Win32
		{561FA9F7-14D0-4D94-822C-AAE9B08AACEF}.Consumer_Release|Win32.ActiveCfg = Release|Win32
		{561FA9F7-14D0-4D94-822C-AAE9B08AACEF}.Consumer_Release|Win32.Build.0 = Release|Win32
		{561FA9F7-14D0-4D94-822C-AAE9B08AACEF}.Debug|Win32.ActiveCfg = Debug|Win32
		{561FA9F7-14D0-4D94-822C-AAE9B08AACEF}.Debug|Win32.Build.0 = Debug|Win32
		{561FA9F7-14D0-4D94-822C-AAE9B08AACEF}.Debug9x|Win32.ActiveCfg = Debug|Win32
		{561FA9F7-14D0-4D94-822C-AAE9B08AACEF}.Debug9x|Win32.Build.0 = Debug|Win32
		{561FA9F7-14D0-4D94-822C-AAE9B08AACEF}.Editor_Debug|Win32.ActiveCfg = Debug|Win32
		{561FA9F7-14D0-4D94-822C-AAE9B08AACEF}.Editor_Debug|Win32.Build.0 = Debug|Win32
		{561FA9F7-14D0-4D94-822C-AAE9B08AACEF}.Editor_Hybrid_Indie|Win32.ActiveCfg = Release|Win32
		{561FA9F7-14D0-4D94-822C-AAE9B08AACEF}.Editor_Hybrid_Indie|Win32.Build.0 = Release|Win32
		{561FA9F7-14D0-4D94-822C-AAE9B08AACEF}.Editor_Hybrid|Win32.ActiveCfg = Release|Win32
		{561FA9F7-14D0-4D94-822C-AAE9B08AACEF}.Editor_Hybrid|Win32.Build.0 = Release|Win32
		{561FA9F7-14D0-4D94-822C-AAE9B08AACEF}.Evaluation|Win32.ActiveCfg = Release|Win32
		{561FA9F7-14D0-4D94-822C-AAE9B08AACEF}.Evaluation|Win32.Build.0 = Release|Win32
		{561FA9F7-14D0-4D94-822C-AAE9B08AACEF}.Exporter_Debug|Win32.ActiveCfg = Debug|Win32
		{561FA9F7-14D0-4D94-822C-AAE9B08AACEF}.Exporter_Debug|Win32.Build.0 = Debug|Win32
		{561FA9F7-14D0-4D94-822C-AAE9B08AACEF}.Exporter_Release|Win32.ActiveCfg = Release|Win32
		{561FA9F7-14D0-4D94-822C-AAE9B08AACEF}.Exporter_Release|Win32.Build.0 = Release|Win32
		{561FA9F7-14D0-4D94-822C-AAE9B08AACEF}.Hybrid|Win32.ActiveCfg = Release|Win32
		{561FA9F7-14D0-4D94-822C-AAE9B08AACEF}.Hybrid|Win32.Build.0 = Release|Win32
		{561FA9F7-14D0-4D94-822C-AAE9B08AACEF}.PyModule_Hybrid|Win32.ActiveCfg = Release|Win32
		{561FA9F7-14D0-4D94-822C-AAE9B08AACEF}.PyModule_Hybrid|Win32.Build.0 = Release|Win32
		{561FA9F7-14D0-4D94-822C-AAE9B08AACEF}.Release_Indie|Win32.ActiveCfg = Release|Win32
		{561FA9F7-14D0-4D94-822C-AAE9B08AACEF}.Release_Indie|Win32.Build.0 = Release|Win32
		{561FA9F7-14D0-4D94-822C-AAE9B08AACEF}.Release|Win32.ActiveCfg = Release|Win32
		{561FA9F7-14D0-4D94-822C-AAE9B08AACEF}.Release|Win32.Build.0 = Release|Win32
		{561FA9F7-14D0-4D94-822C-AAE9B08AACEF}.Release9x|Win32.ActiveCfg = Release|Win32
		{561FA9F7-14D0-4D94-822C-AAE9B08AACEF}.Release9x|Win32.Build.0 = Release|Win32
		{561FA9F7-14D0-4D94-822C-AAE9B08AACEF}.Static_Release|Win32.ActiveCfg = Release|Win32
		{561FA9F7-14D0-4D94-822C-AAE9B08AACEF}.Static_Release|Win32.Build.0 = Release|Win32
		{561FA9F7-14D0-4D94-822C-AAE9B08AACEF}.Template|Win32.ActiveCfg = Release|Win32
		{561FA9F7-14D0-4D94-822C-AAE9B08AACEF}.Template|Win32.Build.0 = Release|Win32
		{26195A87-700C-42D6-A271-20B6CACC6249}.Consumer_Release_Indie|Win32.ActiveCfg = Release|Win32
		{26195A87-700C-42D6-A271-20B6CACC6249}.Consumer_Release_Indie|Win32.Build.0 = Release|Win32
		{26195A87-700C-42D6-A271-20B6CACC6249}.Consumer_Release|Win32.ActiveCfg = Release|Win32
		{26195A87-700C-42D6-A271-20B6CACC6249}.Consumer_Release|Win32.Build.0 = Release|Win32
		{26195A87-700C-42D6-A271-20B6CACC6249}.Debug|Win32.ActiveCfg = Debug|Win32
		{26195A87-700C-42D6-A271-20B6CACC6249}.Debug|Win32.Build.0 = Debug|Win32
		{26195A87-700C-42D6-A271-20B6CACC6249}.Debug9x|Win32.ActiveCfg = Debug|Win32
		{26195A87-700C-42D6-A271-20B6CACC6249}.Debug9x|Win32.Build.0 = Debug|Win32
		{26195A87-700C-42D6-A271-20B6CACC6249}.Editor_Debug|Win32.ActiveCfg = Debug|Win32
		{26195A87-700C-42D6-A271-20B6CACC6249}.Editor_Debug|Win32.Build.0 = Debug|Win32
		{26195A87-700C-42D6-A271-20B6CACC6249}.Editor_Hybrid_Indie|Win32.ActiveCfg = Release|Win32
		{26195A87-700C-42D6-A271-20B6CACC6249}.Editor_Hybrid_Indie|Win32.Build.0 = Release|Win32
		{26195A87-700C-42D6-A271-20B6CACC6249}.Editor_Hybrid|Win32.ActiveCfg = Release|Win32
		{26195A87-700C-42D6-A271-20B6CACC6249}.Editor_Hybrid|Win32.Build.0 = Release|Win32
		{26195A87-700C-42D6-A271-20B6CACC6249}.Evaluation|Win32.ActiveCfg = Release|Win32
		{26195A87-700C-42D6-A271-20B6CACC6249}.Evaluation|Win32.Build.0 = Release|Win32
		{26195A87-700C-42D6-A271-20B6CACC6249}.Exporter_Debug|Win32.ActiveCfg = Debug|Win32
		{26195A87-700C-42D6-A271-20B6CACC6249}.Exporter_Debug|Win32.Build.0 = Debug|Win32
		{26195A87-700C-42D6-A271-20B6CACC6249}.Exporter_Release|Win32.ActiveCfg = Release|Win32
		{26195A87-700C-42D6-A271-20B6CACC6249}.Exporter_Release|Win32.Build.0 = Release|Win32
		{26195A87-700C-42D6-A271-20B6CACC6249}.Hybrid|Win32.ActiveCfg = Release|Win32
		{26195A87-700C-42D6-A271-20B6CACC6249}.Hybrid|Win32.Build.0 = Release|Win32
		{26195A87-700C-42D6-A271-20B6CACC6249}.PyModule_Hybrid|Win32.ActiveCfg = Release|Win32
		{26195A87-700C-42D6-A271-20B6CACC6249}.PyModule_Hybrid|Win32.Build.0 = Release|Win32
		{26195A87-700C-42D6-A271-20B6CACC6249}.Release_Indie|Win32.ActiveCfg = Release|Win32
		{26195A87-700C-42D6-A271-20B6CACC6249}.Release_Indie|Win32.Build.0 = Release|Win32
		{26195A87-700C-42D6-A271-20B6CACC6249}.Release|Win32.ActiveCfg = Release|Win32
		{26195A87-700C-42D6-A271-20B6CACC6249}.Release|Win32.Build.0 = Release|Win32
		{26195A87-700C-42D6-A271-20B6CACC6249}.Release9x|Win32.ActiveCfg = Release|Win32
		{26195A87-700C-42D6-A271-20B6CACC6249}.Release9x|Win32.Build.0 = Release|Win32
		{26195A87-700C-42D6-A271-20B6CACC6249}.Static_Release|Win32.ActiveCfg = Release|Win32
		{26195A87-700C-42D6-A271-20B6CACC6249}.Static_Release|Win32.Build.0 = Release|Win32
		{26195A87-700C-42D6-A271-20B6CACC6249}.Template|Win32.ActiveCfg = Release|Win32
		{26195A87-700C-42D6-A271-20B6CACC6249}.Template|Win32.Build.0 = Release|Win32
		{678E55F0-E0F7-4E52-82E4-9AD50F0753B8}.Consumer_Release_Indie|Win32.ActiveCfg = Release|Win32
		{678E55F0-E0F7-4E52-82E4-9AD50F0753B8}.Consumer_Release_Indie|Win32.Build.0 = Release|Win32
		{678E55F0-E0F7-4E52-82E4-9AD50F0753B8}.Consumer_Release|Win32.ActiveCfg = Release|Win32
		{678E55F0-E0F7-4E52-82E4-9AD50F0753B8}.Consumer_Release|Win32.Build.0 = Release|Win32
		{678E55F0-E0F7-4E52-82E4-9AD50F0753B8}.Debug|Win32.ActiveCfg = Debug|Win32
		{678E55F0-E0F7-4E52-82E4-9AD50F0753B8}.Debug|Win32.Build.0 = Debug|Win32
		{678E55F0-E0F7-4E52-82E4-9AD50F0753B8}.Debug9x|Win32.ActiveCfg = Debug|Win32
		{678E55F0-E0F7-4E52-82E4-9AD50F0753B8}.Debug9x|Win32.Build.0 = Debug|Win32
		{678E55F0-E0F7-4E52-82E4-9AD50F0753B8}.Editor_Debug|Win32.ActiveCfg = Debug|Win32
		{678E55F0-E0F7-4E52-82E4-9AD50F0753B8}.Editor_Debug|Win32.Build.0 = Debug|Win32
		{678E55F0-E0F7-4E52-82E4-9AD50F0753B8}.Editor_Hybrid_Indie|Win32.ActiveCfg = Release|Win32
		{678E55F0-E0F7-4E52-82E4-9AD50F0753B8}.Editor_Hybrid_Indie|Win32.Build.0 = Release|Win32
		{678E55F0-E0F7-4E52-82E4-9AD50F0753B8}.Editor_Hybrid|Win32.ActiveCfg = Release|Win32
		{678E55F0-E0F7-4E52-82E4-9AD50F0753B8}.Editor_Hybrid|Win32.Build.0 = Release|Win32
		{678E55F0-E0F7-4E52-82E4-9AD50F0753B8}.Evaluation|Win32.ActiveCfg = Release|Win32
		{678E55F0-E0F7-4E52-82E4-9AD50F0753B8}.Evaluation|Win32.Build.0 = Release|Win32
		{678E55F0-E0F7-4E52-82E4-9AD50F0753B8}.Exporter_Debug|Win32.ActiveCfg = Debug|Win32
		{678E55F0-E0F7-4E52-82E4-9AD50F0753B8}.Exporter_Debug|Win32.Build.0 = Debug|Win32
		{678E55F0-E0F7-4E52-82E4-9AD50F0753B8}.Exporter_Release|Win32.ActiveCfg = Release|Win32
		{678E55F0-E0F7-4E52-82E4-9AD50F0753B8}.Exporter_Release|Win32.Build.0 = Release|Win32
		{678E55F0-E0F7-4E52-82E4-9AD50F0753B8}.Hybrid|Win32.ActiveCfg = Release|Win32
		{678E55F0-E0F7-4E52-82E4-9AD50F0753B8}.Hybrid|Win32.Build.0 = Release|Win32
		{678E55F0-E0F7-4E52-82E4-9AD50F0753B8}.PyModule_Hybrid|Win32.ActiveCfg = Release|Win32
		{678E55F0-E0F7-4E52-82E4-9AD50F0753B8}.PyModule_Hybrid|Win32.Build.0 = Release|Win32
		{678E55F0-E0F7-4E52-82E4-9AD50F0753B8}.Release_Indie|Win32.ActiveCfg = Release|Win32
		{678E55F0-E0F7-4E52-82E4-9AD50F0753B8}.Release_Indie|Win32.Build.0 = Release|Win32
		{678E55F0-E0F7-4E52-82E4-9AD50F0753B8}.Release|Win32.ActiveCfg = Release|Win32
		{678E55F0-E0F7-4E52-82E4-9AD50F0753B8}.Release|Win32.Build.0 = Release|Win32
		{678E55F0-E0F7-4E52-82E4-9AD50F0753B8}.Release9x|Win32.ActiveCfg = Release|Win32
		{678E55F0-E0F7-4E52-82E4-9AD50F0753B8}.Release9x|Win32.Build.0 = Release|Win32
		{678E55F0-E0F7-4E52-82E4-9AD50F0753B8}.Static_Release|Win32.ActiveCfg = Release|Win32
		{678E55F0-E0F7-4E52-82E4-9AD50F0753B8}.Static_Release|Win32.Build.0 = Release|Win32
		{678E55F0-E0F7-4E52-82E4-9AD50F0753B8}.Template|Win32.ActiveCfg = Release|Win32
		{678E55F0-E0F7-4E52-82E4-9AD50F0753B8}.Template|Win32.Build.0 = Release|Win32
		{45A08C1B-D249-42C4-932C-615ED3924CBB}.Consumer_Release_Indie|Win32.ActiveCfg = Release|Win32
		{45A08C1B-D249-42C4-932C-615ED3924CBB}.Consumer_Release_Indie|Win32.Build.0 = Release|Win32
		{45A08C1B-D249-42C4-932C-615ED3924CBB}.Consumer_Release|Win32.ActiveCfg = Release|Win32
		{45A08C1B-D249-42C4-932C-615ED3924CBB}.Consumer_Release|Win32.Build.0 = Release|Win32
		{45A08C1B-D249-42C4-932C-615ED3924CBB}.Debug|Win32.ActiveCfg = Debug|Win32
		{45A08C1B-D249-42C4-932C-615ED3924CBB}.Debug|Win32.Build.0 = Debug|Win32
		{45A08C1B-D249-42C4-932C-615ED3924CBB}.Debug9x|Win32.ActiveCfg = Debug|Win32
		{45A08C1B-D249-42C4-932C-615ED3924CBB}.Debug9x|Win32.Build.0 = Debug|Win32
		{45A08C1B-D249-42C4-932C-615ED3924CBB}.Editor_Debug|Win32.ActiveCfg = Debug|Win32
		{45A08C1B-D249-42C4-932C-615ED3924CBB}.Editor_Debug|Win32.Build.0 = Debug|Win32
		{45A08C1B-D249-42C4-932C-615ED3924CBB}.Editor_Hybrid_Indie|Win32.ActiveCfg = Release|Win32
		{45A08C1B-D249-42C4-932C-615ED3924CBB}.Editor_Hybrid_Indie|Win32.Build.0 = Release|Win32
		{45A08C1B-D249-42C4-932C-615ED3924CBB}.Editor_Hybrid|Win32.ActiveCfg = Release|Win32
		{45A08C1B-D249-42C4-932C-615ED3924CBB}.Editor_Hybrid|Win32.Build.0 = Release|Win32
		{45A08C1B-D249-42C4-932C-615ED3924CBB}.Evaluation|Win32.ActiveCfg = Release|Win32
		{45A08C1B-D249-42C4-932C-615ED3924CBB}.Evaluation|Win32.Build.0 = Release|Win32
		{45A08C1B-D249-42C4-932C-615ED3924CBB}.Exporter_Debug|Win32.ActiveCfg = Debug|Win32
		{45A08C1B-D249-42C4-932C-615ED3924CBB}.Exporter_Debug|Win32.Build.0 = Debug|Win32
		{45A08C1B-D249-42C4-932C-615ED3924CBB}.Exporter_Release|Win32.ActiveCfg = Release|Win32
		{45A08C1B-D249-42C4-932C-615ED3924CBB}.Exporter_Release|Win32.Build.0 = Release|Win32
		{45A08C1B-D249-42C4-932C-615ED3924CBB}.Hybrid|Win32.ActiveCfg = Release|Win32
		{45A08C1B-D249-42C4-932C-615ED3924CBB}.Hybrid|Win32.Build.0 = Release|Win32
		{45A08C1B-D249-42C4-932C-615ED3924CBB}.PyModule_Hybrid|Win32.ActiveCfg = Release|Win32
		{45A08C1B-D249-42C4-932C-615ED3924CBB}.PyModule_Hybrid|Win32.Build.0 = Release|Win32
		{45A08C1B-D249-42C4-932C-615ED3924CBB}.Release_Indie|Win32.ActiveCfg = Release|Win32
		{45A08C1B-D249-42C4-932C-615ED3924CBB}.Release_Indie|Win32.Build.0 = Release|Win32
		{45A08C1B-D249-42C4-932C-615ED3924CBB}.Release|Win32.ActiveCfg = Release|Win32
		{45A08C1B-D249-42C4-932C-615ED3924CBB}.Release|Win32.Build.0 = Release|Win32
		{45A08C1B-D249-42C4-932C-615ED3924CBB}.Release9x|Win32.ActiveCfg = Release|Win32
		{45A08C1B-D249-42C4-932C-615ED3924CBB}.Release9x|Win32.Build.0 = Release|Win32
		{45A08C1B-D249-42C4-932C-615ED3924CBB}.Static_Release|Win32.ActiveCfg = Release|Win32
		{45A08C1B-D249-42C4-932C-615ED3924CBB}.Static_Release|Win32.Build.0 = Release|Win32
		{45A08C1B-D249-42C4-932C-615ED3924CBB}.Template|Win32.ActiveCfg = Release|Win32
		{45A08C1B-D249-42C4-932C-615ED3924CBB}.Template|Win32.Build.0 = Release|Win32
		{42FC1F89-7136-45E8-94E3-594C173C2937}.Consumer_Release_Indie|Win32.ActiveCfg = Release|Win32
		{42FC1F89-7136-45E8-94E3-594C173C2937}.Consumer_Release_Indie|Win32.Build.0 = Release|Win32
		{42FC1F89-7136-45E8-94E3-594C173C2937}.Consumer_Release|Win32.ActiveCfg = Release|Win32
		{42FC1F89-7136-45E8-94E3-594C173C2937}.Consumer_Release|Win32.Build.0 = Release|Win32
		{42FC1F89-7136-45E8-94E3-594C173C2937}.Debug|Win32.ActiveCfg = Debug|Win32
		{42FC1F89-7136-45E8-94E3-594C173C2937}.Debug|Win32.Build.0 = Debug|Win32
		{42FC1F89-7136-45E8-94E3-594C173C2937}.Debug9x|Win32.ActiveCfg = Debug|Win32
		{42FC1F89-7136-45E8-94E3-594C173C2937}.Debug9x|Win32.Build.0 = Debug|Win32
		{42FC1F89-7136-45E8-94E3-594C173C2937}.Editor_Debug|Win32.ActiveCfg = Debug|Win32
		{42FC1F89-7136-45E8-94E3-594C173C2937}.Editor_Debug|Win32.Build.0 = Debug|Win32
		{42FC1F89-7136-45E8-94E3-594C173C2937}.Editor_Hybrid_Indie|Win32.ActiveCfg = Release|Win32
		{42FC1F89-7136-45E8-94E3-594C173C2937}.Editor_Hybrid_Indie|Win32.Build.0 = Release|Win32
		{42FC1F89-7136-45E8-94E3-594C173C2937}.Editor_Hybrid|Win32.ActiveCfg = Release|Win32
		{42FC1F89-7136-45E8-94E3-594C173C2937}.Editor_Hybrid|Win32.Build.0 = Release|Win32
		{42FC1F89-7136-45E8-94E3-594C173C2937}.Evaluation|Win32.ActiveCfg = Release|Win32
		{42FC1F89-7136-45E8-94E3-594C173C2937}.Evaluation|Win32.Build.0 = Release|Win32
		{42FC1F89-7136-45E8-94E3-594C173C2937}.Exporter_Debug|Win32.ActiveCfg = Debug|Win32
		{42FC1F89-7136-45E8-94E3-594C173C2937}.Exporter_Debug|Win32.Build.0 = Debug|Win32
		{42FC1F89-7136-45E8-94E3-594C173C2937}.Exporter_Release|Win32.ActiveCfg = Release|Win32
		{42FC1F89-7136-45E8-94E3-594C173C2937}.Exporter_Release|Win32.Build.0 = Release|Win32
		{42FC1F89-7136-45E8-94E3-594C173C2937}.Hybrid|Win32.ActiveCfg = Release|Win32
		{42FC1F89-7136-45E8-94E3-594C173C2937}.Hybrid|Win32.Build.0 = Release|Win32
		{42FC1F89-7136-45E8-94E3-594C173C2937}.PyModule_Hybrid|Win32.ActiveCfg = Release|Win32
		{42FC1F89-7136-45E8-94E3-594C173C2937}.PyModule_Hybrid|Win32.Build.0 = Release|Win32
		{42FC1F89-7136-45E8-94E3-594C173C2937}.Release_Indie|Win32.ActiveCfg = Release|Win32
		{42FC1F89-7136-45E8-94E3-594C173C2937}.Release_Indie|Win32.Build.0 = Release|Win32
		{42FC1F89-7136-45E8-94E3-594C173C2937}.Release|Win32.ActiveCfg = Release|Win32
		{42FC1F89-7136-45E8-94E3-594C173C2937}.Release|Win32.Build.0 = Release|Win32
		{42FC1F89-7136-45E8-94E3-594C173C2937}.Release9x|Win32.ActiveCfg = Release|Win32
		{42FC1F89-7136-45E8-94E3-594C173C2937}.Release9x|Win32.Build.0 = Release|Win32
		{42FC1F89-7136-45E8-94E3-594C173C2937}.Static_Release|Win32.ActiveCfg = Release|Win32
		{42FC1F89-7136-45E8-94E3-594C173C2937}.Static_Release|Win32.Build.0 = Release|Win32
		{42FC1F89-7136-45E8-94E3-594C173C2937}.Template|Win32.ActiveCfg = Release|Win32
		{42FC1F89-7136-45E8-94E3-594C173C2937}.Template|Win32.Build.0 = Release|Win32
		{1ABB1158-909C-4AD4-9F81-CB38BBA5D950}.Consumer_Release_Indie|Win32.ActiveCfg = Consumer_Release_Indie|Win32
		{1ABB1158-909C-4AD4-9F81-CB38BBA5D950}.Consumer_Release_Indie|Win32.Build.0 = Consumer_Release_Indie|Win32
		{1ABB1158-909C-4AD4-9F81-CB38BBA5D950}.Consumer_Release|Win32.ActiveCfg = Consumer_Release|Win32
		{1ABB1158-909C-4AD4-9F81-CB38BBA5D950}.Consumer_Release|Win32.Build.0 = Consumer_Release|Win32
		{1ABB1158-909C-4AD4-9F81-CB38BBA5D950}.Debug|Win32.ActiveCfg = Debug|Win32
		{1ABB1158-909C-4AD4-9F81-CB38BBA5D950}.Debug|Win32.Build.0 = Debug|Win32
		{1ABB1158-909C-4AD4-9F81-CB38BBA5D950}.Debug9x|Win32.ActiveCfg = Debug|Win32
		{1ABB1158-909C-4AD4-9F81-CB38BBA5D950}.Debug9x|Win32.Build.0 = Debug|Win32
		{1ABB1158-909C-4AD4-9F81-CB38BBA5D950}.Editor_Debug|Win32.ActiveCfg = Editor_Debug|Win32
		{1ABB1158-909C-4AD4-9F81-CB38BBA5D950}.Editor_Debug|Win32.Build.0 = Editor_Debug|Win32
		{1ABB1158-909C-4AD4-9F81-CB38BBA5D950}.Editor_Hybrid_Indie|Win32.ActiveCfg = Editor_Hybrid_Indie|Win32
		{1ABB1158-909C-4AD4-9F81-CB38BBA5D950}.Editor_Hybrid_Indie|Win32.Build.0 = Editor_Hybrid_Indie|Win32
		{1ABB1158-909C-4AD4-9F81-CB38BBA5D950}.Editor_Hybrid|Win32.ActiveCfg = Editor_Hybrid|Win32
		{1ABB1158-909C-4AD4-9F81-CB38BBA5D950}.Editor_Hybrid|Win32.Build.0 = Editor_Hybrid|Win32
		{1ABB1158-909C-4AD4-9F81-CB38BBA5D950}.Evaluation|Win32.ActiveCfg = Evaluation|Win32
		{1ABB1158-909C-4AD4-9F81-CB38BBA5D950}.Evaluation|Win32.Build.0 = Evaluation|Win32
		{1ABB1158-909C-4AD4-9F81-CB38BBA5D950}.Exporter_Debug|Win32.ActiveCfg = Exporter_Debug|Win32
		{1ABB1158-909C-4AD4-9F81-CB38BBA5D950}.Exporter_Debug|Win32.Build.0 = Exporter_Debug|Win32
		{1ABB1158-909C-4AD4-9F81-CB38BBA5D950}.Exporter_Release|Win32.ActiveCfg = Exporter_Release|Win32
		{1ABB1158-909C-4AD4-9F81-CB38BBA5D950}.Exporter_Release|Win32.Build.0 = Exporter_Release|Win32
		{1ABB1158-909C-4AD4-9F81-CB38BBA5D950}.Hybrid|Win32.ActiveCfg = Hybrid|Win32
		{1ABB1158-909C-4AD4-9F81-CB38BBA5D950}.Hybrid|Win32.Build.0 = Hybrid|Win32
		{1ABB1158-909C-4AD4-9F81-CB38BBA5D950}.PyModule_Hybrid|Win32.ActiveCfg = PyModule_Hybrid|Win32
		{1ABB1158-909C-4AD4-9F81-CB38BBA5D950}.PyModule_Hybrid|Win32.Build.0 = PyModule_Hybrid|Win32
		{1ABB1158-909C-4AD4-9F81-CB38BBA5D950}.Release_Indie|Win32.ActiveCfg = Release_Indie|Win32
		{1ABB1158-909C-4AD4-9F81-CB38BBA5D950}.Release_Indie|Win32.Build.0 = Release_Indie|Win32
		{1ABB1158-909C-4AD4-9F81-CB38BBA5D950}.Release|Win32.ActiveCfg = Release|Win32
		{1ABB1158-909C-4AD4-9F81-CB38BBA5D950}.Release|Win32.Build.0 = Release|Win32
		{1ABB1158-909C-4AD4-9F81-CB38BBA5D950}.Release9x|Win32.ActiveCfg = Release|Win32
		{1ABB1158-909C-4AD4-9F81-CB38BBA5D950}.Release9x|Win32.Build.0 = Release|Win32
		{1ABB1158-909C-4AD4-9F81-CB38BBA5D950}.Static_Release|Win32.ActiveCfg = Static_Release|Win32
		{1ABB1158-909C-4AD4-9F81-CB38BBA5D950}.Static_Release|Win32.Build.0 = Static_Release|Win32
		{1ABB1158-909C-4AD4-9F81-CB38BBA5D950}.Template|Win32.ActiveCfg = Template|Win32
		{1ABB1158-909C-4AD4-9F81-CB38BBA5D950}.Template|Win32.Build.0 = Template|Win32
		{A04109A7-46C9-42F9-AB29-8E3D84450172}.Consumer_Release_Indie|Win32.ActiveCfg = Release|Win32
		{A04109A7-46C9-42F9-AB29-8E3D84450172}.Consumer_Release_Indie|Win32.Build.0 = Release|Win32
		{A04109A7-46C9-42F9-AB29-8E3D84450172}.Consumer_Release|Win32.ActiveCfg = Release|Win32
		{A04109A7-46C9-42F9-AB29-8E3D84450172}.Consumer_Release|Win32.Build.0 = Release|Win32
		{A04109A7-46C9-42F9-AB29-8E3D84450172}.Debug|Win32.ActiveCfg = Debug|Win32
		{A04109A7-46C9-42F9-AB29-8E3D84450172}.Debug|Win32.Build.0 = Debug|Win32
		{A04109A7-46C9-42F9-AB29-8E3D84450172}.Debug9x|Win32.ActiveCfg = Debug|Win32
		{A04109A7-46C9-42F9-AB29-8E3D84450172}.Debug9x|Win32.Build.0 = Debug|Win32
		{A04109A7-46C9-42F9-AB29-8E3D84450172}.Editor_Debug|Win32.ActiveCfg = Debug|Win32
		{A04109A7-46C9-42F9-AB29-8E3D84450172}.Editor_Debug|Win32.Build.0 = Debug|Win32
		{A04109A7-46C9-42F9-AB29-8E3D84450172}.Editor_Hybrid_Indie|Win32.ActiveCfg = Release|Win32
		{A04109A7-46C9-42F9-AB29-8E3D84450172}.Editor_Hybrid_Indie|Win32.Build.0 = Release|Win32
		{A04109A7-46C9-42F9-AB29-8E3D84450172}.Editor_Hybrid|Win32.ActiveCfg = Release|Win32
		{A04109A7-46C9-42F9-AB29-8E3D84450172}.Editor_Hybrid|Win32.Build.0 = Release|Win32
		{A04109A7-46C9-42F9-AB29-8E3D84450172}.Evaluation|Win32.ActiveCfg = Release|Win32
		{A04109A7-46C9-42F9-AB29-8E3D84450172}.Evaluation|Win32.Build.0 = Release|Win32
		{A04109A7-46C9-42F9-AB29-8E3D84450172}.Exporter_Debug|Win32.ActiveCfg = Debug|Win32
		{A04109A7-46C9-42F9-AB29-8E3D84450172}.Exporter_Debug|Win32.Build.0 = Debug|Win32
		{A04109A7-46C9-42F9-AB29-8E3D84450172}.Exporter_Release|Win32.ActiveCfg = Release|Win32
		{A04109A7-46C9-42F9-AB29-8E3D84450172}.Exporter_Release|Win32.Build.0 = Release|Win32
		{A04109A7-46C9-42F9-AB29-8E3D84450172}.Hybrid|Win32.ActiveCfg = Release|Win32
		{A04109A7-46C9-42F9-AB29-8E3D84450172}.Hybrid|Win32.Build.0 = Release|Win32
		{A04109A7-46C9-42F9-AB29-8E3D84450172}.PyModule_Hybrid|Win32.ActiveCfg = Release|Win32
		{A04109A7-46C9-42F9-AB29-8E3D84450172}.PyModule_Hybrid|Win32.Build.0 = Release|Win32
		{A04109A7-46C9-42F9-AB29-8E3D84450172}.Release_Indie|Win32.ActiveCfg = Release|Win32
		{A04109A7-46C9-42F9-AB29-8E3D84450172}.Release_Indie|Win32.Build.0 = Release|Win32
		{A04109A7-46C9-42F9-AB29-8E3D84450172}.Release|Win32.ActiveCfg = Release|Win32
		{A04109A7-46C9-42F9-AB29-8E3D84450172}.Release|Win32.Build.0 = Release|Win32
		{A04109A7-46C9-42F9-AB29-8E3D84450172}.Release9x|Win32.ActiveCfg = Release|Win32
		{A04109A7-46C9-42F9-AB29-8E3D84450172}.Release9x|Win32.Build.0 = Release|Win32
		{A04109A7-46C9-42F9-AB29-8E3D84450172}.Static_Release|Win32.ActiveCfg = Release|Win32
		{A04109A7-46C9-42F9-AB29-8E3D84450172}.Static_Release|Win32.Build.0 = Release|Win32
		{A04109A7-46C9-42F9-AB29-8E3D84450172}.Template|Win32.ActiveCfg = Release|Win32
		{A04109A7-46C9-42F9-AB29-8E3D84450172}.Template|Win32.Build.0 = Release|Win32
		{6C92BA78-CFAA-4524-A636-F044B0280AB0}.Consumer_Release_Indie|Win32.ActiveCfg = Release|Win32
		{6C92BA78-CFAA-4524-A636-F044B0280AB0}.Consumer_Release_Indie|Win32.Build.0 = Release|Win32
		{6C92BA78-CFAA-4524-A636-F044B0280AB0}.Consumer_Release|Win32.ActiveCfg = Release|Win32
		{6C92BA78-CFAA-4524-A636-F044B0280AB0}.Consumer_Release|Win32.Build.0 = Release|Win32
		{6C92BA78-CFAA-4524-A636-F044B0280AB0}.Debug|Win32.ActiveCfg = Debug|Win32
		{6C92BA78-CFAA-4524-A636-F044B0280AB0}.Debug|Win32.Build.0 = Debug|Win32
		{6C92BA78-CFAA-4524-A636-F044B0280AB0}.Debug9x|Win32.ActiveCfg = Debug|Win32
		{6C92BA78-CFAA-4524-A636-F044B0280AB0}.Debug9x|Win32.Build.0 = Debug|Win32
		{6C92BA78-CFAA-4524-A636-F044B0280AB0}.Editor_Debug|Win32.ActiveCfg = Debug|Win32
		{6C92BA78-CFAA-4524-A636-F044B0280AB0}.Editor_Debug|Win32.Build.0 = Debug|Win32
		{6C92BA78-CFAA-4524-A636-F044B0280AB0}.Editor_Hybrid_Indie|Win32.ActiveCfg = Release|Win32
		{6C92BA78-CFAA-4524-A636-F044B0280AB0}.Editor_Hybrid_Indie|Win32.Build.0 = Release|Win32
		{6C92BA78-CFAA-4524-A636-F044B0280AB0}.Editor_Hybrid|Win32.ActiveCfg = Release|Win32
		{6C92BA78-CFAA-4524-A636-F044B0280AB0}.Editor_Hybrid|Win32.Build.0 = Release|Win32
		{6C92BA78-CFAA-4524-A636-F044B0280AB0}.Evaluation|Win32.ActiveCfg = Release|Win32
		{6C92BA78-CFAA-4524-A636-F044B0280AB0}.Evaluation|Win32.Build.0 = Release|Win32
		{6C92BA78-CFAA-4524-A636-F044B0280AB0}.Exporter_Debug|Win32.ActiveCfg = Debug|Win32
		{6C92BA78-CFAA-4524-A636-F044B0280AB0}.Exporter_Debug|Win32.Build.0 = Debug|Win32
		{6C92BA78-CFAA-4524-A636-F044B0280AB0}.Exporter_Release|Win32.ActiveCfg = Release|Win32
		{6C92BA78-CFAA-4524-A636-F044B0280AB0}.Exporter_Release|Win32.Build.0 = Release|Win32
		{6C92BA78-CFAA-4524-A636-F044B0280AB0}.Hybrid|Win32.ActiveCfg = Release|Win32
		{6C92BA78-CFAA-4524-A636-F044B0280AB0}.Hybrid|Win32.Build.0 = Release|Win32
		{6C92BA78-CFAA-4524-A636-F044B0280AB0}.PyModule_Hybrid|Win32.ActiveCfg = Release|Win32
		{6C92BA78-CFAA-4524-A636-F044B0280AB0}.PyModule_Hybrid|Win32.Build.0 = Release|Win32
		{6C92BA78-CFAA-4524-A636-F044B0280AB0}.Release_Indie|Win32.ActiveCfg = Release|Win32
		{6C92BA78-CFAA-4524-A636-F044B0280AB0}.Release_Indie|Win32.Build.0 = Release|Win32
		{6C92BA78-CFAA-4524-A636-F044B0280AB0}.Release|Win32.ActiveCfg = Release|Win32
		{6C92BA78-CFAA-4524-A636-F044B0280AB0}.Release|Win32.Build.0 = Release|Win32
		{6C92BA78-CFAA-4524-A636-F044B0280AB0}.Release9x|Win32.ActiveCfg = Release|Win32
		{6C92BA78-CFAA-4524-A636-F044B0280AB0}.Release9x|Win32.Build.0 = Release|Win32
		{6C92BA78-CFAA-4524-A636-F044B0280AB0}.Static_Release|Win32.ActiveCfg = Release|Win32
		{6C92BA78-CFAA-4524-A636-F044B0280AB0}.Static_Release|Win32.Build.0 = Release|Win32
		{6C92BA78-CFAA-4524-A636-F044B0280AB0}.Template|Win32.ActiveCfg = Release|Win32
		{6C92BA78-CFAA-4524-A636-F044B0280AB0}.Template|Win32.Build.0 = Release|Win32
		{24CB1A43-C6E1-442E-AF99-A91D26BA8FA0}.Consumer_Release_Indie|Win32.ActiveCfg = Release|Win32
		{24CB1A43-C6E1-442E-AF99-A91D26BA8FA0}.Consumer_Release_Indie|Win32.Build.0 = Release|Win32
		{24CB1A43-C6E1-442E-AF99-A91D26BA8FA0}.Consumer_Release|Win32.ActiveCfg = Release|Win32
		{24CB1A43-C6E1-442E-AF99-A91D26BA8FA0}.Consumer_Release|Win32.Build.0 = Release|Win32
		{24CB1A43-C6E1-442E-AF99-A91D26BA8FA0}.Debug|Win32.ActiveCfg = Debug|Win32
		{24CB1A43-C6E1-442E-AF99-A91D26BA8FA0}.Debug|Win32.Build.0 = Debug|Win32
		{24CB1A43-C6E1-442E-AF99-A91D26BA8FA0}.Debug9x|Win32.ActiveCfg = Debug|Win32
		{24CB1A43-C6E1-442E-AF99-A91D26BA8FA0}.Debug9x|Win32.Build.0 = Debug|Win32
		{24CB1A43-C6E1-442E-AF99-A91D26BA8FA0}.Editor_Debug|Win32.ActiveCfg = Debug|Win32
		{24CB1A43-C6E1-442E-AF99-A91D26BA8FA0}.Editor_Debug|Win32.Build.0 = Debug|Win32
		{24CB1A43-C6E1-442E-AF99-A91D26BA8FA0}.Editor_Hybrid_Indie|Win32.ActiveCfg = Release|Win32
		{24CB1A43-C6E1-442E-AF99-A91D26BA8FA0}.Editor_Hybrid_Indie|Win32.Build.0 = Release|Win32
		{24CB1A43-C6E1-442E-AF99-A91D26BA8FA0}.Editor_Hybrid|Win32.ActiveCfg = Release|Win32
		{24CB1A43-C6E1-442E-AF99-A91D26BA8FA0}.Editor_Hybrid|Win32.Build.0 = Release|Win32
		{24CB1A43-C6E1-442E-AF99-A91D26BA8FA0}.Evaluation|Win32.ActiveCfg = Release|Win32
		{24CB1A43-C6E1-442E-AF99-A91D26BA8FA0}.Evaluation|Win32.Build.0 = Release|Win32
		{24CB1A43-C6E1-442E-AF99-A91D26BA8FA0}.Exporter_Debug|Win32.ActiveCfg = Debug|Win32
		{24CB1A43-C6E1-442E-AF99-A91D26BA8FA0}.Exporter_Debug|Win32.Build.0 = Debug|Win32
		{24CB1A43-C6E1-442E-AF99-A91D26BA8FA0}.Exporter_Release|Win32.ActiveCfg = Release|Win32
		{24CB1A43-C6E1-442E-AF99-A91D26BA8FA0}.Exporter_Release|Win32.Build.0 = Release|Win32
		{24CB1A43-C6E1-442E-AF99-A91D26BA8FA0}.Hybrid|Win32.ActiveCfg = Release|Win32
		{24CB1A43-C6E1-442E-AF99-A91D26BA8FA0}.Hybrid|Win32.Build.0 = Release|Win32
		{24CB1A43-C6E1-442E-AF99-A91D26BA8FA0}.PyModule_Hybrid|Win32.ActiveCfg = Release|Win32
		{24CB1A43-C6E1-442E-AF99-A91D26BA8FA0}.PyModule_Hybrid|Win32.Build.0 = Release|Win32
		{24CB1A43-C6E1-442E-AF99-A91D26BA8FA0}.Release_Indie|Win32.ActiveCfg = Release|Win32
		{24CB1A43-C6E1-442E-AF99-A91D26BA8FA0}.Release_Indie|Win32.Build.0 = Release|Win32
		{24CB1A43-C6E1-442E-AF99-A91D26BA8FA0}.Release|Win32.ActiveCfg = Release|Win32
		{24CB1A43-C6E1-442E-AF99-A91D26BA8FA0}.Release|Win32.Build.0 = Release|Win32
		{24CB1A43-C6E1-442E-AF99-A91D26BA8FA0}.Release9x|Win32.ActiveCfg = Release|Win32
		{24CB1A43-C6E1-442E-AF99-A91D26BA8FA0}.Release9x|Win32.Build.0 = Release|Win32
		{24CB1A43-C6E1-442E-AF99-A91D26BA8FA0}.Static_Release|Win32.ActiveCfg = Release|Win32
		{24CB1A43-C6E1-442E-AF99-A91D26BA8FA0}.Static_Release|Win32.Build.0 = Release|Win32
		{24CB1A43-C6E1-442E-AF99-A91D26BA8FA0}.Template|Win32.ActiveCfg = Release|Win32
		{24CB1A43-C6E1-442E-AF99-A91D26BA8FA0}.Template|Win32.Build.0 = Release|Win32
		{F67B2C56-D1B1-4EA7-B16E-EF8E7F1B6C5F}.Consumer_Release_Indie|Win32.ActiveCfg = Release|Win32
		{F67B2C56-D1B1-4EA7-B16E-EF8E7F1B6C5F}.Consumer_Release_Indie|Win32.Build.0 = Release|Win32
		{F67B2C56-D1B1-4EA7-B16E-EF8E7F1B6C5F}.Consumer_Release|Win32.ActiveCfg = Release|Win32
		{F67B2C56-D1B1-4EA7-B16E-EF8E7F1B6C5F}.Consumer_Release|Win32.Build.0 = Release|Win32
		{F67B2C56-D1B1-4EA7-B16E-EF8E7F1B6C5F}.Debug|Win32.ActiveCfg = Debug|Win32
		{F67B2C56-D1B1-4EA7-B16E-EF8E7F1B6C5F}.Debug|Win32.Build.0 = Debug|Win32
		{F67B2C56-D1B1-4EA7-B16E-EF8E7F1B6C5F}.Debug9x|Win32.ActiveCfg = Debug|Win32
		{F67B2C56-D1B1-4EA7-B16E-EF8E7F1B6C5F}.Debug9x|Win32.Build.0 = Debug|Win32
		{F67B2C56-D1B1-4EA7-B16E-EF8E7F1B6C5F}.Editor_Debug|Win32.ActiveCfg = Debug|Win32
		{F67B2C56-D1B1-4EA7-B16E-EF8E7F1B6C5F}.Editor_Debug|Win32.Build.0 = Debug|Win32
		{F67B2C56-D1B1-4EA7-B16E-EF8E7F1B6C5F}.Editor_Hybrid_Indie|Win32.ActiveCfg = Release|Win32
		{F67B2C56-D1B1-4EA7-B16E-EF8E7F1B6C5F}.Editor_Hybrid_Indie|Win32.Build.0 = Release|Win32
		{F67B2C56-D1B1-4EA7-B16E-EF8E7F1B6C5F}.Editor_Hybrid|Win32.ActiveCfg = Release|Win32
		{F67B2C56-D1B1-4EA7-B16E-EF8E7F1B6C5F}.Editor_Hybrid|Win32.Build.0 = Release|Win32
		{F67B2C56-D1B1-4EA7-B16E-EF8E7F1B6C5F}.Evaluation|Win32.ActiveCfg = Release|Win32
		{F67B2C56-D1B1-4EA7-B16E-EF8E7F1B6C5F}.Evaluation|Win32.Build.0 = Release|Win32
		{F67B2C56-D1B1-4EA7-B16E-EF8E7F1B6C5F}.Exporter_Debug|Win32.ActiveCfg = Debug|Win32
		{F67B2C56-D1B1-4EA7-B16E-EF8E7F1B6C5F}.Exporter_Debug|Win32.Build.0 = Debug|Win32
		{F67B2C56-D1B1-4EA7-B16E-EF8E7F1B6C5F}.Exporter_Release|Win32.ActiveCfg = Release|Win32
		{F67B2C56-D1B1-4EA7-B16E-EF8E7F1B6C5F}.Exporter_Release|Win32.Build.0 = Release|Win32
		{F67B2C56-D1B1-4EA7-B16E-EF8E7F1B6C5F}.Hybrid|Win32.ActiveCfg = Release|Win32
		{F67B2C56-D1B1-4EA7-B16E-EF8E7F1B6C5F}.Hybrid|Win32.Build.0 = Release|Win32
		{F67B2C56-D1B1-4EA7-B16E-EF8E7F1B6C5F}.PyModule_Hybrid|Win32.ActiveCfg = Release|Win32
		{F67B2C56-D1B1-4EA7-B16E-EF8E7F1B6C5F}.PyModule_Hybrid|Win32.Build.0 = Release|Win32
		{F67B2C56-D1B1-4EA7-B16E-EF8E7F1B6C5F}.Release_Indie|Win32.ActiveCfg = Release|Win32
		{F67B2C56-D1B1-4EA7-B16E-EF8E7F1B6C5F}.Release_Indie|Win32.Build.0 = Release|Win32
		{F67B2C56-D1B1-4EA7-B16E-EF8E7F1B6C5F}.Release|Win32.ActiveCfg = Release|Win32
		{F67B2C56-D1B1-4EA7-B16E-EF8E7F1B6C5F}.Release|Win32.Build.0 = Release|Win32
		{F67B2C56-D1B1-4EA7-B16E-EF8E7F1B6C5F}.Release9x|Win32.ActiveCfg = Release|Win32
		{F67B2C56-D1B1-4EA7-B16E-EF8E7F1B6C5F}.Release9x|Win32.Build.0 = Release|Win32
		{F67B2C56-D1B1-4EA7-B16E-EF8E7F1B6C5F}.Static_Release|Win32.ActiveCfg = Release|Win32
		{F67B2C56-D1B1-4EA7-B16E-EF8E7F1B6C5F}.Static_Release|Win32.Build.0 = Release|Win32
		{F67B2C56-D1B1-4EA7-B16E-EF8E7F1B6C5F}.Template|Win32.ActiveCfg = Release|Win32
		{F67B2C56-D1B1-4EA7-B16E-EF8E7F1B6C5F}.Template|Win32.Build.0 = Release|Win32
		{9085A36E-CAF8-4E86-93AF-373D2554026B}.Consumer_Release_Indie|Win32.ActiveCfg = Release|Win32
		{9085A36E-CAF8-4E86-93AF-373D2554026B}.Consumer_Release_Indie|Win32.Build.0 = Release|Win32
		{9085A36E-CAF8-4E86-93AF-373D2554026B}.Consumer_Release|Win32.ActiveCfg = Release|Win32
		{9085A36E-CAF8-4E86-93AF-373D2554026B}.Consumer_Release|Win32.Build.0 = Release|Win32
		{9085A36E-CAF8-4E86-93AF-373D2554026B}.Debug|Win32.ActiveCfg = Debug|Win32
		{9085A36E-CAF8-4E86-93AF-373D2554026B}.Debug|Win32.Build.0 = Debug|Win32
		{9085A36E-CAF8-4E86-93AF-373D2554026B}.Debug9x|Win32.ActiveCfg = Debug|Win32
		{9085A36E-CAF8-4E86-93AF-373D2554026B}.Debug9x|Win32.Build.0 = Debug|Win32
		{9085A36E-CAF8-4E86-93AF-373D2554026B}.Editor_Debug|Win32.ActiveCfg = Debug|Win32
		{9085A36E-CAF8-4E86-93AF-373D2554026B}.Editor_Debug|Win32.Build.0 = Debug|Win32
		{9085A36E-CAF8-4E86-93AF-373D2554026B}.Editor_Hybrid_Indie|Win32.ActiveCfg = Release|Win32
		{9085A36E-CAF8-4E86-93AF-373D2554026B}.Editor_Hybrid_Indie|Win32.Build.0 = Release|Win32
		{9085A36E-CAF8-4E86-93AF-373D2554026B}.Editor_Hybrid|Win32.ActiveCfg = Release|Win32
		{9085A36E-CAF8-4E86-93AF-373D2554026B}.Editor_Hybrid|Win32.Build.0 = Release|Win32
		{9085A36E-CAF8-4E86-93AF-373D2554026B}.Evaluation|Win32.ActiveCfg = Release|Win32
		{9085A36E-CAF8-4E86-93AF-373D2554026B}.Evaluation|Win32.Build.0 = Release|Win32
		{9085A36E-CAF8-4E86-93AF-373D2554026B}.Exporter_Debug|Win32.ActiveCfg = Debug|Win32
		{9085A36E-CAF8-4E86-93AF-373D2554026B}.Exporter_Debug|Win32.Build.0 = Debug|Win32
		{9085A36E-CAF8-4E86-93AF-373D2554026B}.Exporter_Release|Win32.ActiveCfg = Release|Win32
		{9085A36E-CAF8-4E86-93AF-373D2554026B}.Exporter_Release|Win32.Build.0 = Release|Win32
		{9085A36E-CAF8-4E86-93AF-373D2554026B}.Hybrid|Win32.ActiveCfg = Release|Win32
		{9085A36E-CAF8-4E86-93AF-373D2554026B}.Hybrid|Win32.Build.0 = Release|Win32
		{9085A36E-CAF8-4E86-93AF-373D2554026B}.PyModule_Hybrid|Win32.ActiveCfg = Release|Win32
		{9085A36E-CAF8-4E86-93AF-373D2554026B}.PyModule_Hybrid|Win32.Build.0 = Release|Win32
		{9085A36E-CAF8-4E86-93AF-373D2554026B}.Release_Indie|Win32.ActiveCfg = Release|Win32
		{9085A36E-CAF8-4E86-93AF-373D2554026B}.Release_Indie|Win32.Build.0 = Release|Win32
		{9085A36E-CAF8-4E86-93AF-373D2554026B}.Release|Win32.ActiveCfg = Release|Win32
		{9085A36E-CAF8-4E86-93AF-373D2554026B}.Release|Win32.Build.0 = Release|Win32
		{9085A36E-CAF8-4E86-93AF-373D2554026B}.Release9x|Win32.ActiveCfg = Release|Win32
		{9085A36E-CAF8-4E86-93AF-373D2554026B}.Release9x|Win32.Build.0 = Release|Win32
		{9085A36E-CAF8-4E86-93AF-373D2554026B}.Static_Release|Win32.ActiveCfg = Release|Win32
		{9085A36E-CAF8-4E86-93AF-373D2554026B}.Static_Release|Win32.Build.0 = Release|Win32
		{9085A36E-CAF8-4E86-93AF-373D2554026B}.Template|Win32.ActiveCfg = Release|Win32
		{9085A36E-CAF8-4E86-93AF-373D2554026B}.Template|Win32.Build.0 = Release|Win32
		{5EF24499-4F74-4AF6-8048-650BE7BD7808}.Consumer_Release_Indie|Win32.ActiveCfg = Release|Win32
		{5EF24499-4F74-4AF6-8048-650BE7BD7808}.Consumer_Release_Indie|Win32.Build.0 = Release|Win32
		{5EF24499-4F74-4AF6-8048-650BE7BD7808}.Consumer_Release|Win32.ActiveCfg = Release|Win32
		{5EF24499-4F74-4AF6-8048-650BE7BD7808}.Consumer_Release|Win32.Build.0 = Release|Win32
		{5EF24499-4F74-4AF6-8048-650BE7BD7808}.Debug|Win32.ActiveCfg = Debug|Win32
		{5EF24499-4F74-4AF6-8048-650BE7BD7808}.Debug|Win32.Build.0 = Debug|Win32
		{5EF24499-4F74-4AF6-8048-650BE7BD7808}.Debug9x|Win32.ActiveCfg = Debug|Win32
		{5EF24499-4F74-4AF6-8048-650BE7BD7808}.Debug9x|Win32.Build.0 = Debug|Win32
		{5EF24499-4F74-4AF6-8048-650BE7BD7808}.Editor_Debug|Win32.ActiveCfg = Debug|Win32
		{5EF24499-4F74-4AF6-8048-650BE7BD7808}.Editor_Debug|Win32.Build.0 = Debug|Win32
		{5EF24499-4F74-4AF6-8048-650BE7BD7808}.Editor_Hybrid_Indie|Win32.ActiveCfg = Release|Win32
		{5EF24499-4F74-4AF6-8048-650BE7BD7808}.Editor_Hybrid_Indie|Win32.Build.0 = Release|Win32
		{5EF24499-4F74-4AF6-8048-650BE7BD7808}.Editor_Hybrid|Win32.ActiveCfg = Release|Win32
		{5EF24499-4F74-4AF6-8048-650BE7BD7808}.Editor_Hybrid|Win32.Build.0 = Release|Win32
		{5EF24499-4F74-4AF6-8048-650BE7BD7808}.Evaluation|Win32.ActiveCfg = Release|Win32
		{5EF24499-4F74-4AF6-8048-650BE7BD7808}.Evaluation|Win32.Build.0 = Release|Win32
		{5EF24499-4F74-4AF6-8048-650BE7BD7808}.Exporter_Debug|Win32.ActiveCfg = Debug|Win32
		{5EF24499-4F74-4AF6-8048-650BE7BD7808}.Exporter_Debug|Win32.Build.0 = Debug|Win32
		{5EF24499-4F74-4AF6-8048-650BE7BD7808}.Exporter_Release|Win32.ActiveCfg = Release|Win32
		{5EF24499-4F74-4AF6-8048-650BE7BD7808}.Exporter_Release|Win32.Build.0 = Release|Win32
		{5EF24499-4F74-4AF6-8048-650BE7BD7808}.Hybrid|Win32.ActiveCfg = Release|Win32
		{5EF24499-4F74-4AF6-8048-650BE7BD7808}.Hybrid|Win32.Build.0 = Release|Win32
		{5EF24499-4F74-4AF6-8048-650BE7BD7808}.PyModule_Hybrid|Win32.ActiveCfg = Release|Win32
		{5EF24499-4F74-4AF6-8048-650BE7BD7808}.PyModule_Hybrid|Win32.Build.0 = Release|Win32
		{5EF24499-4F74-4AF6-8048-650BE7BD7808}.Release_Indie|Win32.ActiveCfg = Release|Win32
		{5EF24499-4F74-4AF6-8048-650BE7BD7808}.Release_Indie|Win32.Build.0 = Release|Win32
		{5EF24499-4F74-4AF6-8048-650BE7BD7808}.Release|Win32.ActiveCfg = Release|Win32
		{5EF24499-4F74-4AF6-8048-650BE7BD7808}.Release|Win32.Build.0 = Release|Win32
		{5EF24499-4F74-4AF6-8048-650BE7BD7808}.Release9x|Win32.ActiveCfg = Release|Win32
		{5EF24499-4F74-4AF6-8048-650BE7BD7808}.Release9x|Win32.Build.0 = Release|Win32
		{5EF24499-4F74-4AF6-8048-650BE7BD7808}.Static_Release|Win32.ActiveCfg = Release|Win32
		{5EF24499-4F74-4AF6-8048-650BE7BD7808}.Static_Release|Win32.Build.0 = Release|Win32
		{5EF24499-4F74-4AF6-8048-650BE7BD7808}.Template|Win32.ActiveCfg = Release|Win32
		{5EF24499-4F74-4AF6-8048-650BE7BD7808}.Template|Win32.Build.0 = Release|Win32
		{3F8B2057-492F-4332-99DE-3E12F20ED489}.Consumer_Release_Indie|Win32.ActiveCfg = Release|Win32
		{3F8B2057-492F-4332-99DE-3E12F20ED489}.Consumer_Release_Indie|Win32.Build.0 = Release|Win32
		{3F8B2057-492F-4332-99DE-3E12F20ED489}.Consumer_Release|Win32.ActiveCfg = Release|Win32
		{3F8B2057-492F-4332-99DE-3E12F20ED489}.Consumer_Release|Win32.Build.0 = Release|Win32
		{3F8B2057-492F-4332-99DE-3E12F20ED489}.Debug|Win32.ActiveCfg = Debug|Win32
		{3F8B2057-492F-4332-99DE-3E12F20ED489}.Debug|Win32.Build.0 = Debug|Win32
		{3F8B2057-492F-4332-99DE-3E12F20ED489}.Debug9x|Win32.ActiveCfg = Debug|Win32
		{3F8B2057-492F-4332-99DE-3E12F20ED489}.Debug9x|Win32.Build.0 = Debug|Win32
		{3F8B2057-492F-4332-99DE-3E12F20ED489}.Editor_Debug|Win32.ActiveCfg = Debug|Win32
		{3F8B2057-492F-4332-99DE-3E12F20ED489}.Editor_Debug|Win32.Build.0 = Debug|Win32
		{3F8B2057-492F-4332-99DE-3E12F20ED489}.Editor_Hybrid_Indie|Win32.ActiveCfg = Release|Win32
		{3F8B2057-492F-4332-99DE-3E12F20ED489}.Editor_Hybrid_Indie|Win32.Build.0 = Release|Win32
		{3F8B2057-492F-4332-99DE-3E12F20ED489}.Editor_Hybrid|Win32.ActiveCfg = Release|Win32
		{3F8B2057-492F-4332-99DE-3E12F20ED489}.Editor_Hybrid|Win32.Build.0 = Release|Win32
		{3F8B2057-492F-4332-99DE-3E12F20ED489}.Evaluation|Win32.ActiveCfg = Release|Win32
		{3F8B2057-492F-4332-99DE-3E12F20ED489}.Evaluation|Win32.Build.0 = Release|Win32
		{3F8B2057-492F-4332-99DE-3E12F20ED489}.Exporter_Debug|Win32.ActiveCfg = Debug|Win32
		{3F8B2057-492F-4332-99DE-3E12F20ED489}.Exporter_Debug|Win32.Build.0 = Debug|Win32
		{3F8B2057-492F-4332-99DE-3E12F20ED489}.Exporter_Release|Win32.ActiveCfg = Release|Win32
		{3F8B2057-492F-4332-99DE-3E12F20ED489}.Exporter_Release|Win32.Build.0 = Release|Win32
		{3F8B2057-492F-4332-99DE-3E12F20ED489}.Hybrid|Win32.ActiveCfg = Release|Win32
		{3F8B2057-492F-4332-99DE-3E12F20ED489}.Hybrid|Win32.Build.0 = Release|Win32
		{3F8B2057-492F-4332-99DE-3E12F20ED489}.PyModule_Hybrid|Win32.ActiveCfg = Release|Win32
		{3F8B2057-492F-4332-99DE-3E12F20ED489}.PyModule_Hybrid|Win32.Build.0 = Release|Win32
		{3F8B2057-492F-4332-99DE-3E12F20ED489}.Release_Indie|Win32.ActiveCfg = Release|Win32
		{3F8B2057-492F-4332-99DE-3E12F20ED489}.Release_Indie|Win32.Build.0 = Release|Win32
		{3F8B2057-492F-4332-99DE-3E12F20ED489}.Release|Win32.ActiveCfg = Release|Win32
		{3F8B2057-492F-4332-99DE-3E12F20ED489}.Release|Win32.Build.0 = Release|Win32
		{3F8B2057-492F-4332-99DE-3E12F20ED489}.Release9x|Win32.ActiveCfg = Release|Win32
		{3F8B2057-492F-4332-99DE-3E12F20ED489}.Release9x|Win32.Build.0 = Release|Win32
		{3F8B2057-492F-4332-99DE-3E12F20ED489}.Static_Release|Win32.ActiveCfg = Release|Win32
		{3F8B2057-492F-4332-99DE-3E12F20ED489}.Static_Release|Win32.Build.0 = Release|Win32
		{3F8B2057-492F-4332-99DE-3E12F20ED489}.Template|Win32.ActiveCfg = Release|Win32
		{3F8B2057-492F-4332-99DE-3E12F20ED489}.Template|Win32.Build.0 = Release|Win32
		{863B8043-533C-499D-B48E-F5EC91A6CB9B}.Consumer_Release_Indie|Win32.ActiveCfg = Release|Win32
		{863B8043-533C-499D-B48E-F5EC91A6CB9B}.Consumer_Release_Indie|Win32.Build.0 = Release|Win32
		{863B8043-533C-499D-B48E-F5EC91A6CB9B}.Consumer_Release|Win32.ActiveCfg = Release|Win32
		{863B8043-533C-499D-B48E-F5EC91A6CB9B}.Consumer_Release|Win32.Build.0 = Release|Win32
		{863B8043-533C-499D-B48E-F5EC91A6CB9B}.Debug|Win32.ActiveCfg = Debug|Win32
		{863B8043-533C-499D-B48E-F5EC91A6CB9B}.Debug|Win32.Build.0 = Debug|Win32
		{863B8043-533C-499D-B48E-F5EC91A6CB9B}.Debug9x|Win32.ActiveCfg = Debug|Win32
		{863B8043-533C-499D-B48E-F5EC91A6CB9B}.Debug9x|Win32.Build.0 = Debug|Win32
		{863B8043-533C-499D-B48E-F5EC91A6CB9B}.Editor_Debug|Win32.ActiveCfg = Debug|Win32
		{863B8043-533C-499D-B48E-F5EC91A6CB9B}.Editor_Debug|Win32.Build.0 = Debug|Win32
		{863B8043-533C-499D-B48E-F5EC91A6CB9B}.Editor_Hybrid_Indie|Win32.ActiveCfg = Release|Win32
		{863B8043-533C-499D-B48E-F5EC91A6CB9B}.Editor_Hybrid_Indie|Win32.Build.0 = Release|Win32
		{863B8043-533C-499D-B48E-F5EC91A6CB9B}.Editor_Hybrid|Win32.ActiveCfg = Release|Win32
		{863B8043-533C-499D-B48E-F5EC91A6CB9B}.Editor_Hybrid|Win32.Build.0 = Release|Win32
		{863B8043-533C-499D-B48E-F5EC91A6CB9B}.Evaluation|Win32.ActiveCfg = Release|Win32
		{863B8043-533C-499D-B48E-F5EC91A6CB9B}.Evaluation|Win32.Build.0 = Release|Win32
		{863B8043-533C-499D-B48E-F5EC91A6CB9B}.Exporter_Debug|Win32.ActiveCfg = Debug|Win32
		{863B8043-533C-499D-B48E-F5EC91A6CB9B}.Exporter_Debug|Win32.Build.0 = Debug|Win32
		{863B8043-533C-499D-B48E-F5EC91A6CB9B}.Exporter_Release|Win32.ActiveCfg = Release|Win32
		{863B8043-533C-499D-B48E-F5EC91A6CB9B}.Exporter_Release|Win32.Build.0 = Release|Win32
		{863B8043-533C-499D-B48E-F5EC91A6CB9B}.Hybrid|Win32.ActiveCfg = Release|Win32
		{863B8043-533C-499D-B48E-F5EC91A6CB9B}.Hybrid|Win32.Build.0 = Release|Win32
		{863B8043-533C-499D-B48E-F5EC91A6CB9B}.PyModule_Hybrid|Win32.ActiveCfg = Release|Win32
		{863B8043-533C-499D-B48E-F5EC91A6CB9B}.PyModule_Hybrid|Win32.Build.0 = Release|Win32
		{863B8043-533C-499D-B48E-F5EC91A6CB9B}.Release_Indie|Win32.ActiveCfg = Release|Win32
		{863B8043-533C-499D-B48E-F5EC91A6CB9B}.Release_Indie|Win32.Build.0 = Release|Win32
		{863B8043-533C-499D-B48E-F5EC91A6CB9B}.Release|Win32.ActiveCfg = Release|Win32
		{863B8043-533C-499D-B48E-F5EC91A6CB9B}.Release|Win32.Build.0 = Release|Win32
		{863B8043-533C-499D-B48E-F5EC91A6CB9B}.Release9x|Win32.ActiveCfg = Release|Win32
		{863B8043-533C-499D-B48E-F5EC91A6CB9B}.Release9x|Win32.Build.0 = Release|Win32
		{863B8043-533C-499D-B48E-F5EC91A6CB9B}.Static_Release|Win32.ActiveCfg = Release|Win32
		{863B8043-533C-499D-B48E-F5EC91A6CB9B}.Static_Release|Win32.Build.0 = Release|Win32
		{863B8043-533C-499D-B48E-F5EC91A6CB9B}.Template|Win32.ActiveCfg = Release|Win32
		{863B8043-533C-499D-B48E-F5EC91A6CB9B}.Template|Win32.Build.0 = Release|Win32
		{2992ABDB-0853-4C43-B9E2-98D4211192EE}.Consumer_Release_Indie|Win32.ActiveCfg = Release|Win32
		{2992ABDB-0853-4C43-B9E2-98D4211192EE}.Consumer_Release_Indie|Win32.Build.0 = Release|Win32
		{2992ABDB-0853-4C43-B9E2-98D4211192EE}.Consumer_Release|Win32.ActiveCfg = Release|Win32
		{2992ABDB-0853-4C43-B9E2-98D4211192EE}.Consumer_Release|Win32.Build.0 = Release|Win32
		{2992ABDB-0853-4C43-B9E2-98D4211192EE}.Debug|Win32.ActiveCfg = Debug|Win32
		{2992ABDB-0853-4C43-B9E2-98D4211192EE}.Debug|Win32.Build.0 = Debug|Win32
		{2992ABDB-0853-4C43-B9E2-98D4211192EE}.Debug9x|Win32.ActiveCfg = Debug|Win32
		{2992ABDB-0853-4C43-B9E2-98D4211192EE}.Debug9x|Win32.Build.0 = Debug|Win32
		{2992ABDB-0853-4C43-B9E2-98D4211192EE}.Editor_Debug|Win32.ActiveCfg = Debug|Win32
		{2992ABDB-0853-4C43-B9E2-98D4211192EE}.Editor_Debug|Win32.Build.0 = Debug|Win32
		{2992ABDB-0853-4C43-B9E2-98D4211192EE}.Editor_Hybrid_Indie|Win32.ActiveCfg = Release|Win32
		{2992ABDB-0853-4C43-B9E2-98D4211192EE}.Editor_Hybrid_Indie|Win32.Build.0 = Release|Win32
		{2992ABDB-0853-4C43-B9E2-98D4211192EE}.Editor_Hybrid|Win32.ActiveCfg = Release|Win32
		{2992ABDB-0853-4C43-B9E2-98D4211192EE}.Editor_Hybrid|Win32.Build.0 = Release|Win32
		{2992ABDB-0853-4C43-B9E2-98D4211192EE}.Evaluation|Win32.ActiveCfg = Release|Win32
		{2992ABDB-0853-4C43-B9E2-98D4211192EE}.Evaluation|Win32.Build.0 = Release|Win32
		{2992ABDB-0853-4C43-B9E2-98D4211192EE}.Exporter_Debug|Win32.ActiveCfg = Debug|Win32
		{2992ABDB-0853-4C43-B9E2-98D4211192EE}.Exporter_Debug|Win32.Build.0 = Debug|Win32
		{2992ABDB-0853-4C43-B9E2-98D4211192EE}.Exporter_Release|Win32.ActiveCfg = Release|Win32
		{2992ABDB-0853-4C43-B9E2-98D4211192EE}.Exporter_Release|Win32.Build.0 = Release|Win32
		{2992ABDB-0853-4C43-B9E2-98D4211192EE}.Hybrid|Win32.ActiveCfg = Release|Win32
		{2992ABDB-0853-4C43-B9E2-98D4211192EE}.Hybrid|Win32.Build.0 = Release|Win32
		{2992ABDB-0853-4C43-B9E2-98D4211192EE}.PyModule_Hybrid|Win32.ActiveCfg = Release|Win32
		{2992ABDB-0853-4C43-B9E2-98D4211192EE}.PyModule_Hybrid|Win32.Build.0 = Release|Win32
		{2992ABDB-0853-4C43-B9E2-98D4211192EE}.Release_Indie|Win32.ActiveCfg = Release|Win32
		{2992ABDB-0853-4C43-B9E2-98D4211192EE}.Release_Indie|Win32.Build.0 = Release|Win32
		{2992ABDB-0853-4C43-B9E2-98D4211192EE}.Release|Win32.ActiveCfg = Release|Win32
		{2992ABDB-0853-4C43-B9E2-98D4211192EE}.Release|Win32.Build.0 = Release|Win32
		{2992ABDB-0853-4C43-B9E2-98D4211192EE}.Release9x|Win32.ActiveCfg = Release|Win32
		{2992ABDB-0853-4C43-B9E2-98D4211192EE}.Release9x|Win32.Build.0 = Release|Win32
		{2992ABDB-0853-4C43-B9E2-98D4211192EE}.Static_Release|Win32.ActiveCfg = Release|Win32
		{2992ABDB-0853-4C43-B9E2-98D4211192EE}.Static_Release|Win32.Build.0 = Release|Win32
		{2992ABDB-0853-4C43-B9E2-98D4211192EE}.Template|Win32.ActiveCfg = Release|Win32
		{2992ABDB-0853-4C43-B9E2-98D4211192EE}.Template|Win32.Build.0 = Release|Win32
	EndGlobalSection
	GlobalSection(SolutionProperties) = preSolution
		HideSolutionNode = FALSE
	EndGlobalSection
	GlobalSection(NestedProjects) = preSolution
		{1DC1ECC0-B839-434B-8EFB-E60F35DC51B5} = {7B8CD32C-6C81-4A6C-8C18-45A87030B14E}
		{482AB74D-E036-4C73-BCE7-7A15EFFC2463} = {7B8CD32C-6C81-4A6C-8C18-45A87030B14E}
		{14D325F0-8F62-43C2-A244-F282C21A3DCE} = {1DC1ECC0-B839-434B-8EFB-E60F35DC51B5}
		{1755D86E-98B2-4718-9BAC-E1D1240E3BD8} = {1DC1ECC0-B839-434B-8EFB-E60F35DC51B5}
		{45A08C1B-D249-42C4-932C-615ED3924CBB} = {1DC1ECC0-B839-434B-8EFB-E60F35DC51B5}
		{42FC1F89-7136-45E8-94E3-594C173C2937} = {1DC1ECC0-B839-434B-8EFB-E60F35DC51B5}
		{1ABB1158-909C-4AD4-9F81-CB38BBA5D950} = {1DC1ECC0-B839-434B-8EFB-E60F35DC51B5}
		{A04109A7-46C9-42F9-AB29-8E3D84450172} = {482AB74D-E036-4C73-BCE7-7A15EFFC2463}
		{6C92BA78-CFAA-4524-A636-F044B0280AB0} = {482AB74D-E036-4C73-BCE7-7A15EFFC2463}
		{24CB1A43-C6E1-442E-AF99-A91D26BA8FA0} = {482AB74D-E036-4C73-BCE7-7A15EFFC2463}
		{F67B2C56-D1B1-4EA7-B16E-EF8E7F1B6C5F} = {482AB74D-E036-4C73-BCE7-7A15EFFC2463}
		{9085A36E-CAF8-4E86-93AF-373D2554026B} = {482AB74D-E036-4C73-BCE7-7A15EFFC2463}
		{5EF24499-4F74-4AF6-8048-650BE7BD7808} = {482AB74D-E036-4C73-BCE7-7A15EFFC2463}
		{3F8B2057-492F-4332-99DE-3E12F20ED489} = {482AB74D-E036-4C73-BCE7-7A15EFFC2463}
		{863B8043-533C-499D-B48E-F5EC91A6CB9B} = {482AB74D-E036-4C73-BCE7-7A15EFFC2463}
		{2992ABDB-0853-4C43-B9E2-98D4211192EE} = {482AB74D-E036-4C73-BCE7-7A15EFFC2463}
		{C6C836E6-2899-458A-90BA-184192342D30} = {14D325F0-8F62-43C2-A244-F282C21A3DCE}
		{7CDBBFFF-3B84-413E-BA1A-47CB8D454A46} = {14D325F0-8F62-43C2-A244-F282C21A3DCE}
		{105F6078-2A3B-C649-BB3D-4C45976FEB8F} = {14D325F0-8F62-43C2-A244-F282C21A3DCE}
		{561FA9F7-14D0-4D94-822C-AAE9B08AACEF} = {14D325F0-8F62-43C2-A244-F282C21A3DCE}
		{221AA52F-A32B-4499-9705-0541ECC13C3C} = {E72B5A95-1A9B-4A9C-AC03-1FCC045A22DE}
		{50AA0F02-3FCB-4632-9FC1-E537BC41F360} = {E72B5A95-1A9B-4A9C-AC03-1FCC045A22DE}
		{254B63F3-D09E-46F2-8AB0-7EE6387DE561} = {E72B5A95-1A9B-4A9C-AC03-1FCC045A22DE}
		{800410C2-644D-4689-BE62-EDB442364E02} = {E72B5A95-1A9B-4A9C-AC03-1FCC045A22DE}
		{349E720B-7D14-4809-8498-0F8265037F93} = {E72B5A95-1A9B-4A9C-AC03-1FCC045A22DE}
		{6D5C6D52-1A53-4E84-8BC5-251E53CB202C} = {E72B5A95-1A9B-4A9C-AC03-1FCC045A22DE}
		{418E30F8-CF94-4C30-A2C1-83C7020BED6F} = {E72B5A95-1A9B-4A9C-AC03-1FCC045A22DE}
		{26195A87-700C-42D6-A271-20B6CACC6249} = {1755D86E-98B2-4718-9BAC-E1D1240E3BD8}
		{678E55F0-E0F7-4E52-82E4-9AD50F0753B8} = {1755D86E-98B2-4718-9BAC-E1D1240E3BD8}
	EndGlobalSection
EndGlobal
