<?xml version="1.0" encoding="utf-8"?>
<Project ToolsVersion="4.0" xmlns="http://schemas.microsoft.com/developer/msbuild/2003">
  <ItemGroup>
    <Filter Include="win32">
      <UniqueIdentifier>{84a8ebd7-7cf0-47f6-b75e-d441df67da40}</UniqueIdentifier>
    </Filter>
    <Filter Include="resource">
      <UniqueIdentifier>{715254bc-d70b-4ec5-bf29-467dd3ace079}</UniqueIdentifier>
    </Filter>
    <Filter Include="src">
      <UniqueIdentifier>{bb6c862e-70e9-49d9-81b7-3829a6f50471}</UniqueIdentifier>
    </Filter>
    <Filter Include="src\AStar_mask">
      <UniqueIdentifier>{5f405f0c-6e91-4739-93fb-d6d4afc9a854}</UniqueIdentifier>
    </Filter>
    <Filter Include="src\Sprite3DTest">
      <UniqueIdentifier>{e6b5ecef-eec8-45ca-a102-5b8d4c904d60}</UniqueIdentifier>
    </Filter>
    <Filter Include="src\tool">
      <UniqueIdentifier>{11f04d05-159d-4f28-816f-01b7aa5486a7}</UniqueIdentifier>
    </Filter>
  </ItemGroup>
  <ItemGroup>
    <ClCompile Include="main.cpp">
      <Filter>win32</Filter>
    </ClCompile>
    <ClCompile Include="..\Classes\AppDelegate.cpp">
      <Filter>src</Filter>
    </ClCompile>
    <ClCompile Include="..\Classes\HelloWorldScene.cpp">
      <Filter>src</Filter>
    </ClCompile>
    <ClCompile Include="..\Classes\AStar_mask\AStarMap.cpp">
      <Filter>src\AStar_mask</Filter>
    </ClCompile>
    <ClCompile Include="..\Classes\AStar_mask\Intersection.cpp">
      <Filter>src\AStar_mask</Filter>
    </ClCompile>
    <ClCompile Include="..\Classes\AStar_mask\MapNode.cpp">
      <Filter>src\AStar_mask</Filter>
    </ClCompile>
    <ClCompile Include="..\Classes\AStar_mask\Optimize.cpp">
      <Filter>src\AStar_mask</Filter>
    </ClCompile>
    <ClCompile Include="..\Classes\AStar_mask\PathSearchObject.cpp">
      <Filter>src\AStar_mask</Filter>
    </ClCompile>
    <ClCompile Include="..\Classes\AStar_mask\TgridImporter.cpp">
      <Filter>src\AStar_mask</Filter>
    </ClCompile>
    <ClCompile Include="..\Classes\AppTest.cpp">
      <Filter>src</Filter>
    </ClCompile>
    <ClCompile Include="..\Classes\Sprite3DTest\DrawNode3D.cpp">
      <Filter>src\Sprite3DTest</Filter>
    </ClCompile>
    <ClCompile Include="..\Classes\Logic.cpp">
      <Filter>src\tool</Filter>
    </ClCompile>
    <ClCompile Include="..\Classes\Util.cpp">
      <Filter>src\tool</Filter>
    </ClCompile>
    <ClCompile Include="..\Classes\Scene2d.cpp">
      <Filter>src</Filter>
    </ClCompile>
    <ClCompile Include="..\Classes\Scene3d.cpp">
      <Filter>src</Filter>
    </ClCompile>
  </ItemGroup>
  <ItemGroup>
    <ClInclude Include="main.h">
      <Filter>win32</Filter>
    </ClInclude>
    <ClInclude Include="..\Classes\AppDelegate.h">
      <Filter>src</Filter>
    </ClInclude>
    <ClInclude Include="..\Classes\HelloWorldScene.h">
      <Filter>src</Filter>
    </ClInclude>
    <ClInclude Include="..\Classes\AStar_mask\AStarMap.h">
      <Filter>src\AStar_mask</Filter>
    </ClInclude>
    <ClInclude Include="..\Classes\AStar_mask\AStarSearch.hpp">
      <Filter>src\AStar_mask</Filter>
    </ClInclude>
    <ClInclude Include="..\Classes\AStar_mask\Intersection.h">
      <Filter>src\AStar_mask</Filter>
    </ClInclude>
    <ClInclude Include="..\Classes\AStar_mask\IntrHashSet.hpp">
      <Filter>src\AStar_mask</Filter>
    </ClInclude>
    <ClInclude Include="..\Classes\AStar_mask\IntrHeapHash.hpp">
      <Filter>src\AStar_mask</Filter>
    </ClInclude>
    <ClInclude Include="..\Classes\AStar_mask\inttypes.h">
      <Filter>src\AStar_mask</Filter>
    </ClInclude>
    <ClInclude Include="..\Classes\AStar_mask\MapNode.h">
      <Filter>src\AStar_mask</Filter>
    </ClInclude>
    <ClInclude Include="..\Classes\AStar_mask\Optimize.h">
      <Filter>src\AStar_mask</Filter>
    </ClInclude>
    <ClInclude Include="..\Classes\AStar_mask\PathSearchObject.h">
      <Filter>src\AStar_mask</Filter>
    </ClInclude>
    <ClInclude Include="..\Classes\AStar_mask\TgridImporter.h">
      <Filter>src\AStar_mask</Filter>
    </ClInclude>
    <ClInclude Include="..\Classes\AppTest.h">
      <Filter>src</Filter>
    </ClInclude>
    <ClInclude Include="..\Classes\testResource.h">
      <Filter>src</Filter>
    </ClInclude>
    <ClInclude Include="..\Classes\Sprite3DTest\DrawNode3D.h">
      <Filter>src\Sprite3DTest</Filter>
    </ClInclude>
    <ClInclude Include="..\Classes\Logic.h">
      <Filter>src\tool</Filter>
    </ClInclude>
    <ClInclude Include="..\Classes\Util.h">
      <Filter>src\tool</Filter>
    </ClInclude>
    <ClInclude Include="..\Classes\Scene2d.h">
      <Filter>src</Filter>
    </ClInclude>
    <ClInclude Include="..\Classes\Scene3d.h">
      <Filter>src</Filter>
    </ClInclude>
  </ItemGroup>
  <ItemGroup>
    <ResourceCompile Include="game.rc">
      <Filter>resource</Filter>
    </ResourceCompile>
  </ItemGroup>
</Project>