
Microsoft Visual Studio Solution File, Format Version 12.00
# Visual Studio 2013
VisualStudioVersion = 12.0.21005.1
MinimumVisualStudioVersion = 10.0.40219.1
Project("{8BC9CEB8-8B4A-11D0-8D11-00A0C91BC942}") = "xService", "..\..\pro\xService\xService.vcxproj", "{221AA52F-A32B-4499-9705-0541ECC13C3C}"
EndProject
Project("{8BC9CEB8-8B4A-11D0-8D11-00A0C91BC942}") = "xTest", "..\..\pro\xTest\xTest.vcxproj", "{418E30F8-CF94-4C30-A2C1-83C7020BED6F}"
EndProject
Project("{8BC9CEB8-8B4A-11D0-8D11-00A0C91BC942}") = "xDemo", "..\..\pro\xDemo\xDemo.vcxproj", "{6D5C6D52-1A53-4E84-8BC5-251E53CB202C}"
EndProject
Project("{8BC9CEB8-8B4A-11D0-8D11-00A0C91BC942}") = "xTest-game", "..\..\pro\xCocos\proj.win32\xCocos.vcxproj", "{76A39BB2-9B84-4C65-98A5-654D86B86F2A}"
EndProject
Project("{2150E333-8FDC-42A3-9474-1A3956D46DE8}") = "ext", "ext", "{713942C9-25E5-4DC4-9987-B1EBBF7B6E1A}"
EndProject
Project("{8BC9CEB8-8B4A-11D0-8D11-00A0C91BC942}") = "opencv_core", "..\..\dep\libs_src\opencv\vs2010\modules\core\opencv_core.vcxproj", "{959B8304-7DB1-4DE5-9431-D55D6170E242}"
EndProject
Project("{8BC9CEB8-8B4A-11D0-8D11-00A0C91BC942}") = "opencv_imgproc", "..\..\dep\libs_src\opencv\vs2010\modules\imgproc\opencv_imgproc.vcxproj", "{8D863C1F-48F8-4ECF-8B65-6C4BF5724443}"
EndProject
Project("{8BC9CEB8-8B4A-11D0-8D11-00A0C91BC942}") = "opencv_highgui", "..\..\dep\libs_src\opencv\vs2010\modules\highgui\opencv_highgui.vcxproj", "{96BB9792-41AA-48B7-9D00-9011364D3E4B}"
EndProject
Project("{2150E333-8FDC-42A3-9474-1A3956D46DE8}") = "tmp", "tmp", "{8CD2BB95-A2FE-46B7-AE27-2D92FB538634}"
EndProject
Project("{F088123C-0E9E-452A-89E6-6BA2F21D5CAC}") = "xModel", "..\..\pro\xModel\xModel.modelproj", "{DBED7D0A-46FF-4A9E-B761-9F261E021FB3}"
EndProject
Project("{FAE04EC0-301F-11D3-BF4B-00C04F79EFBC}") = "xModelLib", "..\..\pro\xModelLib\xModelLib.csproj", "{8DB00D82-0072-407D-BB82-AF1D1CF38BAE}"
EndProject
Project("{2150E333-8FDC-42A3-9474-1A3956D46DE8}") = "uml", "uml", "{EA63238C-DDFF-440F-A84D-414F0489F2CD}"
EndProject
Project("{2150E333-8FDC-42A3-9474-1A3956D46DE8}") = "lab", "lab", "{7F73B8B6-B4A4-4AB0-9E22-15F5A23A5108}"
EndProject
Project("{9092AA53-FB77-4645-B42D-1CCCA6BD08BD}") = "xTest-script", "..\..\pro\xScript\xTest-script.njsproj", "{5BD404F9-6659-4EE7-A1D3-9727CB0ABF54}"
EndProject
Global
	GlobalSection(SolutionConfigurationPlatforms) = preSolution
		Debug|Any CPU = Debug|Any CPU
		Debug|Mixed Platforms = Debug|Mixed Platforms
		Debug|Win32 = Debug|Win32
		Debug|x64 = Debug|x64
		MinSizeRel|Any CPU = MinSizeRel|Any CPU
		MinSizeRel|Mixed Platforms = MinSizeRel|Mixed Platforms
		MinSizeRel|Win32 = MinSizeRel|Win32
		MinSizeRel|x64 = MinSizeRel|x64
		Release|Any CPU = Release|Any CPU
		Release|Mixed Platforms = Release|Mixed Platforms
		Release|Win32 = Release|Win32
		Release|x64 = Release|x64
		RelWithDebInfo|Any CPU = RelWithDebInfo|Any CPU
		RelWithDebInfo|Mixed Platforms = RelWithDebInfo|Mixed Platforms
		RelWithDebInfo|Win32 = RelWithDebInfo|Win32
		RelWithDebInfo|x64 = RelWithDebInfo|x64
	EndGlobalSection
	GlobalSection(ProjectConfigurationPlatforms) = postSolution
		{221AA52F-A32B-4499-9705-0541ECC13C3C}.Debug|Any CPU.ActiveCfg = Debug|Win32
		{221AA52F-A32B-4499-9705-0541ECC13C3C}.Debug|Mixed Platforms.ActiveCfg = Debug|Win32
		{221AA52F-A32B-4499-9705-0541ECC13C3C}.Debug|Mixed Platforms.Build.0 = Debug|Win32
		{221AA52F-A32B-4499-9705-0541ECC13C3C}.Debug|Win32.ActiveCfg = Debug|Win32
		{221AA52F-A32B-4499-9705-0541ECC13C3C}.Debug|Win32.Build.0 = Debug|Win32
		{221AA52F-A32B-4499-9705-0541ECC13C3C}.Debug|x64.ActiveCfg = Debug|Win32
		{221AA52F-A32B-4499-9705-0541ECC13C3C}.MinSizeRel|Any CPU.ActiveCfg = Release|Win32
		{221AA52F-A32B-4499-9705-0541ECC13C3C}.MinSizeRel|Mixed Platforms.ActiveCfg = Release|Win32
		{221AA52F-A32B-4499-9705-0541ECC13C3C}.MinSizeRel|Mixed Platforms.Build.0 = Release|Win32
		{221AA52F-A32B-4499-9705-0541ECC13C3C}.MinSizeRel|Win32.ActiveCfg = Release|Win32
		{221AA52F-A32B-4499-9705-0541ECC13C3C}.MinSizeRel|Win32.Build.0 = Release|Win32
		{221AA52F-A32B-4499-9705-0541ECC13C3C}.MinSizeRel|x64.ActiveCfg = Release|Win32
		{221AA52F-A32B-4499-9705-0541ECC13C3C}.Release|Any CPU.ActiveCfg = Release|Win32
		{221AA52F-A32B-4499-9705-0541ECC13C3C}.Release|Mixed Platforms.ActiveCfg = Release|Win32
		{221AA52F-A32B-4499-9705-0541ECC13C3C}.Release|Mixed Platforms.Build.0 = Release|Win32
		{221AA52F-A32B-4499-9705-0541ECC13C3C}.Release|Win32.ActiveCfg = Release|Win32
		{221AA52F-A32B-4499-9705-0541ECC13C3C}.Release|Win32.Build.0 = Release|Win32
		{221AA52F-A32B-4499-9705-0541ECC13C3C}.Release|x64.ActiveCfg = Release|Win32
		{221AA52F-A32B-4499-9705-0541ECC13C3C}.RelWithDebInfo|Any CPU.ActiveCfg = Release|Win32
		{221AA52F-A32B-4499-9705-0541ECC13C3C}.RelWithDebInfo|Mixed Platforms.ActiveCfg = Release|Win32
		{221AA52F-A32B-4499-9705-0541ECC13C3C}.RelWithDebInfo|Mixed Platforms.Build.0 = Release|Win32
		{221AA52F-A32B-4499-9705-0541ECC13C3C}.RelWithDebInfo|Win32.ActiveCfg = Release|Win32
		{221AA52F-A32B-4499-9705-0541ECC13C3C}.RelWithDebInfo|Win32.Build.0 = Release|Win32
		{221AA52F-A32B-4499-9705-0541ECC13C3C}.RelWithDebInfo|x64.ActiveCfg = Release|Win32
		{418E30F8-CF94-4C30-A2C1-83C7020BED6F}.Debug|Any CPU.ActiveCfg = Debug|Win32
		{418E30F8-CF94-4C30-A2C1-83C7020BED6F}.Debug|Mixed Platforms.ActiveCfg = Debug|Win32
		{418E30F8-CF94-4C30-A2C1-83C7020BED6F}.Debug|Mixed Platforms.Build.0 = Debug|Win32
		{418E30F8-CF94-4C30-A2C1-83C7020BED6F}.Debug|Win32.ActiveCfg = Debug|Win32
		{418E30F8-CF94-4C30-A2C1-83C7020BED6F}.Debug|Win32.Build.0 = Debug|Win32
		{418E30F8-CF94-4C30-A2C1-83C7020BED6F}.Debug|x64.ActiveCfg = Debug|Win32
		{418E30F8-CF94-4C30-A2C1-83C7020BED6F}.MinSizeRel|Any CPU.ActiveCfg = Release|Win32
		{418E30F8-CF94-4C30-A2C1-83C7020BED6F}.MinSizeRel|Mixed Platforms.ActiveCfg = Release|Win32
		{418E30F8-CF94-4C30-A2C1-83C7020BED6F}.MinSizeRel|Mixed Platforms.Build.0 = Release|Win32
		{418E30F8-CF94-4C30-A2C1-83C7020BED6F}.MinSizeRel|Win32.ActiveCfg = Release|Win32
		{418E30F8-CF94-4C30-A2C1-83C7020BED6F}.MinSizeRel|Win32.Build.0 = Release|Win32
		{418E30F8-CF94-4C30-A2C1-83C7020BED6F}.MinSizeRel|x64.ActiveCfg = Release|Win32
		{418E30F8-CF94-4C30-A2C1-83C7020BED6F}.Release|Any CPU.ActiveCfg = Release|Win32
		{418E30F8-CF94-4C30-A2C1-83C7020BED6F}.Release|Mixed Platforms.ActiveCfg = Release|Win32
		{418E30F8-CF94-4C30-A2C1-83C7020BED6F}.Release|Mixed Platforms.Build.0 = Release|Win32
		{418E30F8-CF94-4C30-A2C1-83C7020BED6F}.Release|Win32.ActiveCfg = Release|Win32
		{418E30F8-CF94-4C30-A2C1-83C7020BED6F}.Release|Win32.Build.0 = Release|Win32
		{418E30F8-CF94-4C30-A2C1-83C7020BED6F}.Release|x64.ActiveCfg = Release|Win32
		{418E30F8-CF94-4C30-A2C1-83C7020BED6F}.RelWithDebInfo|Any CPU.ActiveCfg = Release|Win32
		{418E30F8-CF94-4C30-A2C1-83C7020BED6F}.RelWithDebInfo|Mixed Platforms.ActiveCfg = Release|Win32
		{418E30F8-CF94-4C30-A2C1-83C7020BED6F}.RelWithDebInfo|Mixed Platforms.Build.0 = Release|Win32
		{418E30F8-CF94-4C30-A2C1-83C7020BED6F}.RelWithDebInfo|Win32.ActiveCfg = Release|Win32
		{418E30F8-CF94-4C30-A2C1-83C7020BED6F}.RelWithDebInfo|Win32.Build.0 = Release|Win32
		{418E30F8-CF94-4C30-A2C1-83C7020BED6F}.RelWithDebInfo|x64.ActiveCfg = Release|Win32
		{6D5C6D52-1A53-4E84-8BC5-251E53CB202C}.Debug|Any CPU.ActiveCfg = Debug|Win32
		{6D5C6D52-1A53-4E84-8BC5-251E53CB202C}.Debug|Mixed Platforms.ActiveCfg = Debug|Win32
		{6D5C6D52-1A53-4E84-8BC5-251E53CB202C}.Debug|Mixed Platforms.Build.0 = Debug|Win32
		{6D5C6D52-1A53-4E84-8BC5-251E53CB202C}.Debug|Win32.ActiveCfg = Debug|Win32
		{6D5C6D52-1A53-4E84-8BC5-251E53CB202C}.Debug|Win32.Build.0 = Debug|Win32
		{6D5C6D52-1A53-4E84-8BC5-251E53CB202C}.Debug|x64.ActiveCfg = Debug|Win32
		{6D5C6D52-1A53-4E84-8BC5-251E53CB202C}.MinSizeRel|Any CPU.ActiveCfg = Release|Win32
		{6D5C6D52-1A53-4E84-8BC5-251E53CB202C}.MinSizeRel|Mixed Platforms.ActiveCfg = Release|Win32
		{6D5C6D52-1A53-4E84-8BC5-251E53CB202C}.MinSizeRel|Mixed Platforms.Build.0 = Release|Win32
		{6D5C6D52-1A53-4E84-8BC5-251E53CB202C}.MinSizeRel|Win32.ActiveCfg = Release|Win32
		{6D5C6D52-1A53-4E84-8BC5-251E53CB202C}.MinSizeRel|Win32.Build.0 = Release|Win32
		{6D5C6D52-1A53-4E84-8BC5-251E53CB202C}.MinSizeRel|x64.ActiveCfg = Release|Win32
		{6D5C6D52-1A53-4E84-8BC5-251E53CB202C}.Release|Any CPU.ActiveCfg = Release|Win32
		{6D5C6D52-1A53-4E84-8BC5-251E53CB202C}.Release|Mixed Platforms.ActiveCfg = Release|Win32
		{6D5C6D52-1A53-4E84-8BC5-251E53CB202C}.Release|Mixed Platforms.Build.0 = Release|Win32
		{6D5C6D52-1A53-4E84-8BC5-251E53CB202C}.Release|Win32.ActiveCfg = Release|Win32
		{6D5C6D52-1A53-4E84-8BC5-251E53CB202C}.Release|Win32.Build.0 = Release|Win32
		{6D5C6D52-1A53-4E84-8BC5-251E53CB202C}.Release|x64.ActiveCfg = Release|Win32
		{6D5C6D52-1A53-4E84-8BC5-251E53CB202C}.RelWithDebInfo|Any CPU.ActiveCfg = Release|Win32
		{6D5C6D52-1A53-4E84-8BC5-251E53CB202C}.RelWithDebInfo|Mixed Platforms.ActiveCfg = Release|Win32
		{6D5C6D52-1A53-4E84-8BC5-251E53CB202C}.RelWithDebInfo|Mixed Platforms.Build.0 = Release|Win32
		{6D5C6D52-1A53-4E84-8BC5-251E53CB202C}.RelWithDebInfo|Win32.ActiveCfg = Release|Win32
		{6D5C6D52-1A53-4E84-8BC5-251E53CB202C}.RelWithDebInfo|Win32.Build.0 = Release|Win32
		{6D5C6D52-1A53-4E84-8BC5-251E53CB202C}.RelWithDebInfo|x64.ActiveCfg = Release|Win32
		{76A39BB2-9B84-4C65-98A5-654D86B86F2A}.Debug|Any CPU.ActiveCfg = Debug|Win32
		{76A39BB2-9B84-4C65-98A5-654D86B86F2A}.Debug|Mixed Platforms.ActiveCfg = Debug|Win32
		{76A39BB2-9B84-4C65-98A5-654D86B86F2A}.Debug|Mixed Platforms.Build.0 = Debug|Win32
		{76A39BB2-9B84-4C65-98A5-654D86B86F2A}.Debug|Win32.ActiveCfg = Debug|Win32
		{76A39BB2-9B84-4C65-98A5-654D86B86F2A}.Debug|Win32.Build.0 = Debug|Win32
		{76A39BB2-9B84-4C65-98A5-654D86B86F2A}.Debug|x64.ActiveCfg = Debug|Win32
		{76A39BB2-9B84-4C65-98A5-654D86B86F2A}.MinSizeRel|Any CPU.ActiveCfg = Release|Win32
		{76A39BB2-9B84-4C65-98A5-654D86B86F2A}.MinSizeRel|Mixed Platforms.ActiveCfg = Release|Win32
		{76A39BB2-9B84-4C65-98A5-654D86B86F2A}.MinSizeRel|Mixed Platforms.Build.0 = Release|Win32
		{76A39BB2-9B84-4C65-98A5-654D86B86F2A}.MinSizeRel|Win32.ActiveCfg = Release|Win32
		{76A39BB2-9B84-4C65-98A5-654D86B86F2A}.MinSizeRel|Win32.Build.0 = Release|Win32
		{76A39BB2-9B84-4C65-98A5-654D86B86F2A}.MinSizeRel|x64.ActiveCfg = Release|Win32
		{76A39BB2-9B84-4C65-98A5-654D86B86F2A}.Release|Any CPU.ActiveCfg = Release|Win32
		{76A39BB2-9B84-4C65-98A5-654D86B86F2A}.Release|Mixed Platforms.ActiveCfg = Release|Win32
		{76A39BB2-9B84-4C65-98A5-654D86B86F2A}.Release|Mixed Platforms.Build.0 = Release|Win32
		{76A39BB2-9B84-4C65-98A5-654D86B86F2A}.Release|Win32.ActiveCfg = Release|Win32
		{76A39BB2-9B84-4C65-98A5-654D86B86F2A}.Release|Win32.Build.0 = Release|Win32
		{76A39BB2-9B84-4C65-98A5-654D86B86F2A}.Release|x64.ActiveCfg = Release|Win32
		{76A39BB2-9B84-4C65-98A5-654D86B86F2A}.RelWithDebInfo|Any CPU.ActiveCfg = Release|Win32
		{76A39BB2-9B84-4C65-98A5-654D86B86F2A}.RelWithDebInfo|Mixed Platforms.ActiveCfg = Release|Win32
		{76A39BB2-9B84-4C65-98A5-654D86B86F2A}.RelWithDebInfo|Mixed Platforms.Build.0 = Release|Win32
		{76A39BB2-9B84-4C65-98A5-654D86B86F2A}.RelWithDebInfo|Win32.ActiveCfg = Release|Win32
		{76A39BB2-9B84-4C65-98A5-654D86B86F2A}.RelWithDebInfo|Win32.Build.0 = Release|Win32
		{76A39BB2-9B84-4C65-98A5-654D86B86F2A}.RelWithDebInfo|x64.ActiveCfg = Release|Win32
		{959B8304-7DB1-4DE5-9431-D55D6170E242}.Debug|Any CPU.ActiveCfg = Debug|Win32
		{959B8304-7DB1-4DE5-9431-D55D6170E242}.Debug|Mixed Platforms.ActiveCfg = Debug|Win32
		{959B8304-7DB1-4DE5-9431-D55D6170E242}.Debug|Mixed Platforms.Build.0 = Debug|Win32
		{959B8304-7DB1-4DE5-9431-D55D6170E242}.Debug|Win32.ActiveCfg = Debug|Win32
		{959B8304-7DB1-4DE5-9431-D55D6170E242}.Debug|x64.ActiveCfg = Debug|Win32
		{959B8304-7DB1-4DE5-9431-D55D6170E242}.MinSizeRel|Any CPU.ActiveCfg = Release|Win32
		{959B8304-7DB1-4DE5-9431-D55D6170E242}.MinSizeRel|Mixed Platforms.ActiveCfg = Release|Win32
		{959B8304-7DB1-4DE5-9431-D55D6170E242}.MinSizeRel|Mixed Platforms.Build.0 = Release|Win32
		{959B8304-7DB1-4DE5-9431-D55D6170E242}.MinSizeRel|Win32.ActiveCfg = Release|Win32
		{959B8304-7DB1-4DE5-9431-D55D6170E242}.MinSizeRel|Win32.Build.0 = Release|Win32
		{959B8304-7DB1-4DE5-9431-D55D6170E242}.MinSizeRel|x64.ActiveCfg = Release|Win32
		{959B8304-7DB1-4DE5-9431-D55D6170E242}.Release|Any CPU.ActiveCfg = Release|Win32
		{959B8304-7DB1-4DE5-9431-D55D6170E242}.Release|Mixed Platforms.ActiveCfg = Release|Win32
		{959B8304-7DB1-4DE5-9431-D55D6170E242}.Release|Mixed Platforms.Build.0 = Release|Win32
		{959B8304-7DB1-4DE5-9431-D55D6170E242}.Release|Win32.ActiveCfg = Release|Win32
		{959B8304-7DB1-4DE5-9431-D55D6170E242}.Release|Win32.Build.0 = Release|Win32
		{959B8304-7DB1-4DE5-9431-D55D6170E242}.Release|x64.ActiveCfg = Release|Win32
		{959B8304-7DB1-4DE5-9431-D55D6170E242}.RelWithDebInfo|Any CPU.ActiveCfg = Release|Win32
		{959B8304-7DB1-4DE5-9431-D55D6170E242}.RelWithDebInfo|Mixed Platforms.ActiveCfg = Release|Win32
		{959B8304-7DB1-4DE5-9431-D55D6170E242}.RelWithDebInfo|Mixed Platforms.Build.0 = Release|Win32
		{959B8304-7DB1-4DE5-9431-D55D6170E242}.RelWithDebInfo|Win32.ActiveCfg = Release|Win32
		{959B8304-7DB1-4DE5-9431-D55D6170E242}.RelWithDebInfo|Win32.Build.0 = Release|Win32
		{959B8304-7DB1-4DE5-9431-D55D6170E242}.RelWithDebInfo|x64.ActiveCfg = Release|Win32
		{8D863C1F-48F8-4ECF-8B65-6C4BF5724443}.Debug|Any CPU.ActiveCfg = Debug|Win32
		{8D863C1F-48F8-4ECF-8B65-6C4BF5724443}.Debug|Mixed Platforms.ActiveCfg = Debug|Win32
		{8D863C1F-48F8-4ECF-8B65-6C4BF5724443}.Debug|Mixed Platforms.Build.0 = Debug|Win32
		{8D863C1F-48F8-4ECF-8B65-6C4BF5724443}.Debug|Win32.ActiveCfg = Debug|Win32
		{8D863C1F-48F8-4ECF-8B65-6C4BF5724443}.Debug|x64.ActiveCfg = Debug|Win32
		{8D863C1F-48F8-4ECF-8B65-6C4BF5724443}.MinSizeRel|Any CPU.ActiveCfg = Release|Win32
		{8D863C1F-48F8-4ECF-8B65-6C4BF5724443}.MinSizeRel|Mixed Platforms.ActiveCfg = Release|Win32
		{8D863C1F-48F8-4ECF-8B65-6C4BF5724443}.MinSizeRel|Mixed Platforms.Build.0 = Release|Win32
		{8D863C1F-48F8-4ECF-8B65-6C4BF5724443}.MinSizeRel|Win32.ActiveCfg = Release|Win32
		{8D863C1F-48F8-4ECF-8B65-6C4BF5724443}.MinSizeRel|Win32.Build.0 = Release|Win32
		{8D863C1F-48F8-4ECF-8B65-6C4BF5724443}.MinSizeRel|x64.ActiveCfg = Release|Win32
		{8D863C1F-48F8-4ECF-8B65-6C4BF5724443}.Release|Any CPU.ActiveCfg = Release|Win32
		{8D863C1F-48F8-4ECF-8B65-6C4BF5724443}.Release|Mixed Platforms.ActiveCfg = Release|Win32
		{8D863C1F-48F8-4ECF-8B65-6C4BF5724443}.Release|Mixed Platforms.Build.0 = Release|Win32
		{8D863C1F-48F8-4ECF-8B65-6C4BF5724443}.Release|Win32.ActiveCfg = Release|Win32
		{8D863C1F-48F8-4ECF-8B65-6C4BF5724443}.Release|Win32.Build.0 = Release|Win32
		{8D863C1F-48F8-4ECF-8B65-6C4BF5724443}.Release|x64.ActiveCfg = Release|Win32
		{8D863C1F-48F8-4ECF-8B65-6C4BF5724443}.RelWithDebInfo|Any CPU.ActiveCfg = Release|Win32
		{8D863C1F-48F8-4ECF-8B65-6C4BF5724443}.RelWithDebInfo|Mixed Platforms.ActiveCfg = Release|Win32
		{8D863C1F-48F8-4ECF-8B65-6C4BF5724443}.RelWithDebInfo|Mixed Platforms.Build.0 = Release|Win32
		{8D863C1F-48F8-4ECF-8B65-6C4BF5724443}.RelWithDebInfo|Win32.ActiveCfg = Release|Win32
		{8D863C1F-48F8-4ECF-8B65-6C4BF5724443}.RelWithDebInfo|Win32.Build.0 = Release|Win32
		{8D863C1F-48F8-4ECF-8B65-6C4BF5724443}.RelWithDebInfo|x64.ActiveCfg = Release|Win32
		{96BB9792-41AA-48B7-9D00-9011364D3E4B}.Debug|Any CPU.ActiveCfg = Debug|Win32
		{96BB9792-41AA-48B7-9D00-9011364D3E4B}.Debug|Mixed Platforms.ActiveCfg = Debug|Win32
		{96BB9792-41AA-48B7-9D00-9011364D3E4B}.Debug|Mixed Platforms.Build.0 = Debug|Win32
		{96BB9792-41AA-48B7-9D00-9011364D3E4B}.Debug|Win32.ActiveCfg = Debug|Win32
		{96BB9792-41AA-48B7-9D00-9011364D3E4B}.Debug|x64.ActiveCfg = Debug|Win32
		{96BB9792-41AA-48B7-9D00-9011364D3E4B}.MinSizeRel|Any CPU.ActiveCfg = Release|Win32
		{96BB9792-41AA-48B7-9D00-9011364D3E4B}.MinSizeRel|Mixed Platforms.ActiveCfg = Release|Win32
		{96BB9792-41AA-48B7-9D00-9011364D3E4B}.MinSizeRel|Mixed Platforms.Build.0 = Release|Win32
		{96BB9792-41AA-48B7-9D00-9011364D3E4B}.MinSizeRel|Win32.ActiveCfg = Release|Win32
		{96BB9792-41AA-48B7-9D00-9011364D3E4B}.MinSizeRel|Win32.Build.0 = Release|Win32
		{96BB9792-41AA-48B7-9D00-9011364D3E4B}.MinSizeRel|x64.ActiveCfg = Release|Win32
		{96BB9792-41AA-48B7-9D00-9011364D3E4B}.Release|Any CPU.ActiveCfg = Release|Win32
		{96BB9792-41AA-48B7-9D00-9011364D3E4B}.Release|Mixed Platforms.ActiveCfg = Release|Win32
		{96BB9792-41AA-48B7-9D00-9011364D3E4B}.Release|Mixed Platforms.Build.0 = Release|Win32
		{96BB9792-41AA-48B7-9D00-9011364D3E4B}.Release|Win32.ActiveCfg = Release|Win32
		{96BB9792-41AA-48B7-9D00-9011364D3E4B}.Release|Win32.Build.0 = Release|Win32
		{96BB9792-41AA-48B7-9D00-9011364D3E4B}.Release|x64.ActiveCfg = Release|Win32
		{96BB9792-41AA-48B7-9D00-9011364D3E4B}.RelWithDebInfo|Any CPU.ActiveCfg = Release|Win32
		{96BB9792-41AA-48B7-9D00-9011364D3E4B}.RelWithDebInfo|Mixed Platforms.ActiveCfg = Release|Win32
		{96BB9792-41AA-48B7-9D00-9011364D3E4B}.RelWithDebInfo|Mixed Platforms.Build.0 = Release|Win32
		{96BB9792-41AA-48B7-9D00-9011364D3E4B}.RelWithDebInfo|Win32.ActiveCfg = Release|Win32
		{96BB9792-41AA-48B7-9D00-9011364D3E4B}.RelWithDebInfo|Win32.Build.0 = Release|Win32
		{96BB9792-41AA-48B7-9D00-9011364D3E4B}.RelWithDebInfo|x64.ActiveCfg = Release|Win32
		{DBED7D0A-46FF-4A9E-B761-9F261E021FB3}.Debug|Any CPU.ActiveCfg = Debug|Any CPU
		{DBED7D0A-46FF-4A9E-B761-9F261E021FB3}.Debug|Any CPU.Build.0 = Debug|Any CPU
		{DBED7D0A-46FF-4A9E-B761-9F261E021FB3}.Debug|Mixed Platforms.ActiveCfg = Debug|Any CPU
		{DBED7D0A-46FF-4A9E-B761-9F261E021FB3}.Debug|Mixed Platforms.Build.0 = Debug|Any CPU
		{DBED7D0A-46FF-4A9E-B761-9F261E021FB3}.Debug|Win32.ActiveCfg = Debug|Any CPU
		{DBED7D0A-46FF-4A9E-B761-9F261E021FB3}.Debug|x64.ActiveCfg = Debug|Any CPU
		{DBED7D0A-46FF-4A9E-B761-9F261E021FB3}.MinSizeRel|Any CPU.ActiveCfg = Release|Any CPU
		{DBED7D0A-46FF-4A9E-B761-9F261E021FB3}.MinSizeRel|Any CPU.Build.0 = Release|Any CPU
		{DBED7D0A-46FF-4A9E-B761-9F261E021FB3}.MinSizeRel|Mixed Platforms.ActiveCfg = Release|Any CPU
		{DBED7D0A-46FF-4A9E-B761-9F261E021FB3}.MinSizeRel|Mixed Platforms.Build.0 = Release|Any CPU
		{DBED7D0A-46FF-4A9E-B761-9F261E021FB3}.MinSizeRel|Win32.ActiveCfg = Release|Any CPU
		{DBED7D0A-46FF-4A9E-B761-9F261E021FB3}.MinSizeRel|x64.ActiveCfg = Release|Any CPU
		{DBED7D0A-46FF-4A9E-B761-9F261E021FB3}.Release|Any CPU.ActiveCfg = Release|Any CPU
		{DBED7D0A-46FF-4A9E-B761-9F261E021FB3}.Release|Any CPU.Build.0 = Release|Any CPU
		{DBED7D0A-46FF-4A9E-B761-9F261E021FB3}.Release|Mixed Platforms.ActiveCfg = Release|Any CPU
		{DBED7D0A-46FF-4A9E-B761-9F261E021FB3}.Release|Mixed Platforms.Build.0 = Release|Any CPU
		{DBED7D0A-46FF-4A9E-B761-9F261E021FB3}.Release|Win32.ActiveCfg = Release|Any CPU
		{DBED7D0A-46FF-4A9E-B761-9F261E021FB3}.Release|x64.ActiveCfg = Release|Any CPU
		{DBED7D0A-46FF-4A9E-B761-9F261E021FB3}.RelWithDebInfo|Any CPU.ActiveCfg = Release|Any CPU
		{DBED7D0A-46FF-4A9E-B761-9F261E021FB3}.RelWithDebInfo|Any CPU.Build.0 = Release|Any CPU
		{DBED7D0A-46FF-4A9E-B761-9F261E021FB3}.RelWithDebInfo|Mixed Platforms.ActiveCfg = Release|Any CPU
		{DBED7D0A-46FF-4A9E-B761-9F261E021FB3}.RelWithDebInfo|Mixed Platforms.Build.0 = Release|Any CPU
		{DBED7D0A-46FF-4A9E-B761-9F261E021FB3}.RelWithDebInfo|Win32.ActiveCfg = Release|Any CPU
		{DBED7D0A-46FF-4A9E-B761-9F261E021FB3}.RelWithDebInfo|x64.ActiveCfg = Release|Any CPU
		{8DB00D82-0072-407D-BB82-AF1D1CF38BAE}.Debug|Any CPU.ActiveCfg = Debug|Any CPU
		{8DB00D82-0072-407D-BB82-AF1D1CF38BAE}.Debug|Any CPU.Build.0 = Debug|Any CPU
		{8DB00D82-0072-407D-BB82-AF1D1CF38BAE}.Debug|Mixed Platforms.ActiveCfg = Debug|Any CPU
		{8DB00D82-0072-407D-BB82-AF1D1CF38BAE}.Debug|Mixed Platforms.Build.0 = Debug|Any CPU
		{8DB00D82-0072-407D-BB82-AF1D1CF38BAE}.Debug|Win32.ActiveCfg = Debug|Any CPU
		{8DB00D82-0072-407D-BB82-AF1D1CF38BAE}.Debug|x64.ActiveCfg = Debug|Any CPU
		{8DB00D82-0072-407D-BB82-AF1D1CF38BAE}.MinSizeRel|Any CPU.ActiveCfg = Release|Any CPU
		{8DB00D82-0072-407D-BB82-AF1D1CF38BAE}.MinSizeRel|Any CPU.Build.0 = Release|Any CPU
		{8DB00D82-0072-407D-BB82-AF1D1CF38BAE}.MinSizeRel|Mixed Platforms.ActiveCfg = Release|Any CPU
		{8DB00D82-0072-407D-BB82-AF1D1CF38BAE}.MinSizeRel|Mixed Platforms.Build.0 = Release|Any CPU
		{8DB00D82-0072-407D-BB82-AF1D1CF38BAE}.MinSizeRel|Win32.ActiveCfg = Release|Any CPU
		{8DB00D82-0072-407D-BB82-AF1D1CF38BAE}.MinSizeRel|x64.ActiveCfg = Release|Any CPU
		{8DB00D82-0072-407D-BB82-AF1D1CF38BAE}.Release|Any CPU.ActiveCfg = Release|Any CPU
		{8DB00D82-0072-407D-BB82-AF1D1CF38BAE}.Release|Any CPU.Build.0 = Release|Any CPU
		{8DB00D82-0072-407D-BB82-AF1D1CF38BAE}.Release|Mixed Platforms.ActiveCfg = Release|Any CPU
		{8DB00D82-0072-407D-BB82-AF1D1CF38BAE}.Release|Mixed Platforms.Build.0 = Release|Any CPU
		{8DB00D82-0072-407D-BB82-AF1D1CF38BAE}.Release|Win32.ActiveCfg = Release|Any CPU
		{8DB00D82-0072-407D-BB82-AF1D1CF38BAE}.Release|x64.ActiveCfg = Release|Any CPU
		{8DB00D82-0072-407D-BB82-AF1D1CF38BAE}.RelWithDebInfo|Any CPU.ActiveCfg = Release|Any CPU
		{8DB00D82-0072-407D-BB82-AF1D1CF38BAE}.RelWithDebInfo|Any CPU.Build.0 = Release|Any CPU
		{8DB00D82-0072-407D-BB82-AF1D1CF38BAE}.RelWithDebInfo|Mixed Platforms.ActiveCfg = Release|Any CPU
		{8DB00D82-0072-407D-BB82-AF1D1CF38BAE}.RelWithDebInfo|Mixed Platforms.Build.0 = Release|Any CPU
		{8DB00D82-0072-407D-BB82-AF1D1CF38BAE}.RelWithDebInfo|Win32.ActiveCfg = Release|Any CPU
		{8DB00D82-0072-407D-BB82-AF1D1CF38BAE}.RelWithDebInfo|x64.ActiveCfg = Release|Any CPU
		{5BD404F9-6659-4EE7-A1D3-9727CB0ABF54}.Debug|Any CPU.ActiveCfg = Debug|Any CPU
		{5BD404F9-6659-4EE7-A1D3-9727CB0ABF54}.Debug|Any CPU.Build.0 = Debug|Any CPU
		{5BD404F9-6659-4EE7-A1D3-9727CB0ABF54}.Debug|Mixed Platforms.ActiveCfg = Debug|Any CPU
		{5BD404F9-6659-4EE7-A1D3-9727CB0ABF54}.Debug|Mixed Platforms.Build.0 = Debug|Any CPU
		{5BD404F9-6659-4EE7-A1D3-9727CB0ABF54}.Debug|Win32.ActiveCfg = Debug|Any CPU
		{5BD404F9-6659-4EE7-A1D3-9727CB0ABF54}.Debug|x64.ActiveCfg = Debug|Any CPU
		{5BD404F9-6659-4EE7-A1D3-9727CB0ABF54}.MinSizeRel|Any CPU.ActiveCfg = Release|Any CPU
		{5BD404F9-6659-4EE7-A1D3-9727CB0ABF54}.MinSizeRel|Any CPU.Build.0 = Release|Any CPU
		{5BD404F9-6659-4EE7-A1D3-9727CB0ABF54}.MinSizeRel|Mixed Platforms.ActiveCfg = Release|Any CPU
		{5BD404F9-6659-4EE7-A1D3-9727CB0ABF54}.MinSizeRel|Mixed Platforms.Build.0 = Release|Any CPU
		{5BD404F9-6659-4EE7-A1D3-9727CB0ABF54}.MinSizeRel|Win32.ActiveCfg = Release|Any CPU
		{5BD404F9-6659-4EE7-A1D3-9727CB0ABF54}.MinSizeRel|x64.ActiveCfg = Release|Any CPU
		{5BD404F9-6659-4EE7-A1D3-9727CB0ABF54}.Release|Any CPU.ActiveCfg = Release|Any CPU
		{5BD404F9-6659-4EE7-A1D3-9727CB0ABF54}.Release|Any CPU.Build.0 = Release|Any CPU
		{5BD404F9-6659-4EE7-A1D3-9727CB0ABF54}.Release|Mixed Platforms.ActiveCfg = Release|Any CPU
		{5BD404F9-6659-4EE7-A1D3-9727CB0ABF54}.Release|Mixed Platforms.Build.0 = Release|Any CPU
		{5BD404F9-6659-4EE7-A1D3-9727CB0ABF54}.Release|Win32.ActiveCfg = Release|Any CPU
		{5BD404F9-6659-4EE7-A1D3-9727CB0ABF54}.Release|x64.ActiveCfg = Release|Any CPU
		{5BD404F9-6659-4EE7-A1D3-9727CB0ABF54}.RelWithDebInfo|Any CPU.ActiveCfg = Release|Any CPU
		{5BD404F9-6659-4EE7-A1D3-9727CB0ABF54}.RelWithDebInfo|Any CPU.Build.0 = Release|Any CPU
		{5BD404F9-6659-4EE7-A1D3-9727CB0ABF54}.RelWithDebInfo|Mixed Platforms.ActiveCfg = Release|Any CPU
		{5BD404F9-6659-4EE7-A1D3-9727CB0ABF54}.RelWithDebInfo|Mixed Platforms.Build.0 = Release|Any CPU
		{5BD404F9-6659-4EE7-A1D3-9727CB0ABF54}.RelWithDebInfo|Win32.ActiveCfg = Release|Any CPU
		{5BD404F9-6659-4EE7-A1D3-9727CB0ABF54}.RelWithDebInfo|x64.ActiveCfg = Release|Any CPU
	EndGlobalSection
	GlobalSection(SolutionProperties) = preSolution
		HideSolutionNode = FALSE
	EndGlobalSection
	GlobalSection(NestedProjects) = preSolution
		{418E30F8-CF94-4C30-A2C1-83C7020BED6F} = {7F73B8B6-B4A4-4AB0-9E22-15F5A23A5108}
		{6D5C6D52-1A53-4E84-8BC5-251E53CB202C} = {7F73B8B6-B4A4-4AB0-9E22-15F5A23A5108}
		{76A39BB2-9B84-4C65-98A5-654D86B86F2A} = {7F73B8B6-B4A4-4AB0-9E22-15F5A23A5108}
		{221AA52F-A32B-4499-9705-0541ECC13C3C} = {7F73B8B6-B4A4-4AB0-9E22-15F5A23A5108}
		{5BD404F9-6659-4EE7-A1D3-9727CB0ABF54} = {7F73B8B6-B4A4-4AB0-9E22-15F5A23A5108}
		{959B8304-7DB1-4DE5-9431-D55D6170E242} = {713942C9-25E5-4DC4-9987-B1EBBF7B6E1A}
		{8D863C1F-48F8-4ECF-8B65-6C4BF5724443} = {713942C9-25E5-4DC4-9987-B1EBBF7B6E1A}
		{96BB9792-41AA-48B7-9D00-9011364D3E4B} = {713942C9-25E5-4DC4-9987-B1EBBF7B6E1A}
		{8DB00D82-0072-407D-BB82-AF1D1CF38BAE} = {EA63238C-DDFF-440F-A84D-414F0489F2CD}
		{DBED7D0A-46FF-4A9E-B761-9F261E021FB3} = {EA63238C-DDFF-440F-A84D-414F0489F2CD}
	EndGlobalSection
EndGlobal
