<?xml version="1.0" encoding="utf-8"?>
<Project ToolsVersion="4.0" xmlns="http://schemas.microsoft.com/developer/msbuild/2003">
  <ItemGroup>
    <Filter Include="源文件">
      <UniqueIdentifier>{4FC737F1-C7A5-4376-A066-2A32D752A2FF}</UniqueIdentifier>
      <Extensions>cpp;c;cc;cxx;def;odl;idl;hpj;bat;asm;asmx</Extensions>
    </Filter>
    <Filter Include="头文件">
      <UniqueIdentifier>{93995380-89BD-4b04-88EB-625FBE52EBFB}</UniqueIdentifier>
      <Extensions>h;hpp;hxx;hm;inl;inc;xsd</Extensions>
    </Filter>
    <Filter Include="资源文件">
      <UniqueIdentifier>{67DA6AB6-F800-4c08-8B7A-83BB121AAD01}</UniqueIdentifier>
      <Extensions>rc;ico;cur;bmp;dlg;rc2;rct;bin;rgs;gif;jpg;jpeg;jpe;resx;tiff;tif;png;wav;mfcribbon-ms</Extensions>
    </Filter>
    <Filter Include="test_boost">
      <UniqueIdentifier>{4f63e625-d7b7-4e9a-aab2-14bde9776876}</UniqueIdentifier>
    </Filter>
    <Filter Include="test_boost\include">
      <UniqueIdentifier>{857ed2a3-4883-43ed-aabd-4e150b8d8469}</UniqueIdentifier>
    </Filter>
    <Filter Include="test_lua">
      <UniqueIdentifier>{915d896d-c297-477d-87f1-554e7e62ec24}</UniqueIdentifier>
    </Filter>
    <Filter Include="test_js">
      <UniqueIdentifier>{fb93e41e-b066-4e30-a99a-f755a2c9957b}</UniqueIdentifier>
    </Filter>
    <Filter Include="test_proto">
      <UniqueIdentifier>{b92c6216-10f2-47e1-a814-773d34608725}</UniqueIdentifier>
    </Filter>
  </ItemGroup>
  <ItemGroup>
    <None Include="ReadMe.txt" />
    <None Include="test_lua\lua_test_config.lua">
      <Filter>test_lua</Filter>
    </None>
    <None Include="test_js\test_cfg.json">
      <Filter>test_js</Filter>
    </None>
    <None Include="test_proto\test_person.proto">
      <Filter>test_proto</Filter>
    </None>
    <None Include="test_proto\test_generate.bat">
      <Filter>test_proto</Filter>
    </None>
  </ItemGroup>
  <ItemGroup>
    <ClInclude Include="stdafx.h">
      <Filter>头文件</Filter>
    </ClInclude>
    <ClInclude Include="targetver.h">
      <Filter>头文件</Filter>
    </ClInclude>
    <ClInclude Include="xTest.h">
      <Filter>头文件</Filter>
    </ClInclude>
    <ClInclude Include="test_boost\include\st_asio_wrapper.h">
      <Filter>test_boost\include</Filter>
    </ClInclude>
    <ClInclude Include="test_boost\include\st_asio_wrapper_base.h">
      <Filter>test_boost\include</Filter>
    </ClInclude>
    <ClInclude Include="test_boost\include\st_asio_wrapper_client.h">
      <Filter>test_boost\include</Filter>
    </ClInclude>
    <ClInclude Include="test_boost\include\st_asio_wrapper_connector.h">
      <Filter>test_boost\include</Filter>
    </ClInclude>
    <ClInclude Include="test_boost\include\st_asio_wrapper_object_pool.h">
      <Filter>test_boost\include</Filter>
    </ClInclude>
    <ClInclude Include="test_boost\include\st_asio_wrapper_packer.h">
      <Filter>test_boost\include</Filter>
    </ClInclude>
    <ClInclude Include="test_boost\include\st_asio_wrapper_server.h">
      <Filter>test_boost\include</Filter>
    </ClInclude>
    <ClInclude Include="test_boost\include\st_asio_wrapper_server_socket.h">
      <Filter>test_boost\include</Filter>
    </ClInclude>
    <ClInclude Include="test_boost\include\st_asio_wrapper_service_pump.h">
      <Filter>test_boost\include</Filter>
    </ClInclude>
    <ClInclude Include="test_boost\include\st_asio_wrapper_socket.h">
      <Filter>test_boost\include</Filter>
    </ClInclude>
    <ClInclude Include="test_boost\include\st_asio_wrapper_ssl.h">
      <Filter>test_boost\include</Filter>
    </ClInclude>
    <ClInclude Include="test_boost\include\st_asio_wrapper_tcp_client.h">
      <Filter>test_boost\include</Filter>
    </ClInclude>
    <ClInclude Include="test_boost\include\st_asio_wrapper_tcp_socket.h">
      <Filter>test_boost\include</Filter>
    </ClInclude>
    <ClInclude Include="test_boost\include\st_asio_wrapper_timer.h">
      <Filter>test_boost\include</Filter>
    </ClInclude>
    <ClInclude Include="test_boost\include\st_asio_wrapper_udp_client.h">
      <Filter>test_boost\include</Filter>
    </ClInclude>
    <ClInclude Include="test_boost\include\st_asio_wrapper_udp_socket.h">
      <Filter>test_boost\include</Filter>
    </ClInclude>
    <ClInclude Include="test_boost\include\st_asio_wrapper_unpacker.h">
      <Filter>test_boost\include</Filter>
    </ClInclude>
    <ClInclude Include="test_proto\test_person.pb.h">
      <Filter>test_proto</Filter>
    </ClInclude>
  </ItemGroup>
  <ItemGroup>
    <ClCompile Include="stdafx.cpp">
      <Filter>源文件</Filter>
    </ClCompile>
    <ClCompile Include="xTest.cpp">
      <Filter>源文件</Filter>
    </ClCompile>
    <ClCompile Include="test2_container.cpp">
      <Filter>源文件</Filter>
    </ClCompile>
    <ClCompile Include="test3_thread.cpp">
      <Filter>源文件</Filter>
    </ClCompile>
    <ClCompile Include="test1_util.cpp">
      <Filter>源文件</Filter>
    </ClCompile>
    <ClCompile Include="test4_net.cpp">
      <Filter>源文件</Filter>
    </ClCompile>
    <ClCompile Include="test5_boost.cpp">
      <Filter>源文件</Filter>
    </ClCompile>
    <ClCompile Include="test6_kbe.cpp">
      <Filter>源文件</Filter>
    </ClCompile>
    <ClCompile Include="test_boost\test_src\asio_server.cpp">
      <Filter>test_boost</Filter>
    </ClCompile>
    <ClCompile Include="test_lua\lua_test_main.c">
      <Filter>test_lua</Filter>
    </ClCompile>
    <ClCompile Include="test_lua\lua_test_mainc.c">
      <Filter>test_lua</Filter>
    </ClCompile>
    <ClCompile Include="test_proto\test_person.pb.cc">
      <Filter>test_proto</Filter>
    </ClCompile>
    <ClCompile Include="test1001_db.cpp">
      <Filter>源文件</Filter>
    </ClCompile>
    <ClCompile Include="test1002_math.cpp">
      <Filter>源文件</Filter>
    </ClCompile>
    <ClCompile Include="test1003_design.cpp">
      <Filter>源文件</Filter>
    </ClCompile>
    <ClCompile Include="test1005_async.cpp">
      <Filter>源文件</Filter>
    </ClCompile>
    <ClCompile Include="test1006_lua.cpp">
      <Filter>源文件</Filter>
    </ClCompile>
    <ClCompile Include="test1007_js.cpp">
      <Filter>源文件</Filter>
    </ClCompile>
    <ClCompile Include="test1008_proto.cpp">
      <Filter>源文件</Filter>
    </ClCompile>
    <ClCompile Include="test1011_graph_d3d.cpp">
      <Filter>源文件</Filter>
    </ClCompile>
    <ClCompile Include="test1010_graph_gl.cpp">
      <Filter>源文件</Filter>
    </ClCompile>
    <ClCompile Include="test1013_cv.cpp">
      <Filter>源文件</Filter>
    </ClCompile>
  </ItemGroup>
</Project>