<?xml version="1.0" encoding="utf-8"?>
<Project ToolsVersion="4.0" xmlns="http://schemas.microsoft.com/developer/msbuild/2003">
  <ItemGroup>
    <Filter Include="源文件">
      <UniqueIdentifier>{4FC737F1-C7A5-4376-A066-2A32D752A2FF}</UniqueIdentifier>
      <Extensions>cpp;c;cc;cxx;def;odl;idl;hpj;bat;asm;asmx</Extensions>
    </Filter>
    <Filter Include="头文件">
      <UniqueIdentifier>{93995380-89BD-4b04-88EB-625FBE52EBFB}</UniqueIdentifier>
      <Extensions>h;hpp;hxx;hm;inl;inc;xsd</Extensions>
    </Filter>
    <Filter Include="资源文件">
      <UniqueIdentifier>{67DA6AB6-F800-4c08-8B7A-83BB121AAD01}</UniqueIdentifier>
      <Extensions>rc;ico;cur;bmp;dlg;rc2;rct;bin;rgs;gif;jpg;jpeg;jpe;resx;tiff;tif;png;wav;mfcribbon-ms</Extensions>
    </Filter>
    <Filter Include="test_boost">
      <UniqueIdentifier>{4f63e625-d7b7-4e9a-aab2-14bde9776876}</UniqueIdentifier>
    </Filter>
    <Filter Include="test_lua">
      <UniqueIdentifier>{915d896d-c297-477d-87f1-554e7e62ec24}</UniqueIdentifier>
    </Filter>
    <Filter Include="test_js">
      <UniqueIdentifier>{fb93e41e-b066-4e30-a99a-f755a2c9957b}</UniqueIdentifier>
    </Filter>
    <Filter Include="test_proto">
      <UniqueIdentifier>{b92c6216-10f2-47e1-a814-773d34608725}</UniqueIdentifier>
    </Filter>
    <Filter Include="test_boost\st_asio">
      <UniqueIdentifier>{5010fe59-1757-41df-b1ca-91955836970d}</UniqueIdentifier>
    </Filter>
    <Filter Include="test_boost\st_asio\include">
      <UniqueIdentifier>{857ed2a3-4883-43ed-aabd-4e150b8d8469}</UniqueIdentifier>
    </Filter>
    <Filter Include="test_boost\sl_asio">
      <UniqueIdentifier>{67539604-91ba-435c-a953-55ffc3fc546c}</UniqueIdentifier>
    </Filter>
    <Filter Include="xTestEx">
      <UniqueIdentifier>{243f6223-e8a6-4137-b877-a622c7534788}</UniqueIdentifier>
    </Filter>
    <Filter Include="xTestEx\precompile">
      <UniqueIdentifier>{325a972a-c04a-48c1-8faf-3ed0cba06e25}</UniqueIdentifier>
    </Filter>
    <Filter Include="xTestEx\modules">
      <UniqueIdentifier>{6c4cda69-17af-4991-9735-09d60b79fb63}</UniqueIdentifier>
    </Filter>
    <Filter Include="xTestEx\modules\mod_001_lib">
      <UniqueIdentifier>{fb9aa554-29d4-4a92-b87d-5e85128acd98}</UniqueIdentifier>
    </Filter>
    <Filter Include="xTestEx\modules\mod_002_dll">
      <UniqueIdentifier>{4c8d668e-b179-48de-9875-e132e00747c1}</UniqueIdentifier>
    </Filter>
    <Filter Include="xTestEx\cmake">
      <UniqueIdentifier>{eadd64c7-ceec-442f-a6ee-bc4210d3b69c}</UniqueIdentifier>
    </Filter>
    <Filter Include="xTestEx\modules\include">
      <UniqueIdentifier>{e9115c98-c302-4c36-8ddc-a22d3dfb4279}</UniqueIdentifier>
    </Filter>
    <Filter Include="xTestEx\modules\mod_001_lib\code">
      <UniqueIdentifier>{d59db34f-8883-427e-8ff8-23703676327a}</UniqueIdentifier>
    </Filter>
    <Filter Include="xTestEx\modules\mod_002_dll\code">
      <UniqueIdentifier>{f4cae849-2116-47f0-a6a4-7b64342c40b3}</UniqueIdentifier>
    </Filter>
    <Filter Include="test_battle">
      <UniqueIdentifier>{80eca2c1-99bb-41c9-b182-11ad9e3a7c7f}</UniqueIdentifier>
    </Filter>
    <Filter Include="test_battle\script">
      <UniqueIdentifier>{05bdb44a-5daa-4922-898f-0912bc8686db}</UniqueIdentifier>
    </Filter>
    <Filter Include="test_battle\tmp">
      <UniqueIdentifier>{c8ec83fc-b686-4ede-8c31-230e34170bb7}</UniqueIdentifier>
    </Filter>
    <Filter Include="test_battle\tool">
      <UniqueIdentifier>{553804ae-3888-4648-81d4-1871b4cf26f5}</UniqueIdentifier>
    </Filter>
    <Filter Include="test_battle\role">
      <UniqueIdentifier>{ee6801b9-2977-4ef4-90d9-c84d8f36f490}</UniqueIdentifier>
    </Filter>
    <Filter Include="test_bt">
      <UniqueIdentifier>{e8ede441-7994-4ee7-b544-4aecef0e77cb}</UniqueIdentifier>
    </Filter>
  </ItemGroup>
  <ItemGroup>
    <None Include="ReadMe.txt" />
    <None Include="test_lua\lua_test_config.lua">
      <Filter>test_lua</Filter>
    </None>
    <None Include="test_js\test_cfg.json">
      <Filter>test_js</Filter>
    </None>
    <None Include="test_proto\test_person.proto">
      <Filter>test_proto</Filter>
    </None>
    <None Include="test_proto\test_generate.bat">
      <Filter>test_proto</Filter>
    </None>
    <None Include="test_res\hello.txt" />
    <None Include="test_res\res.txt" />
    <None Include="test_res\res.exe" />
    <None Include="..\xTestEx\CMakeLists.txt">
      <Filter>xTestEx</Filter>
    </None>
    <None Include="..\xTestEx\modules\CMakeLists.txt">
      <Filter>xTestEx\modules</Filter>
    </None>
    <None Include="..\xTestEx\cmake\common.cmake">
      <Filter>xTestEx\cmake</Filter>
    </None>
    <None Include="..\xTestEx\cmake\cotire.cmake">
      <Filter>xTestEx\cmake</Filter>
    </None>
    <None Include="..\xTestEx\modules\mod_001\CMakeLists.txt">
      <Filter>xTestEx\modules\mod_001_lib</Filter>
    </None>
    <None Include="..\xTestEx\modules\mod_002\CMakeLists.txt">
      <Filter>xTestEx\modules\mod_002_dll</Filter>
    </None>
  </ItemGroup>
  <ItemGroup>
    <ClInclude Include="stdafx.h">
      <Filter>头文件</Filter>
    </ClInclude>
    <ClInclude Include="targetver.h">
      <Filter>头文件</Filter>
    </ClInclude>
    <ClInclude Include="xTest.h">
      <Filter>头文件</Filter>
    </ClInclude>
    <ClInclude Include="test_proto\test_person.pb.h">
      <Filter>test_proto</Filter>
    </ClInclude>
    <ClInclude Include="test_boost\st_asio\include\st_asio_wrapper.h">
      <Filter>test_boost\st_asio\include</Filter>
    </ClInclude>
    <ClInclude Include="test_boost\st_asio\include\st_asio_wrapper_base.h">
      <Filter>test_boost\st_asio\include</Filter>
    </ClInclude>
    <ClInclude Include="test_boost\st_asio\include\st_asio_wrapper_client.h">
      <Filter>test_boost\st_asio\include</Filter>
    </ClInclude>
    <ClInclude Include="test_boost\st_asio\include\st_asio_wrapper_connector.h">
      <Filter>test_boost\st_asio\include</Filter>
    </ClInclude>
    <ClInclude Include="test_boost\st_asio\include\st_asio_wrapper_object_pool.h">
      <Filter>test_boost\st_asio\include</Filter>
    </ClInclude>
    <ClInclude Include="test_boost\st_asio\include\st_asio_wrapper_packer.h">
      <Filter>test_boost\st_asio\include</Filter>
    </ClInclude>
    <ClInclude Include="test_boost\st_asio\include\st_asio_wrapper_server.h">
      <Filter>test_boost\st_asio\include</Filter>
    </ClInclude>
    <ClInclude Include="test_boost\st_asio\include\st_asio_wrapper_server_socket.h">
      <Filter>test_boost\st_asio\include</Filter>
    </ClInclude>
    <ClInclude Include="test_boost\st_asio\include\st_asio_wrapper_service_pump.h">
      <Filter>test_boost\st_asio\include</Filter>
    </ClInclude>
    <ClInclude Include="test_boost\st_asio\include\st_asio_wrapper_socket.h">
      <Filter>test_boost\st_asio\include</Filter>
    </ClInclude>
    <ClInclude Include="test_boost\st_asio\include\st_asio_wrapper_ssl.h">
      <Filter>test_boost\st_asio\include</Filter>
    </ClInclude>
    <ClInclude Include="test_boost\st_asio\include\st_asio_wrapper_tcp_client.h">
      <Filter>test_boost\st_asio\include</Filter>
    </ClInclude>
    <ClInclude Include="test_boost\st_asio\include\st_asio_wrapper_tcp_socket.h">
      <Filter>test_boost\st_asio\include</Filter>
    </ClInclude>
    <ClInclude Include="test_boost\st_asio\include\st_asio_wrapper_timer.h">
      <Filter>test_boost\st_asio\include</Filter>
    </ClInclude>
    <ClInclude Include="test_boost\st_asio\include\st_asio_wrapper_udp_client.h">
      <Filter>test_boost\st_asio\include</Filter>
    </ClInclude>
    <ClInclude Include="test_boost\st_asio\include\st_asio_wrapper_udp_socket.h">
      <Filter>test_boost\st_asio\include</Filter>
    </ClInclude>
    <ClInclude Include="test_boost\st_asio\include\st_asio_wrapper_unpacker.h">
      <Filter>test_boost\st_asio\include</Filter>
    </ClInclude>
    <ClInclude Include="test_boost\sl_asio\sl_Session.h">
      <Filter>test_boost\sl_asio</Filter>
    </ClInclude>
    <ClInclude Include="test_boost\sl_asio\sl_Interface.h">
      <Filter>test_boost\sl_asio</Filter>
    </ClInclude>
    <ClInclude Include="test_boost\sl_asio\sl_Message.h">
      <Filter>test_boost\sl_asio</Filter>
    </ClInclude>
    <ClInclude Include="test_boost\sl_asio\sl_TcpNet.h">
      <Filter>test_boost\sl_asio</Filter>
    </ClInclude>
    <ClInclude Include="resource.h">
      <Filter>头文件</Filter>
    </ClInclude>
    <ClInclude Include="..\xTestEx\precompile\xPrecompile.h">
      <Filter>xTestEx\precompile</Filter>
    </ClInclude>
    <ClInclude Include="..\xTestEx\modules\include\test_define.h">
      <Filter>xTestEx\modules\include</Filter>
    </ClInclude>
    <ClInclude Include="..\xTestEx\modules\mod_002\code\test_mod.h">
      <Filter>xTestEx\modules\mod_002_dll\code</Filter>
    </ClInclude>
    <ClInclude Include="..\xTestEx\modules\mod_001\code\test_mod.h">
      <Filter>xTestEx\modules\mod_001_lib\code</Filter>
    </ClInclude>
    <ClInclude Include="test_battle\test_battle_Unit.h">
      <Filter>test_battle</Filter>
    </ClInclude>
    <ClInclude Include="test_battle\test_battle_Manager.h">
      <Filter>test_battle</Filter>
    </ClInclude>
    <ClInclude Include="test_battle\test_battle_.h">
      <Filter>test_battle\tmp</Filter>
    </ClInclude>
    <ClInclude Include="test_battle\script\test_battle_Script_task.h">
      <Filter>test_battle\script</Filter>
    </ClInclude>
    <ClInclude Include="test_battle\test_battle_Tool.h">
      <Filter>test_battle\tool</Filter>
    </ClInclude>
    <ClInclude Include="test_battle\test_battle_RoleAi.h">
      <Filter>test_battle\role</Filter>
    </ClInclude>
    <ClInclude Include="test_battle\test_battle_RoleVoid.h">
      <Filter>test_battle\role</Filter>
    </ClInclude>
    <ClInclude Include="test_battle\script\test_battle_script_tool.h">
      <Filter>test_battle\script</Filter>
    </ClInclude>
    <ClInclude Include="test_battle\test_battle_RoleBase.h">
      <Filter>test_battle\role</Filter>
    </ClInclude>
    <ClInclude Include="test_battle\test_battle_RoleAdvance.h">
      <Filter>test_battle\role</Filter>
    </ClInclude>
    <ClInclude Include="xTestService.hpp">
      <Filter>头文件</Filter>
    </ClInclude>
    <ClInclude Include="test_bt\BehaviorShared.h">
      <Filter>test_bt</Filter>
    </ClInclude>
    <ClInclude Include="test_bt\BehaviorTest.h">
      <Filter>test_bt</Filter>
    </ClInclude>
    <ClInclude Include="test_bt\test_BehaviorTree.hpp">
      <Filter>test_bt</Filter>
    </ClInclude>
  </ItemGroup>
  <ItemGroup>
    <ClCompile Include="stdafx.cpp">
      <Filter>源文件</Filter>
    </ClCompile>
    <ClCompile Include="xTest.cpp">
      <Filter>源文件</Filter>
    </ClCompile>
    <ClCompile Include="test2_container.cpp">
      <Filter>源文件</Filter>
    </ClCompile>
    <ClCompile Include="test3_thread.cpp">
      <Filter>源文件</Filter>
    </ClCompile>
    <ClCompile Include="test1_util.cpp">
      <Filter>源文件</Filter>
    </ClCompile>
    <ClCompile Include="test4_net.cpp">
      <Filter>源文件</Filter>
    </ClCompile>
    <ClCompile Include="test5_boost.cpp">
      <Filter>源文件</Filter>
    </ClCompile>
    <ClCompile Include="test6_kbe.cpp">
      <Filter>源文件</Filter>
    </ClCompile>
    <ClCompile Include="test_lua\lua_test_main.c">
      <Filter>test_lua</Filter>
    </ClCompile>
    <ClCompile Include="test_lua\lua_test_mainc.c">
      <Filter>test_lua</Filter>
    </ClCompile>
    <ClCompile Include="test_proto\test_person.pb.cc">
      <Filter>test_proto</Filter>
    </ClCompile>
    <ClCompile Include="test1001_db.cpp">
      <Filter>源文件</Filter>
    </ClCompile>
    <ClCompile Include="test1002_math.cpp">
      <Filter>源文件</Filter>
    </ClCompile>
    <ClCompile Include="test1003_design.cpp">
      <Filter>源文件</Filter>
    </ClCompile>
    <ClCompile Include="test1005_async.cpp">
      <Filter>源文件</Filter>
    </ClCompile>
    <ClCompile Include="test1006_lua.cpp">
      <Filter>源文件</Filter>
    </ClCompile>
    <ClCompile Include="test1007_js.cpp">
      <Filter>源文件</Filter>
    </ClCompile>
    <ClCompile Include="test1008_proto.cpp">
      <Filter>源文件</Filter>
    </ClCompile>
    <ClCompile Include="test1011_graph_d3d.cpp">
      <Filter>源文件</Filter>
    </ClCompile>
    <ClCompile Include="test1010_graph_gl.cpp">
      <Filter>源文件</Filter>
    </ClCompile>
    <ClCompile Include="test1013_cv.cpp">
      <Filter>源文件</Filter>
    </ClCompile>
    <ClCompile Include="test1015_battle.cpp">
      <Filter>源文件</Filter>
    </ClCompile>
    <ClCompile Include="test_boost\st_asio\test_src\asio_server.cpp">
      <Filter>test_boost\st_asio</Filter>
    </ClCompile>
    <ClCompile Include="test_boost\sl_asio\sl_Session.cpp">
      <Filter>test_boost\sl_asio</Filter>
    </ClCompile>
    <ClCompile Include="test_boost\sl_asio\sl_Interface.cpp">
      <Filter>test_boost\sl_asio</Filter>
    </ClCompile>
    <ClCompile Include="test_boost\sl_asio\sl_TcpNet.cpp">
      <Filter>test_boost\sl_asio</Filter>
    </ClCompile>
    <ClCompile Include="test1016_hacker.cpp">
      <Filter>源文件</Filter>
    </ClCompile>
    <ClCompile Include="test1000_util.cpp">
      <Filter>源文件</Filter>
    </ClCompile>
    <ClCompile Include="test1900_tool.cpp">
      <Filter>源文件</Filter>
    </ClCompile>
    <ClCompile Include="..\xTestEx\xTestEx.cpp">
      <Filter>xTestEx</Filter>
    </ClCompile>
    <ClCompile Include="..\xTestEx\precompile\xPrecompile.cpp">
      <Filter>xTestEx\precompile</Filter>
    </ClCompile>
    <ClCompile Include="..\xTestEx\modules\mod_002\code\test_mod.cpp">
      <Filter>xTestEx\modules\mod_002_dll\code</Filter>
    </ClCompile>
    <ClCompile Include="..\xTestEx\modules\mod_001\code\test_mod.cpp">
      <Filter>xTestEx\modules\mod_001_lib\code</Filter>
    </ClCompile>
    <ClCompile Include="test_battle\test_battle_Unit.cpp">
      <Filter>test_battle</Filter>
    </ClCompile>
    <ClCompile Include="test_battle\test_battle_Manager.cpp">
      <Filter>test_battle</Filter>
    </ClCompile>
    <ClCompile Include="test_battle\test_battle_.cpp">
      <Filter>test_battle\tmp</Filter>
    </ClCompile>
    <ClCompile Include="test_battle\script\test_battle_script_task.cpp">
      <Filter>test_battle\script</Filter>
    </ClCompile>
    <ClCompile Include="test_battle\test_battle_Tool.cpp">
      <Filter>test_battle\tool</Filter>
    </ClCompile>
    <ClCompile Include="test_battle\test_battle_RoleAi.cpp">
      <Filter>test_battle\role</Filter>
    </ClCompile>
    <ClCompile Include="test_battle\test_battle_RoleVoid.cpp">
      <Filter>test_battle\role</Filter>
    </ClCompile>
    <ClCompile Include="test_battle\script\test_battle_script_tool.cpp">
      <Filter>test_battle\script</Filter>
    </ClCompile>
    <ClCompile Include="test_battle\test_battle_RoleBase.cpp">
      <Filter>test_battle\role</Filter>
    </ClCompile>
    <ClCompile Include="test_battle\test_battle_RoleAdvance.cpp">
      <Filter>test_battle\role</Filter>
    </ClCompile>
    <ClCompile Include="test1017_yh.cpp">
      <Filter>源文件</Filter>
    </ClCompile>
    <ClCompile Include="xTestService.cpp">
      <Filter>源文件</Filter>
    </ClCompile>
    <ClCompile Include="test_bt\BehaviorTree.cpp">
      <Filter>test_bt</Filter>
    </ClCompile>
    <ClCompile Include="test_bt\BehaviorTest.cpp">
      <Filter>test_bt</Filter>
    </ClCompile>
    <ClCompile Include="test_bt\BehaviorTreeEvent.cpp">
      <Filter>test_bt</Filter>
    </ClCompile>
    <ClCompile Include="test_bt\BehaviorTreeOptimized.cpp">
      <Filter>test_bt</Filter>
    </ClCompile>
    <ClCompile Include="test_bt\BehaviorTreeShared.cpp">
      <Filter>test_bt</Filter>
    </ClCompile>
    <ClCompile Include="test1018_behavior.cpp">
      <Filter>源文件</Filter>
    </ClCompile>
  </ItemGroup>
  <ItemGroup>
    <ResourceCompile Include="xTest.rc">
      <Filter>资源文件</Filter>
    </ResourceCompile>
  </ItemGroup>
</Project>